
Microsoft Visual Studio Solution File, Format Version 12.00
# Visual Studio 14
VisualStudioVersion = 14.0.25123.0
MinimumVisualStudioVersion = 10.0.40219.1
Project("{FAE04EC0-301F-11D3-BF4B-00C04F79EFBC}") = "QA.EF.CodeFirstV6", "QA.EF.CodeFirstV6\QA.EF.CodeFirstV6.csproj", "{5C82E8A3-FA13-49ED-A76E-2449BF17643F}"
EndProject
Project("{FAE04EC0-301F-11D3-BF4B-00C04F79EFBC}") = "EFCodeFirstV6Tests", "EFCodeFirstV6Tests\EFCodeFirstV6Tests.csproj", "{BECBEC8F-A505-4F05-830D-9CF5ED9AAFCB}"
EndProject
Project("{FAE04EC0-301F-11D3-BF4B-00C04F79EFBC}") = "QA.EF.CodeFirstV6.Codegen", "QA.EF.CodeFirstV6.Codegen\QA.EF.CodeFirstV6.Codegen.csproj", "{D4419BB1-3276-45E9-A17F-36E14CFCD906}"
EndProject
Project("{2150E333-8FDC-42A3-9474-1A3956D46DE8}") = "EF.CodeFirst", "EF.CodeFirst", "{5BA91560-354A-4B92-BAC0-6691C28056C3}"
EndProject
Global
	GlobalSection(SolutionConfigurationPlatforms) = preSolution
		Debug|Any CPU = Debug|Any CPU
		Debug|Mixed Platforms = Debug|Mixed Platforms
		Debug|x86 = Debug|x86
		Release|Any CPU = Release|Any CPU
		Release|Mixed Platforms = Release|Mixed Platforms
		Release|x86 = Release|x86
	EndGlobalSection
	GlobalSection(ProjectConfigurationPlatforms) = postSolution
		{5C82E8A3-FA13-49ED-A76E-2449BF17643F}.Debug|Any CPU.ActiveCfg = Debug|Any CPU
		{5C82E8A3-FA13-49ED-A76E-2449BF17643F}.Debug|Any CPU.Build.0 = Debug|Any CPU
		{5C82E8A3-FA13-49ED-A76E-2449BF17643F}.Debug|Mixed Platforms.ActiveCfg = Debug|Any CPU
		{5C82E8A3-FA13-49ED-A76E-2449BF17643F}.Debug|Mixed Platforms.Build.0 = Debug|Any CPU
		{5C82E8A3-FA13-49ED-A76E-2449BF17643F}.Debug|x86.ActiveCfg = Debug|Any CPU
		{5C82E8A3-FA13-49ED-A76E-2449BF17643F}.Release|Any CPU.ActiveCfg = Release|Any CPU
		{5C82E8A3-FA13-49ED-A76E-2449BF17643F}.Release|Any CPU.Build.0 = Release|Any CPU
		{5C82E8A3-FA13-49ED-A76E-2449BF17643F}.Release|Mixed Platforms.ActiveCfg = Release|Any CPU
		{5C82E8A3-FA13-49ED-A76E-2449BF17643F}.Release|Mixed Platforms.Build.0 = Release|Any CPU
		{5C82E8A3-FA13-49ED-A76E-2449BF17643F}.Release|x86.ActiveCfg = Release|Any CPU
		{BECBEC8F-A505-4F05-830D-9CF5ED9AAFCB}.Debug|Any CPU.ActiveCfg = Debug|Any CPU
		{BECBEC8F-A505-4F05-830D-9CF5ED9AAFCB}.Debug|Any CPU.Build.0 = Debug|Any CPU
		{BECBEC8F-A505-4F05-830D-9CF5ED9AAFCB}.Debug|Mixed Platforms.ActiveCfg = Debug|Any CPU
		{BECBEC8F-A505-4F05-830D-9CF5ED9AAFCB}.Debug|Mixed Platforms.Build.0 = Debug|Any CPU
		{BECBEC8F-A505-4F05-830D-9CF5ED9AAFCB}.Debug|x86.ActiveCfg = Debug|Any CPU
		{BECBEC8F-A505-4F05-830D-9CF5ED9AAFCB}.Release|Any CPU.ActiveCfg = Release|Any CPU
		{BECBEC8F-A505-4F05-830D-9CF5ED9AAFCB}.Release|Any CPU.Build.0 = Release|Any CPU
		{BECBEC8F-A505-4F05-830D-9CF5ED9AAFCB}.Release|Mixed Platforms.ActiveCfg = Release|Any CPU
		{BECBEC8F-A505-4F05-830D-9CF5ED9AAFCB}.Release|Mixed Platforms.Build.0 = Release|Any CPU
		{BECBEC8F-A505-4F05-830D-9CF5ED9AAFCB}.Release|x86.ActiveCfg = Release|Any CPU
		{D4419BB1-3276-45E9-A17F-36E14CFCD906}.Debug|Any CPU.ActiveCfg = Debug|Any CPU
		{D4419BB1-3276-45E9-A17F-36E14CFCD906}.Debug|Any CPU.Build.0 = Debug|Any CPU
		{D4419BB1-3276-45E9-A17F-36E14CFCD906}.Debug|Mixed Platforms.ActiveCfg = Debug|Any CPU
		{D4419BB1-3276-45E9-A17F-36E14CFCD906}.Debug|Mixed Platforms.Build.0 = Debug|Any CPU
		{D4419BB1-3276-45E9-A17F-36E14CFCD906}.Debug|x86.ActiveCfg = Debug|Any CPU
		{D4419BB1-3276-45E9-A17F-36E14CFCD906}.Release|Any CPU.ActiveCfg = Release|Any CPU
		{D4419BB1-3276-45E9-A17F-36E14CFCD906}.Release|Any CPU.Build.0 = Release|Any CPU
		{D4419BB1-3276-45E9-A17F-36E14CFCD906}.Release|Mixed Platforms.ActiveCfg = Release|Any CPU
		{D4419BB1-3276-45E9-A17F-36E14CFCD906}.Release|Mixed Platforms.Build.0 = Release|Any CPU
		{D4419BB1-3276-45E9-A17F-36E14CFCD906}.Release|x86.ActiveCfg = Release|Any CPU
	EndGlobalSection
	GlobalSection(SolutionProperties) = preSolution
		HideSolutionNode = FALSE
	EndGlobalSection
	GlobalSection(NestedProjects) = preSolution
		{5C82E8A3-FA13-49ED-A76E-2449BF17643F} = {5BA91560-354A-4B92-BAC0-6691C28056C3}
		{D4419BB1-3276-45E9-A17F-36E14CFCD906} = {5BA91560-354A-4B92-BAC0-6691C28056C3}
	EndGlobalSection
EndGlobal
