Microsoft Visual Studio Solution File, Format Version 12.00
# Visual Studio 14
VisualStudioVersion = 14.0.24720.0
MinimumVisualStudioVersion = 10.0.40219.1
Project("{2150E333-8FDC-42A3-9474-1A3956D46DE8}") = "Solution Items", "Solution Items", "{72576EEC-260F-4C03-956A-C34F82A9EBF6}"
	ProjectSection(SolutionItems) = preProject
		package\pack\7za.exe = package\pack\7za.exe
		package\pack\blddpl.cmd = package\pack\blddpl.cmd
		package\unpack\cpy.mscdev01.dev.cmd = package\unpack\cpy.mscdev01.dev.cmd
		package\unpack\cpy.spbdev01.dev.cmd = package\unpack\cpy.spbdev01.dev.cmd
		package\unpack\cpyrosnano.cmd = package\unpack\cpyrosnano.cmd
		package\pack\ctt.exe = package\pack\ctt.exe
		package\pack\ctt.exe.config = package\pack\ctt.exe.config
		package\unpack\deploy.cmd = package\unpack\deploy.cmd
		Local.testsettings = Local.testsettings
		package\pack\mkpkg.cmd = package\pack\mkpkg.cmd
		package\unpack\ncftpput.exe = package\unpack\ncftpput.exe
		QP8.vsmdi = QP8.vsmdi
		package\pack\TfsExport.exe = package\pack\TfsExport.exe
		package\unpack\updatedb.cmd = package\unpack\updatedb.cmd
	EndProjectSection
EndProject
Project("{2150E333-8FDC-42A3-9474-1A3956D46DE8}") = "binaries", "binaries", "{139761C3-ED79-4639-A0AF-EFFD8CB47520}"
	ProjectSection(SolutionItems) = preProject
		binaries\AutoMapper.dll = binaries\AutoMapper.dll
		binaries\Castle.Core.dll = binaries\Castle.Core.dll
		binaries\Castle.Core.xml = binaries\Castle.Core.xml
		binaries\Castle.DynamicProxy2.dll = binaries\Castle.DynamicProxy2.dll
		binaries\Castle.DynamicProxy2.xml = binaries\Castle.DynamicProxy2.xml
		binaries\EFExtensions.dll = binaries\EFExtensions.dll
		binaries\EFExtensions.pdb = binaries\EFExtensions.pdb
		binaries\EFExtensions.xml = binaries\EFExtensions.xml
		binaries\EmitMapper.dll = binaries\EmitMapper.dll
		binaries\EmitMapper.pdb = binaries\EmitMapper.pdb
		binaries\Irony.dll = binaries\Irony.dll
		binaries\Irony.pdb = binaries\Irony.pdb
		binaries\Microsoft.Practices.EnterpriseLibrary.Common.dll = binaries\Microsoft.Practices.EnterpriseLibrary.Common.dll
		binaries\Microsoft.Practices.EnterpriseLibrary.Common.pdb = binaries\Microsoft.Practices.EnterpriseLibrary.Common.pdb
		binaries\Microsoft.Practices.EnterpriseLibrary.Common.xml = binaries\Microsoft.Practices.EnterpriseLibrary.Common.xml
		binaries\Microsoft.Practices.EnterpriseLibrary.Data.dll = binaries\Microsoft.Practices.EnterpriseLibrary.Data.dll
		binaries\Microsoft.Practices.EnterpriseLibrary.Data.pdb = binaries\Microsoft.Practices.EnterpriseLibrary.Data.pdb
		binaries\Microsoft.Practices.EnterpriseLibrary.Data.xml = binaries\Microsoft.Practices.EnterpriseLibrary.Data.xml
		binaries\Microsoft.Practices.EnterpriseLibrary.ExceptionHandling.dll = binaries\Microsoft.Practices.EnterpriseLibrary.ExceptionHandling.dll
		binaries\Microsoft.Practices.EnterpriseLibrary.ExceptionHandling.Logging.dll = binaries\Microsoft.Practices.EnterpriseLibrary.ExceptionHandling.Logging.dll
		binaries\Microsoft.Practices.EnterpriseLibrary.ExceptionHandling.Logging.pdb = binaries\Microsoft.Practices.EnterpriseLibrary.ExceptionHandling.Logging.pdb
		binaries\Microsoft.Practices.EnterpriseLibrary.ExceptionHandling.pdb = binaries\Microsoft.Practices.EnterpriseLibrary.ExceptionHandling.pdb
		binaries\Microsoft.Practices.EnterpriseLibrary.ExceptionHandling.xml = binaries\Microsoft.Practices.EnterpriseLibrary.ExceptionHandling.xml
		binaries\Microsoft.Practices.EnterpriseLibrary.Logging.dll = binaries\Microsoft.Practices.EnterpriseLibrary.Logging.dll
		binaries\Microsoft.Practices.EnterpriseLibrary.Logging.pdb = binaries\Microsoft.Practices.EnterpriseLibrary.Logging.pdb
		binaries\Microsoft.Practices.EnterpriseLibrary.Logging.xml = binaries\Microsoft.Practices.EnterpriseLibrary.Logging.xml
		binaries\Microsoft.Practices.EnterpriseLibrary.Validation.dll = binaries\Microsoft.Practices.EnterpriseLibrary.Validation.dll
		binaries\Microsoft.Practices.EnterpriseLibrary.Validation.Integration.AspNet.dll = binaries\Microsoft.Practices.EnterpriseLibrary.Validation.Integration.AspNet.dll
		binaries\Microsoft.Practices.EnterpriseLibrary.Validation.Integration.AspNet.pdb = binaries\Microsoft.Practices.EnterpriseLibrary.Validation.Integration.AspNet.pdb
		binaries\Microsoft.Practices.EnterpriseLibrary.Validation.Integration.AspNet.xml = binaries\Microsoft.Practices.EnterpriseLibrary.Validation.Integration.AspNet.xml
		binaries\Microsoft.Practices.EnterpriseLibrary.Validation.pdb = binaries\Microsoft.Practices.EnterpriseLibrary.Validation.pdb
		binaries\Microsoft.Practices.EnterpriseLibrary.Validation.xml = binaries\Microsoft.Practices.EnterpriseLibrary.Validation.xml
		binaries\Microsoft.Practices.ServiceLocation.dll = binaries\Microsoft.Practices.ServiceLocation.dll
		binaries\Microsoft.Practices.Unity.Configuration.dll = binaries\Microsoft.Practices.Unity.Configuration.dll
		binaries\Microsoft.Practices.Unity.Configuration.pdb = binaries\Microsoft.Practices.Unity.Configuration.pdb
		binaries\Microsoft.Practices.Unity.dll = binaries\Microsoft.Practices.Unity.dll
		binaries\Microsoft.Practices.Unity.Interception.dll = binaries\Microsoft.Practices.Unity.Interception.dll
		binaries\Microsoft.Practices.Unity.Interception.pdb = binaries\Microsoft.Practices.Unity.Interception.pdb
		binaries\Moq.dll = binaries\Moq.dll
		binaries\Moq.pdb = binaries\Moq.pdb
		binaries\Moq.xml = binaries\Moq.xml
		binaries\QA.Configuration.dll = binaries\QA.Configuration.dll
		binaries\QA.Configuration.pdb = binaries\QA.Configuration.pdb
		binaries\QA.Configuration.xml = binaries\QA.Configuration.xml
		binaries\QA.Validation.Xaml.dll = binaries\QA.Validation.Xaml.dll
		binaries\QA.Validation.Xaml.Extensions.dll = binaries\QA.Validation.Xaml.Extensions.dll
		binaries\QA.Validation.Xaml.Extensions.XML = binaries\QA.Validation.Xaml.Extensions.XML
		binaries\QA.Validation.Xaml.XML = binaries\QA.Validation.Xaml.XML
		binaries\QA_Assembling.dll = binaries\QA_Assembling.dll
		binaries\QA_Assembling.pdb = binaries\QA_Assembling.pdb
		binaries\Quantumart.dll = binaries\Quantumart.dll
		binaries\Quantumart.pdb = binaries\Quantumart.pdb
		binaries\Telerik.Web.Design.dll = binaries\Telerik.Web.Design.dll
		binaries\Telerik.Web.Mvc.dll = binaries\Telerik.Web.Mvc.dll
		binaries\Telerik.Web.Mvc.pdb = binaries\Telerik.Web.Mvc.pdb
		binaries\Telerik.Web.Mvc.xml = binaries\Telerik.Web.Mvc.xml
		binaries\Telerik.Web.UI.XML = binaries\Telerik.Web.UI.XML
		binaries\Telerik.Windows.Controls.dll = binaries\Telerik.Windows.Controls.dll
		binaries\Telerik.Windows.Controls.Input.dll = binaries\Telerik.Windows.Controls.Input.dll
		binaries\Telerik.Windows.RadUploadHandler.dll = binaries\Telerik.Windows.RadUploadHandler.dll
	EndProjectSection
EndProject
Project("{2150E333-8FDC-42A3-9474-1A3956D46DE8}") = "Schedule Service", "Schedule Service", "{F77A9BEF-3EF5-4AA7-ACA6-403145FA2382}"
EndProject
Project("{2150E333-8FDC-42A3-9474-1A3956D46DE8}") = "package", "package", "{66D59A66-0C4D-48E7-BA6D-0541ECD29F9A}"
EndProject
Project("{2150E333-8FDC-42A3-9474-1A3956D46DE8}") = "pack", "pack", "{29F328EC-B4FF-4718-BCED-2F14DF3C03EE}"
	ProjectSection(SolutionItems) = preProject
		package\pack\7za.exe = package\pack\7za.exe
		package\pack\_nuget.exe = package\pack\_nuget.exe
		package\pack\blddpl.cmd = package\pack\blddpl.cmd
		package\pack\ctt.exe = package\pack\ctt.exe
		package\pack\ctt.exe.config = package\pack\ctt.exe.config
		package\pack\mkpkg.cmd = package\pack\mkpkg.cmd
		package\pack\TfsExport.exe = package\pack\TfsExport.exe
	EndProjectSection
EndProject
Project("{2150E333-8FDC-42A3-9474-1A3956D46DE8}") = "unpack", "unpack", "{15DD66E8-2323-43C8-A5EF-7FC84B9C6047}"
	ProjectSection(SolutionItems) = preProject
		package\unpack\cpy.mscdev01.dev.cmd = package\unpack\cpy.mscdev01.dev.cmd
		package\unpack\cpy.spbdev02.dev.cmd = package\unpack\cpy.spbdev02.dev.cmd
		package\unpack\cpyprod.cmd = package\unpack\cpyprod.cmd
		package\unpack\cpyrosnano.cmd = package\unpack\cpyrosnano.cmd
		package\unpack\deploy.cmd = package\unpack\deploy.cmd
		package\unpack\ncftpput.exe = package\unpack\ncftpput.exe
		package\unpack\updatedb.cmd = package\unpack\updatedb.cmd
	EndProjectSection
EndProject
Project("{2150E333-8FDC-42A3-9474-1A3956D46DE8}") = "deploy", "deploy", "{22953175-3556-4B88-8AAB-F6C326DCF4F7}"
	ProjectSection(SolutionItems) = preProject
		package\pack\7za.exe = package\pack\7za.exe
		package\pack\blddpl.cmd = package\pack\blddpl.cmd
		package\pack\ctt.exe = package\pack\ctt.exe
		package\pack\ctt.exe.config = package\pack\ctt.exe.config
		package\pack\mkpkg.cmd = package\pack\mkpkg.cmd
		package\pack\TfsExport.exe = package\pack\TfsExport.exe
	EndProjectSection
EndProject
Project("{FAE04EC0-301F-11D3-BF4B-00C04F79EFBC}") = "WebMvc", "siteMvc\WebMvc.csproj", "{8BE1BB60-1938-45E8-BAFB-1D008D62059C}"
EndProject
Project("{FAE04EC0-301F-11D3-BF4B-00C04F79EFBC}") = "Utils", "utils\Utils.csproj", "{448D5691-BDFC-4314-8036-EA615978273D}"
EndProject
Project("{FAE04EC0-301F-11D3-BF4B-00C04F79EFBC}") = "Configuration", "configuration\Configuration.csproj", "{EB18DF82-A593-40CA-AA31-EF430A9E7F24}"
EndProject
Project("{FAE04EC0-301F-11D3-BF4B-00C04F79EFBC}") = "DAL", "dal\DAL.csproj", "{3FF8834B-FB47-4855-B1E2-3B88C0DB1A94}"
EndProject
Project("{FAE04EC0-301F-11D3-BF4B-00C04F79EFBC}") = "Constants", "constants\Constants.csproj", "{634F0DA9-9351-40FC-B558-DA8BABC9B2E0}"
EndProject
Project("{FAE04EC0-301F-11D3-BF4B-00C04F79EFBC}") = "BLL", "bll\BLL.csproj", "{2FD6E504-0845-4C89-AE58-BDB467D8C487}"
EndProject
Project("{FAE04EC0-301F-11D3-BF4B-00C04F79EFBC}") = "Security", "security\Security.csproj", "{CC32A8B5-24B7-4EF1-B68E-DE755A136F70}"
EndProject
Project("{FAE04EC0-301F-11D3-BF4B-00C04F79EFBC}") = "WinLogOnMvc", "winLogonMvc\WinLogOnMvc.csproj", "{DE073901-E0A0-4B83-816A-C65B34955CFE}"
EndProject
Project("{FAE04EC0-301F-11D3-BF4B-00C04F79EFBC}") = "WebMvc.Test", "TestProject\WebMvc.Test.csproj", "{12E512D3-A0D4-4AC6-84FA-D434A6AF063A}"
EndProject
Project("{FAE04EC0-301F-11D3-BF4B-00C04F79EFBC}") = "Validators", "validators\Validators.csproj", "{289708F2-2275-4FAD-858F-1499AA467E28}"
EndProject
Project("{FAE04EC0-301F-11D3-BF4B-00C04F79EFBC}") = "Resources", "Resources\Resources.csproj", "{2A8B24B1-32AA-4A82-AB51-450F18FCBC76}"
EndProject
Project("{FAE04EC0-301F-11D3-BF4B-00C04F79EFBC}") = "Quantumart.QP8.ArticleScheduler", "Quantumart.QP8.ArticleScheduler\Quantumart.QP8.ArticleScheduler.csproj", "{BD9A445E-8510-489D-8001-409B777C46CD}"
EndProject
Project("{FAE04EC0-301F-11D3-BF4B-00C04F79EFBC}") = "Quantumart.QP8.ArticleScheduler.WinService", "Quantumart.QP8.ArticleScheduler.WinService\Quantumart.QP8.ArticleScheduler.WinService.csproj", "{F4D41148-04F7-4FAD-A6A5-E8206D9E1C54}"
EndProject
Project("{FAE04EC0-301F-11D3-BF4B-00C04F79EFBC}") = "Quantumart.QP8.CutFixDbo", "Quantumart.QP8.CutFixDbo\Quantumart.QP8.CutFixDbo.csproj", "{F4459B8F-FA58-49AD-8E24-CFFDAD8BCFEB}"
EndProject
Project("{FAE04EC0-301F-11D3-BF4B-00C04F79EFBC}") = "Quantumart.QP8.Deploy.RemoteBatch.Server", "Quantumart.QP8.Deploy.RemoteBatch.Server\Quantumart.QP8.Deploy.RemoteBatch.Server.csproj", "{0C4AF318-2BF0-4955-A203-7E3D7901FB94}"
EndProject
Project("{FAE04EC0-301F-11D3-BF4B-00C04F79EFBC}") = "Quantumart.QP8.Deploy.RemoteBatch.Client", "Quantumart.QP8.Deploy.RemoteBatch.Client\Quantumart.QP8.Deploy.RemoteBatch.Client.csproj", "{EF2D4629-0507-4DA8-B275-AB171C359943}"
EndProject
Project("{2150E333-8FDC-42A3-9474-1A3956D46DE8}") = "Logging", "Logging", "{4ACC2102-63AD-4FEC-B5FB-4A942704BC53}"
EndProject
Project("{FAE04EC0-301F-11D3-BF4B-00C04F79EFBC}") = "Logging", "Logging\Logging.csproj", "{2376F4DB-61DF-4440-BAB7-5740E06CD945}"
EndProject
Project("{FAE04EC0-301F-11D3-BF4B-00C04F79EFBC}") = "Logging.Loggers", "Logging.Loggers\Logging.Loggers.csproj", "{16422A3A-E435-4D6B-B0E0-F47EC0CFC705}"
EndProject
Project("{FAE04EC0-301F-11D3-BF4B-00C04F79EFBC}") = "Logging.Templates", "Logging.Templates\Logging.Templates.csproj", "{8933767B-4925-469C-92BC-1C6C37ED7EA8}"
EndProject
Project("{FAE04EC0-301F-11D3-BF4B-00C04F79EFBC}") = "Logging.Web", "Logging.Web\Logging.Web.csproj", "{BCA701FB-1883-4831-8E11-EC55E67E3D31}"
EndProject
Project("{2150E333-8FDC-42A3-9474-1A3956D46DE8}") = ".nuget", ".nuget", "{BE7089C7-6A8E-47E4-9D05-2142E4FA0C59}"
	ProjectSection(SolutionItems) = preProject
		nuget.config = nuget.config
	EndProjectSection
EndProject
Global
	GlobalSection(SolutionConfigurationPlatforms) = preSolution
		Debug MVC2 NET35|Any CPU = Debug MVC2 NET35|Any CPU
		Debug MVC2 NET35|Mixed Platforms = Debug MVC2 NET35|Mixed Platforms
		Debug MVC2 NET35|x86 = Debug MVC2 NET35|x86
		Debug|Any CPU = Debug|Any CPU
		Debug|Mixed Platforms = Debug|Mixed Platforms
		Debug|x86 = Debug|x86
		Release MVC2 NET35|Any CPU = Release MVC2 NET35|Any CPU
		Release MVC2 NET35|Mixed Platforms = Release MVC2 NET35|Mixed Platforms
		Release MVC2 NET35|x86 = Release MVC2 NET35|x86
		Release|Any CPU = Release|Any CPU
		Release|Mixed Platforms = Release|Mixed Platforms
		Release|x86 = Release|x86
	EndGlobalSection
	GlobalSection(ProjectConfigurationPlatforms) = postSolution
		{8BE1BB60-1938-45E8-BAFB-1D008D62059C}.Debug MVC2 NET35|Any CPU.ActiveCfg = Debug|Any CPU
		{8BE1BB60-1938-45E8-BAFB-1D008D62059C}.Debug MVC2 NET35|Any CPU.Build.0 = Debug|Any CPU
		{8BE1BB60-1938-45E8-BAFB-1D008D62059C}.Debug MVC2 NET35|Mixed Platforms.ActiveCfg = Debug|Any CPU
		{8BE1BB60-1938-45E8-BAFB-1D008D62059C}.Debug MVC2 NET35|Mixed Platforms.Build.0 = Debug|Any CPU
		{8BE1BB60-1938-45E8-BAFB-1D008D62059C}.Debug MVC2 NET35|x86.ActiveCfg = Debug|Any CPU
		{8BE1BB60-1938-45E8-BAFB-1D008D62059C}.Debug|Any CPU.ActiveCfg = Debug|Any CPU
		{8BE1BB60-1938-45E8-BAFB-1D008D62059C}.Debug|Any CPU.Build.0 = Debug|Any CPU
		{8BE1BB60-1938-45E8-BAFB-1D008D62059C}.Debug|Mixed Platforms.ActiveCfg = Debug|Any CPU
		{8BE1BB60-1938-45E8-BAFB-1D008D62059C}.Debug|Mixed Platforms.Build.0 = Debug|Any CPU
		{8BE1BB60-1938-45E8-BAFB-1D008D62059C}.Debug|x86.ActiveCfg = Debug|Any CPU
		{8BE1BB60-1938-45E8-BAFB-1D008D62059C}.Release MVC2 NET35|Any CPU.ActiveCfg = Release|Any CPU
		{8BE1BB60-1938-45E8-BAFB-1D008D62059C}.Release MVC2 NET35|Any CPU.Build.0 = Release|Any CPU
		{8BE1BB60-1938-45E8-BAFB-1D008D62059C}.Release MVC2 NET35|Mixed Platforms.ActiveCfg = Release|Any CPU
		{8BE1BB60-1938-45E8-BAFB-1D008D62059C}.Release MVC2 NET35|Mixed Platforms.Build.0 = Release|Any CPU
		{8BE1BB60-1938-45E8-BAFB-1D008D62059C}.Release MVC2 NET35|x86.ActiveCfg = Release|Any CPU
		{8BE1BB60-1938-45E8-BAFB-1D008D62059C}.Release|Any CPU.ActiveCfg = Release|Any CPU
		{8BE1BB60-1938-45E8-BAFB-1D008D62059C}.Release|Any CPU.Build.0 = Release|Any CPU
		{8BE1BB60-1938-45E8-BAFB-1D008D62059C}.Release|Mixed Platforms.ActiveCfg = Release|Any CPU
		{8BE1BB60-1938-45E8-BAFB-1D008D62059C}.Release|Mixed Platforms.Build.0 = Release|Any CPU
		{8BE1BB60-1938-45E8-BAFB-1D008D62059C}.Release|x86.ActiveCfg = Release|Any CPU
		{448D5691-BDFC-4314-8036-EA615978273D}.Debug MVC2 NET35|Any CPU.ActiveCfg = Debug|Any CPU
		{448D5691-BDFC-4314-8036-EA615978273D}.Debug MVC2 NET35|Any CPU.Build.0 = Debug|Any CPU
		{448D5691-BDFC-4314-8036-EA615978273D}.Debug MVC2 NET35|Mixed Platforms.ActiveCfg = Debug|Any CPU
		{448D5691-BDFC-4314-8036-EA615978273D}.Debug MVC2 NET35|Mixed Platforms.Build.0 = Debug|Any CPU
		{448D5691-BDFC-4314-8036-EA615978273D}.Debug MVC2 NET35|x86.ActiveCfg = Debug|Any CPU
		{448D5691-BDFC-4314-8036-EA615978273D}.Debug|Any CPU.ActiveCfg = Debug|Any CPU
		{448D5691-BDFC-4314-8036-EA615978273D}.Debug|Any CPU.Build.0 = Debug|Any CPU
		{448D5691-BDFC-4314-8036-EA615978273D}.Debug|Mixed Platforms.ActiveCfg = Debug|Any CPU
		{448D5691-BDFC-4314-8036-EA615978273D}.Debug|Mixed Platforms.Build.0 = Debug|Any CPU
		{448D5691-BDFC-4314-8036-EA615978273D}.Debug|x86.ActiveCfg = Debug|Any CPU
		{448D5691-BDFC-4314-8036-EA615978273D}.Release MVC2 NET35|Any CPU.ActiveCfg = Release|Any CPU
		{448D5691-BDFC-4314-8036-EA615978273D}.Release MVC2 NET35|Any CPU.Build.0 = Release|Any CPU
		{448D5691-BDFC-4314-8036-EA615978273D}.Release MVC2 NET35|Mixed Platforms.ActiveCfg = Release|Any CPU
		{448D5691-BDFC-4314-8036-EA615978273D}.Release MVC2 NET35|Mixed Platforms.Build.0 = Release|Any CPU
		{448D5691-BDFC-4314-8036-EA615978273D}.Release MVC2 NET35|x86.ActiveCfg = Release|Any CPU
		{448D5691-BDFC-4314-8036-EA615978273D}.Release|Any CPU.ActiveCfg = Release|Any CPU
		{448D5691-BDFC-4314-8036-EA615978273D}.Release|Any CPU.Build.0 = Release|Any CPU
		{448D5691-BDFC-4314-8036-EA615978273D}.Release|Mixed Platforms.ActiveCfg = Release|Any CPU
		{448D5691-BDFC-4314-8036-EA615978273D}.Release|Mixed Platforms.Build.0 = Release|Any CPU
		{448D5691-BDFC-4314-8036-EA615978273D}.Release|x86.ActiveCfg = Release|Any CPU
		{EB18DF82-A593-40CA-AA31-EF430A9E7F24}.Debug MVC2 NET35|Any CPU.ActiveCfg = Debug|Any CPU
		{EB18DF82-A593-40CA-AA31-EF430A9E7F24}.Debug MVC2 NET35|Any CPU.Build.0 = Debug|Any CPU
		{EB18DF82-A593-40CA-AA31-EF430A9E7F24}.Debug MVC2 NET35|Mixed Platforms.ActiveCfg = Debug|Any CPU
		{EB18DF82-A593-40CA-AA31-EF430A9E7F24}.Debug MVC2 NET35|Mixed Platforms.Build.0 = Debug|Any CPU
		{EB18DF82-A593-40CA-AA31-EF430A9E7F24}.Debug MVC2 NET35|x86.ActiveCfg = Debug|Any CPU
		{EB18DF82-A593-40CA-AA31-EF430A9E7F24}.Debug|Any CPU.ActiveCfg = Debug|Any CPU
		{EB18DF82-A593-40CA-AA31-EF430A9E7F24}.Debug|Any CPU.Build.0 = Debug|Any CPU
		{EB18DF82-A593-40CA-AA31-EF430A9E7F24}.Debug|Mixed Platforms.ActiveCfg = Debug|Any CPU
		{EB18DF82-A593-40CA-AA31-EF430A9E7F24}.Debug|Mixed Platforms.Build.0 = Debug|Any CPU
		{EB18DF82-A593-40CA-AA31-EF430A9E7F24}.Debug|x86.ActiveCfg = Debug|Any CPU
		{EB18DF82-A593-40CA-AA31-EF430A9E7F24}.Release MVC2 NET35|Any CPU.ActiveCfg = Release|Any CPU
		{EB18DF82-A593-40CA-AA31-EF430A9E7F24}.Release MVC2 NET35|Any CPU.Build.0 = Release|Any CPU
		{EB18DF82-A593-40CA-AA31-EF430A9E7F24}.Release MVC2 NET35|Mixed Platforms.ActiveCfg = Release|Any CPU
		{EB18DF82-A593-40CA-AA31-EF430A9E7F24}.Release MVC2 NET35|Mixed Platforms.Build.0 = Release|Any CPU
		{EB18DF82-A593-40CA-AA31-EF430A9E7F24}.Release MVC2 NET35|x86.ActiveCfg = Release|Any CPU
		{EB18DF82-A593-40CA-AA31-EF430A9E7F24}.Release|Any CPU.ActiveCfg = Release|Any CPU
		{EB18DF82-A593-40CA-AA31-EF430A9E7F24}.Release|Any CPU.Build.0 = Release|Any CPU
		{EB18DF82-A593-40CA-AA31-EF430A9E7F24}.Release|Mixed Platforms.ActiveCfg = Release|Any CPU
		{EB18DF82-A593-40CA-AA31-EF430A9E7F24}.Release|Mixed Platforms.Build.0 = Release|Any CPU
		{EB18DF82-A593-40CA-AA31-EF430A9E7F24}.Release|x86.ActiveCfg = Release|Any CPU
		{3FF8834B-FB47-4855-B1E2-3B88C0DB1A94}.Debug MVC2 NET35|Any CPU.ActiveCfg = Debug|Any CPU
		{3FF8834B-FB47-4855-B1E2-3B88C0DB1A94}.Debug MVC2 NET35|Any CPU.Build.0 = Debug|Any CPU
		{3FF8834B-FB47-4855-B1E2-3B88C0DB1A94}.Debug MVC2 NET35|Mixed Platforms.ActiveCfg = Debug|Any CPU
		{3FF8834B-FB47-4855-B1E2-3B88C0DB1A94}.Debug MVC2 NET35|Mixed Platforms.Build.0 = Debug|Any CPU
		{3FF8834B-FB47-4855-B1E2-3B88C0DB1A94}.Debug MVC2 NET35|x86.ActiveCfg = Debug|Any CPU
		{3FF8834B-FB47-4855-B1E2-3B88C0DB1A94}.Debug|Any CPU.ActiveCfg = Debug|Any CPU
		{3FF8834B-FB47-4855-B1E2-3B88C0DB1A94}.Debug|Any CPU.Build.0 = Debug|Any CPU
		{3FF8834B-FB47-4855-B1E2-3B88C0DB1A94}.Debug|Mixed Platforms.ActiveCfg = Debug|Any CPU
		{3FF8834B-FB47-4855-B1E2-3B88C0DB1A94}.Debug|Mixed Platforms.Build.0 = Debug|Any CPU
		{3FF8834B-FB47-4855-B1E2-3B88C0DB1A94}.Debug|x86.ActiveCfg = Debug|Any CPU
		{3FF8834B-FB47-4855-B1E2-3B88C0DB1A94}.Release MVC2 NET35|Any CPU.ActiveCfg = Release|Any CPU
		{3FF8834B-FB47-4855-B1E2-3B88C0DB1A94}.Release MVC2 NET35|Any CPU.Build.0 = Release|Any CPU
		{3FF8834B-FB47-4855-B1E2-3B88C0DB1A94}.Release MVC2 NET35|Mixed Platforms.ActiveCfg = Release|Any CPU
		{3FF8834B-FB47-4855-B1E2-3B88C0DB1A94}.Release MVC2 NET35|Mixed Platforms.Build.0 = Release|Any CPU
		{3FF8834B-FB47-4855-B1E2-3B88C0DB1A94}.Release MVC2 NET35|x86.ActiveCfg = Release|Any CPU
		{3FF8834B-FB47-4855-B1E2-3B88C0DB1A94}.Release|Any CPU.ActiveCfg = Release|Any CPU
		{3FF8834B-FB47-4855-B1E2-3B88C0DB1A94}.Release|Any CPU.Build.0 = Release|Any CPU
		{3FF8834B-FB47-4855-B1E2-3B88C0DB1A94}.Release|Mixed Platforms.ActiveCfg = Release|Any CPU
		{3FF8834B-FB47-4855-B1E2-3B88C0DB1A94}.Release|Mixed Platforms.Build.0 = Release|Any CPU
		{3FF8834B-FB47-4855-B1E2-3B88C0DB1A94}.Release|x86.ActiveCfg = Release|Any CPU
		{634F0DA9-9351-40FC-B558-DA8BABC9B2E0}.Debug MVC2 NET35|Any CPU.ActiveCfg = Debug|Any CPU
		{634F0DA9-9351-40FC-B558-DA8BABC9B2E0}.Debug MVC2 NET35|Any CPU.Build.0 = Debug|Any CPU
		{634F0DA9-9351-40FC-B558-DA8BABC9B2E0}.Debug MVC2 NET35|Mixed Platforms.ActiveCfg = Debug|Any CPU
		{634F0DA9-9351-40FC-B558-DA8BABC9B2E0}.Debug MVC2 NET35|Mixed Platforms.Build.0 = Debug|Any CPU
		{634F0DA9-9351-40FC-B558-DA8BABC9B2E0}.Debug MVC2 NET35|x86.ActiveCfg = Debug|Any CPU
		{634F0DA9-9351-40FC-B558-DA8BABC9B2E0}.Debug|Any CPU.ActiveCfg = Debug|Any CPU
		{634F0DA9-9351-40FC-B558-DA8BABC9B2E0}.Debug|Any CPU.Build.0 = Debug|Any CPU
		{634F0DA9-9351-40FC-B558-DA8BABC9B2E0}.Debug|Mixed Platforms.ActiveCfg = Debug|Any CPU
		{634F0DA9-9351-40FC-B558-DA8BABC9B2E0}.Debug|Mixed Platforms.Build.0 = Debug|Any CPU
		{634F0DA9-9351-40FC-B558-DA8BABC9B2E0}.Debug|x86.ActiveCfg = Debug|Any CPU
		{634F0DA9-9351-40FC-B558-DA8BABC9B2E0}.Release MVC2 NET35|Any CPU.ActiveCfg = Release|Any CPU
		{634F0DA9-9351-40FC-B558-DA8BABC9B2E0}.Release MVC2 NET35|Any CPU.Build.0 = Release|Any CPU
		{634F0DA9-9351-40FC-B558-DA8BABC9B2E0}.Release MVC2 NET35|Mixed Platforms.ActiveCfg = Release|Any CPU
		{634F0DA9-9351-40FC-B558-DA8BABC9B2E0}.Release MVC2 NET35|Mixed Platforms.Build.0 = Release|Any CPU
		{634F0DA9-9351-40FC-B558-DA8BABC9B2E0}.Release MVC2 NET35|x86.ActiveCfg = Release|Any CPU
		{634F0DA9-9351-40FC-B558-DA8BABC9B2E0}.Release|Any CPU.ActiveCfg = Release|Any CPU
		{634F0DA9-9351-40FC-B558-DA8BABC9B2E0}.Release|Any CPU.Build.0 = Release|Any CPU
		{634F0DA9-9351-40FC-B558-DA8BABC9B2E0}.Release|Mixed Platforms.ActiveCfg = Release|Any CPU
		{634F0DA9-9351-40FC-B558-DA8BABC9B2E0}.Release|Mixed Platforms.Build.0 = Release|Any CPU
		{634F0DA9-9351-40FC-B558-DA8BABC9B2E0}.Release|x86.ActiveCfg = Release|Any CPU
		{2FD6E504-0845-4C89-AE58-BDB467D8C487}.Debug MVC2 NET35|Any CPU.ActiveCfg = Debug|Any CPU
		{2FD6E504-0845-4C89-AE58-BDB467D8C487}.Debug MVC2 NET35|Any CPU.Build.0 = Debug|Any CPU
		{2FD6E504-0845-4C89-AE58-BDB467D8C487}.Debug MVC2 NET35|Mixed Platforms.ActiveCfg = Debug|Any CPU
		{2FD6E504-0845-4C89-AE58-BDB467D8C487}.Debug MVC2 NET35|Mixed Platforms.Build.0 = Debug|Any CPU
		{2FD6E504-0845-4C89-AE58-BDB467D8C487}.Debug MVC2 NET35|x86.ActiveCfg = Debug|Any CPU
		{2FD6E504-0845-4C89-AE58-BDB467D8C487}.Debug|Any CPU.ActiveCfg = Debug|Any CPU
		{2FD6E504-0845-4C89-AE58-BDB467D8C487}.Debug|Any CPU.Build.0 = Debug|Any CPU
		{2FD6E504-0845-4C89-AE58-BDB467D8C487}.Debug|Mixed Platforms.ActiveCfg = Debug|Any CPU
		{2FD6E504-0845-4C89-AE58-BDB467D8C487}.Debug|Mixed Platforms.Build.0 = Debug|Any CPU
		{2FD6E504-0845-4C89-AE58-BDB467D8C487}.Debug|x86.ActiveCfg = Debug|Any CPU
		{2FD6E504-0845-4C89-AE58-BDB467D8C487}.Release MVC2 NET35|Any CPU.ActiveCfg = Release|Any CPU
		{2FD6E504-0845-4C89-AE58-BDB467D8C487}.Release MVC2 NET35|Any CPU.Build.0 = Release|Any CPU
		{2FD6E504-0845-4C89-AE58-BDB467D8C487}.Release MVC2 NET35|Mixed Platforms.ActiveCfg = Release|Any CPU
		{2FD6E504-0845-4C89-AE58-BDB467D8C487}.Release MVC2 NET35|Mixed Platforms.Build.0 = Release|Any CPU
		{2FD6E504-0845-4C89-AE58-BDB467D8C487}.Release MVC2 NET35|x86.ActiveCfg = Release|Any CPU
		{2FD6E504-0845-4C89-AE58-BDB467D8C487}.Release|Any CPU.ActiveCfg = Release|Any CPU
		{2FD6E504-0845-4C89-AE58-BDB467D8C487}.Release|Any CPU.Build.0 = Release|Any CPU
		{2FD6E504-0845-4C89-AE58-BDB467D8C487}.Release|Mixed Platforms.ActiveCfg = Release|Any CPU
		{2FD6E504-0845-4C89-AE58-BDB467D8C487}.Release|Mixed Platforms.Build.0 = Release|Any CPU
		{2FD6E504-0845-4C89-AE58-BDB467D8C487}.Release|x86.ActiveCfg = Release|Any CPU
		{CC32A8B5-24B7-4EF1-B68E-DE755A136F70}.Debug MVC2 NET35|Any CPU.ActiveCfg = Debug|Any CPU
		{CC32A8B5-24B7-4EF1-B68E-DE755A136F70}.Debug MVC2 NET35|Any CPU.Build.0 = Debug|Any CPU
		{CC32A8B5-24B7-4EF1-B68E-DE755A136F70}.Debug MVC2 NET35|Mixed Platforms.ActiveCfg = Debug|Any CPU
		{CC32A8B5-24B7-4EF1-B68E-DE755A136F70}.Debug MVC2 NET35|Mixed Platforms.Build.0 = Debug|Any CPU
		{CC32A8B5-24B7-4EF1-B68E-DE755A136F70}.Debug MVC2 NET35|x86.ActiveCfg = Debug|Any CPU
		{CC32A8B5-24B7-4EF1-B68E-DE755A136F70}.Debug|Any CPU.ActiveCfg = Debug|Any CPU
		{CC32A8B5-24B7-4EF1-B68E-DE755A136F70}.Debug|Any CPU.Build.0 = Debug|Any CPU
		{CC32A8B5-24B7-4EF1-B68E-DE755A136F70}.Debug|Mixed Platforms.ActiveCfg = Debug|Any CPU
		{CC32A8B5-24B7-4EF1-B68E-DE755A136F70}.Debug|Mixed Platforms.Build.0 = Debug|Any CPU
		{CC32A8B5-24B7-4EF1-B68E-DE755A136F70}.Debug|x86.ActiveCfg = Debug|Any CPU
		{CC32A8B5-24B7-4EF1-B68E-DE755A136F70}.Release MVC2 NET35|Any CPU.ActiveCfg = Release|Any CPU
		{CC32A8B5-24B7-4EF1-B68E-DE755A136F70}.Release MVC2 NET35|Any CPU.Build.0 = Release|Any CPU
		{CC32A8B5-24B7-4EF1-B68E-DE755A136F70}.Release MVC2 NET35|Mixed Platforms.ActiveCfg = Release|Any CPU
		{CC32A8B5-24B7-4EF1-B68E-DE755A136F70}.Release MVC2 NET35|Mixed Platforms.Build.0 = Release|Any CPU
		{CC32A8B5-24B7-4EF1-B68E-DE755A136F70}.Release MVC2 NET35|x86.ActiveCfg = Release|Any CPU
		{CC32A8B5-24B7-4EF1-B68E-DE755A136F70}.Release|Any CPU.ActiveCfg = Release|Any CPU
		{CC32A8B5-24B7-4EF1-B68E-DE755A136F70}.Release|Any CPU.Build.0 = Release|Any CPU
		{CC32A8B5-24B7-4EF1-B68E-DE755A136F70}.Release|Mixed Platforms.ActiveCfg = Release|Any CPU
		{CC32A8B5-24B7-4EF1-B68E-DE755A136F70}.Release|Mixed Platforms.Build.0 = Release|Any CPU
		{CC32A8B5-24B7-4EF1-B68E-DE755A136F70}.Release|x86.ActiveCfg = Release|Any CPU
		{DE073901-E0A0-4B83-816A-C65B34955CFE}.Debug MVC2 NET35|Any CPU.ActiveCfg = Debug|Any CPU
		{DE073901-E0A0-4B83-816A-C65B34955CFE}.Debug MVC2 NET35|Any CPU.Build.0 = Debug|Any CPU
		{DE073901-E0A0-4B83-816A-C65B34955CFE}.Debug MVC2 NET35|Mixed Platforms.ActiveCfg = Debug|Any CPU
		{DE073901-E0A0-4B83-816A-C65B34955CFE}.Debug MVC2 NET35|Mixed Platforms.Build.0 = Debug|Any CPU
		{DE073901-E0A0-4B83-816A-C65B34955CFE}.Debug MVC2 NET35|x86.ActiveCfg = Debug|Any CPU
		{DE073901-E0A0-4B83-816A-C65B34955CFE}.Debug|Any CPU.ActiveCfg = Debug|Any CPU
		{DE073901-E0A0-4B83-816A-C65B34955CFE}.Debug|Any CPU.Build.0 = Debug|Any CPU
		{DE073901-E0A0-4B83-816A-C65B34955CFE}.Debug|Mixed Platforms.ActiveCfg = Debug|Any CPU
		{DE073901-E0A0-4B83-816A-C65B34955CFE}.Debug|Mixed Platforms.Build.0 = Debug|Any CPU
		{DE073901-E0A0-4B83-816A-C65B34955CFE}.Debug|x86.ActiveCfg = Debug|Any CPU
		{DE073901-E0A0-4B83-816A-C65B34955CFE}.Release MVC2 NET35|Any CPU.ActiveCfg = Release|Any CPU
		{DE073901-E0A0-4B83-816A-C65B34955CFE}.Release MVC2 NET35|Any CPU.Build.0 = Release|Any CPU
		{DE073901-E0A0-4B83-816A-C65B34955CFE}.Release MVC2 NET35|Mixed Platforms.ActiveCfg = Release|Any CPU
		{DE073901-E0A0-4B83-816A-C65B34955CFE}.Release MVC2 NET35|Mixed Platforms.Build.0 = Release|Any CPU
		{DE073901-E0A0-4B83-816A-C65B34955CFE}.Release MVC2 NET35|x86.ActiveCfg = Release|Any CPU
		{DE073901-E0A0-4B83-816A-C65B34955CFE}.Release|Any CPU.ActiveCfg = Release|Any CPU
		{DE073901-E0A0-4B83-816A-C65B34955CFE}.Release|Any CPU.Build.0 = Release|Any CPU
		{DE073901-E0A0-4B83-816A-C65B34955CFE}.Release|Mixed Platforms.ActiveCfg = Release|Any CPU
		{DE073901-E0A0-4B83-816A-C65B34955CFE}.Release|Mixed Platforms.Build.0 = Release|Any CPU
		{DE073901-E0A0-4B83-816A-C65B34955CFE}.Release|x86.ActiveCfg = Release|Any CPU
		{12E512D3-A0D4-4AC6-84FA-D434A6AF063A}.Debug MVC2 NET35|Any CPU.ActiveCfg = Debug|Any CPU
		{12E512D3-A0D4-4AC6-84FA-D434A6AF063A}.Debug MVC2 NET35|Any CPU.Build.0 = Debug|Any CPU
		{12E512D3-A0D4-4AC6-84FA-D434A6AF063A}.Debug MVC2 NET35|Mixed Platforms.ActiveCfg = Debug|Any CPU
		{12E512D3-A0D4-4AC6-84FA-D434A6AF063A}.Debug MVC2 NET35|Mixed Platforms.Build.0 = Debug|Any CPU
		{12E512D3-A0D4-4AC6-84FA-D434A6AF063A}.Debug MVC2 NET35|x86.ActiveCfg = Debug|Any CPU
		{12E512D3-A0D4-4AC6-84FA-D434A6AF063A}.Debug|Any CPU.ActiveCfg = Debug|Any CPU
		{12E512D3-A0D4-4AC6-84FA-D434A6AF063A}.Debug|Any CPU.Build.0 = Debug|Any CPU
		{12E512D3-A0D4-4AC6-84FA-D434A6AF063A}.Debug|Mixed Platforms.ActiveCfg = Debug|Any CPU
		{12E512D3-A0D4-4AC6-84FA-D434A6AF063A}.Debug|Mixed Platforms.Build.0 = Debug|Any CPU
		{12E512D3-A0D4-4AC6-84FA-D434A6AF063A}.Debug|x86.ActiveCfg = Debug|Any CPU
		{12E512D3-A0D4-4AC6-84FA-D434A6AF063A}.Release MVC2 NET35|Any CPU.ActiveCfg = Release|Any CPU
		{12E512D3-A0D4-4AC6-84FA-D434A6AF063A}.Release MVC2 NET35|Any CPU.Build.0 = Release|Any CPU
		{12E512D3-A0D4-4AC6-84FA-D434A6AF063A}.Release MVC2 NET35|Mixed Platforms.ActiveCfg = Release|Any CPU
		{12E512D3-A0D4-4AC6-84FA-D434A6AF063A}.Release MVC2 NET35|Mixed Platforms.Build.0 = Release|Any CPU
		{12E512D3-A0D4-4AC6-84FA-D434A6AF063A}.Release MVC2 NET35|x86.ActiveCfg = Release|Any CPU
		{12E512D3-A0D4-4AC6-84FA-D434A6AF063A}.Release|Any CPU.ActiveCfg = Release|Any CPU
		{12E512D3-A0D4-4AC6-84FA-D434A6AF063A}.Release|Any CPU.Build.0 = Release|Any CPU
		{12E512D3-A0D4-4AC6-84FA-D434A6AF063A}.Release|Mixed Platforms.ActiveCfg = Release|Any CPU
		{12E512D3-A0D4-4AC6-84FA-D434A6AF063A}.Release|Mixed Platforms.Build.0 = Release|Any CPU
		{12E512D3-A0D4-4AC6-84FA-D434A6AF063A}.Release|x86.ActiveCfg = Release|Any CPU
		{289708F2-2275-4FAD-858F-1499AA467E28}.Debug MVC2 NET35|Any CPU.ActiveCfg = Debug|Any CPU
		{289708F2-2275-4FAD-858F-1499AA467E28}.Debug MVC2 NET35|Any CPU.Build.0 = Debug|Any CPU
		{289708F2-2275-4FAD-858F-1499AA467E28}.Debug MVC2 NET35|Mixed Platforms.ActiveCfg = Debug|Any CPU
		{289708F2-2275-4FAD-858F-1499AA467E28}.Debug MVC2 NET35|Mixed Platforms.Build.0 = Debug|Any CPU
		{289708F2-2275-4FAD-858F-1499AA467E28}.Debug MVC2 NET35|x86.ActiveCfg = Debug|Any CPU
		{289708F2-2275-4FAD-858F-1499AA467E28}.Debug|Any CPU.ActiveCfg = Debug|Any CPU
		{289708F2-2275-4FAD-858F-1499AA467E28}.Debug|Any CPU.Build.0 = Debug|Any CPU
		{289708F2-2275-4FAD-858F-1499AA467E28}.Debug|Mixed Platforms.ActiveCfg = Debug|Any CPU
		{289708F2-2275-4FAD-858F-1499AA467E28}.Debug|Mixed Platforms.Build.0 = Debug|Any CPU
		{289708F2-2275-4FAD-858F-1499AA467E28}.Debug|x86.ActiveCfg = Debug|Any CPU
		{289708F2-2275-4FAD-858F-1499AA467E28}.Release MVC2 NET35|Any CPU.ActiveCfg = Release|Any CPU
		{289708F2-2275-4FAD-858F-1499AA467E28}.Release MVC2 NET35|Any CPU.Build.0 = Release|Any CPU
		{289708F2-2275-4FAD-858F-1499AA467E28}.Release MVC2 NET35|Mixed Platforms.ActiveCfg = Release|Any CPU
		{289708F2-2275-4FAD-858F-1499AA467E28}.Release MVC2 NET35|Mixed Platforms.Build.0 = Release|Any CPU
		{289708F2-2275-4FAD-858F-1499AA467E28}.Release MVC2 NET35|x86.ActiveCfg = Release|Any CPU
		{289708F2-2275-4FAD-858F-1499AA467E28}.Release|Any CPU.ActiveCfg = Release|Any CPU
		{289708F2-2275-4FAD-858F-1499AA467E28}.Release|Any CPU.Build.0 = Release|Any CPU
		{289708F2-2275-4FAD-858F-1499AA467E28}.Release|Mixed Platforms.ActiveCfg = Release|Any CPU
		{289708F2-2275-4FAD-858F-1499AA467E28}.Release|Mixed Platforms.Build.0 = Release|Any CPU
		{289708F2-2275-4FAD-858F-1499AA467E28}.Release|x86.ActiveCfg = Release|Any CPU
		{2A8B24B1-32AA-4A82-AB51-450F18FCBC76}.Debug MVC2 NET35|Any CPU.ActiveCfg = Debug|Any CPU
		{2A8B24B1-32AA-4A82-AB51-450F18FCBC76}.Debug MVC2 NET35|Any CPU.Build.0 = Debug|Any CPU
		{2A8B24B1-32AA-4A82-AB51-450F18FCBC76}.Debug MVC2 NET35|Mixed Platforms.ActiveCfg = Debug|Any CPU
		{2A8B24B1-32AA-4A82-AB51-450F18FCBC76}.Debug MVC2 NET35|Mixed Platforms.Build.0 = Debug|Any CPU
		{2A8B24B1-32AA-4A82-AB51-450F18FCBC76}.Debug MVC2 NET35|x86.ActiveCfg = Debug|Any CPU
		{2A8B24B1-32AA-4A82-AB51-450F18FCBC76}.Debug|Any CPU.ActiveCfg = Debug|Any CPU
		{2A8B24B1-32AA-4A82-AB51-450F18FCBC76}.Debug|Any CPU.Build.0 = Debug|Any CPU
		{2A8B24B1-32AA-4A82-AB51-450F18FCBC76}.Debug|Mixed Platforms.ActiveCfg = Debug|Any CPU
		{2A8B24B1-32AA-4A82-AB51-450F18FCBC76}.Debug|Mixed Platforms.Build.0 = Debug|Any CPU
		{2A8B24B1-32AA-4A82-AB51-450F18FCBC76}.Debug|x86.ActiveCfg = Debug|Any CPU
		{2A8B24B1-32AA-4A82-AB51-450F18FCBC76}.Release MVC2 NET35|Any CPU.ActiveCfg = Release|Any CPU
		{2A8B24B1-32AA-4A82-AB51-450F18FCBC76}.Release MVC2 NET35|Any CPU.Build.0 = Release|Any CPU
		{2A8B24B1-32AA-4A82-AB51-450F18FCBC76}.Release MVC2 NET35|Mixed Platforms.ActiveCfg = Release|Any CPU
		{2A8B24B1-32AA-4A82-AB51-450F18FCBC76}.Release MVC2 NET35|Mixed Platforms.Build.0 = Release|Any CPU
		{2A8B24B1-32AA-4A82-AB51-450F18FCBC76}.Release MVC2 NET35|x86.ActiveCfg = Release|Any CPU
		{2A8B24B1-32AA-4A82-AB51-450F18FCBC76}.Release|Any CPU.ActiveCfg = Release|Any CPU
		{2A8B24B1-32AA-4A82-AB51-450F18FCBC76}.Release|Any CPU.Build.0 = Release|Any CPU
		{2A8B24B1-32AA-4A82-AB51-450F18FCBC76}.Release|Mixed Platforms.ActiveCfg = Release|Any CPU
		{2A8B24B1-32AA-4A82-AB51-450F18FCBC76}.Release|Mixed Platforms.Build.0 = Release|Any CPU
		{2A8B24B1-32AA-4A82-AB51-450F18FCBC76}.Release|x86.ActiveCfg = Release|Any CPU
		{BD9A445E-8510-489D-8001-409B777C46CD}.Debug MVC2 NET35|Any CPU.ActiveCfg = Debug|Any CPU
		{BD9A445E-8510-489D-8001-409B777C46CD}.Debug MVC2 NET35|Any CPU.Build.0 = Debug|Any CPU
		{BD9A445E-8510-489D-8001-409B777C46CD}.Debug MVC2 NET35|Mixed Platforms.ActiveCfg = Debug|Any CPU
		{BD9A445E-8510-489D-8001-409B777C46CD}.Debug MVC2 NET35|Mixed Platforms.Build.0 = Debug|Any CPU
		{BD9A445E-8510-489D-8001-409B777C46CD}.Debug MVC2 NET35|x86.ActiveCfg = Debug|Any CPU
		{BD9A445E-8510-489D-8001-409B777C46CD}.Debug|Any CPU.ActiveCfg = Debug|Any CPU
		{BD9A445E-8510-489D-8001-409B777C46CD}.Debug|Any CPU.Build.0 = Debug|Any CPU
		{BD9A445E-8510-489D-8001-409B777C46CD}.Debug|Mixed Platforms.ActiveCfg = Debug|Any CPU
		{BD9A445E-8510-489D-8001-409B777C46CD}.Debug|Mixed Platforms.Build.0 = Debug|Any CPU
		{BD9A445E-8510-489D-8001-409B777C46CD}.Debug|x86.ActiveCfg = Debug|Any CPU
		{BD9A445E-8510-489D-8001-409B777C46CD}.Release MVC2 NET35|Any CPU.ActiveCfg = Release|Any CPU
		{BD9A445E-8510-489D-8001-409B777C46CD}.Release MVC2 NET35|Any CPU.Build.0 = Release|Any CPU
		{BD9A445E-8510-489D-8001-409B777C46CD}.Release MVC2 NET35|Mixed Platforms.ActiveCfg = Release|Any CPU
		{BD9A445E-8510-489D-8001-409B777C46CD}.Release MVC2 NET35|Mixed Platforms.Build.0 = Release|Any CPU
		{BD9A445E-8510-489D-8001-409B777C46CD}.Release MVC2 NET35|x86.ActiveCfg = Release|Any CPU
		{BD9A445E-8510-489D-8001-409B777C46CD}.Release|Any CPU.ActiveCfg = Release|Any CPU
		{BD9A445E-8510-489D-8001-409B777C46CD}.Release|Any CPU.Build.0 = Release|Any CPU
		{BD9A445E-8510-489D-8001-409B777C46CD}.Release|Mixed Platforms.ActiveCfg = Release|Any CPU
		{BD9A445E-8510-489D-8001-409B777C46CD}.Release|Mixed Platforms.Build.0 = Release|Any CPU
		{BD9A445E-8510-489D-8001-409B777C46CD}.Release|x86.ActiveCfg = Release|Any CPU
		{F4D41148-04F7-4FAD-A6A5-E8206D9E1C54}.Debug MVC2 NET35|Any CPU.ActiveCfg = Debug|Any CPU
		{F4D41148-04F7-4FAD-A6A5-E8206D9E1C54}.Debug MVC2 NET35|Any CPU.Build.0 = Debug|Any CPU
		{F4D41148-04F7-4FAD-A6A5-E8206D9E1C54}.Debug MVC2 NET35|Mixed Platforms.ActiveCfg = Debug|Any CPU
		{F4D41148-04F7-4FAD-A6A5-E8206D9E1C54}.Debug MVC2 NET35|Mixed Platforms.Build.0 = Debug|Any CPU
		{F4D41148-04F7-4FAD-A6A5-E8206D9E1C54}.Debug MVC2 NET35|x86.ActiveCfg = Debug|Any CPU
		{F4D41148-04F7-4FAD-A6A5-E8206D9E1C54}.Debug|Any CPU.ActiveCfg = Debug|Any CPU
		{F4D41148-04F7-4FAD-A6A5-E8206D9E1C54}.Debug|Any CPU.Build.0 = Debug|Any CPU
		{F4D41148-04F7-4FAD-A6A5-E8206D9E1C54}.Debug|Mixed Platforms.ActiveCfg = Debug|Any CPU
		{F4D41148-04F7-4FAD-A6A5-E8206D9E1C54}.Debug|Mixed Platforms.Build.0 = Debug|Any CPU
		{F4D41148-04F7-4FAD-A6A5-E8206D9E1C54}.Debug|x86.ActiveCfg = Debug|Any CPU
		{F4D41148-04F7-4FAD-A6A5-E8206D9E1C54}.Release MVC2 NET35|Any CPU.ActiveCfg = Release|Any CPU
		{F4D41148-04F7-4FAD-A6A5-E8206D9E1C54}.Release MVC2 NET35|Any CPU.Build.0 = Release|Any CPU
		{F4D41148-04F7-4FAD-A6A5-E8206D9E1C54}.Release MVC2 NET35|Mixed Platforms.ActiveCfg = Release|Any CPU
		{F4D41148-04F7-4FAD-A6A5-E8206D9E1C54}.Release MVC2 NET35|Mixed Platforms.Build.0 = Release|Any CPU
		{F4D41148-04F7-4FAD-A6A5-E8206D9E1C54}.Release MVC2 NET35|x86.ActiveCfg = Release|Any CPU
		{F4D41148-04F7-4FAD-A6A5-E8206D9E1C54}.Release|Any CPU.ActiveCfg = Release|Any CPU
		{F4D41148-04F7-4FAD-A6A5-E8206D9E1C54}.Release|Any CPU.Build.0 = Release|Any CPU
		{F4D41148-04F7-4FAD-A6A5-E8206D9E1C54}.Release|Mixed Platforms.ActiveCfg = Release|Any CPU
		{F4D41148-04F7-4FAD-A6A5-E8206D9E1C54}.Release|Mixed Platforms.Build.0 = Release|Any CPU
		{F4D41148-04F7-4FAD-A6A5-E8206D9E1C54}.Release|x86.ActiveCfg = Release|Any CPU
		{F4459B8F-FA58-49AD-8E24-CFFDAD8BCFEB}.Debug MVC2 NET35|Any CPU.ActiveCfg = Debug|x86
		{F4459B8F-FA58-49AD-8E24-CFFDAD8BCFEB}.Debug MVC2 NET35|Any CPU.Build.0 = Debug|x86
		{F4459B8F-FA58-49AD-8E24-CFFDAD8BCFEB}.Debug MVC2 NET35|Mixed Platforms.ActiveCfg = Debug|x86
		{F4459B8F-FA58-49AD-8E24-CFFDAD8BCFEB}.Debug MVC2 NET35|Mixed Platforms.Build.0 = Debug|x86
		{F4459B8F-FA58-49AD-8E24-CFFDAD8BCFEB}.Debug MVC2 NET35|x86.ActiveCfg = Debug|x86
		{F4459B8F-FA58-49AD-8E24-CFFDAD8BCFEB}.Debug MVC2 NET35|x86.Build.0 = Debug|x86
		{F4459B8F-FA58-49AD-8E24-CFFDAD8BCFEB}.Debug|Any CPU.ActiveCfg = Debug|x86
		{F4459B8F-FA58-49AD-8E24-CFFDAD8BCFEB}.Debug|Any CPU.Build.0 = Debug|x86
		{F4459B8F-FA58-49AD-8E24-CFFDAD8BCFEB}.Debug|Mixed Platforms.ActiveCfg = Debug|x86
		{F4459B8F-FA58-49AD-8E24-CFFDAD8BCFEB}.Debug|Mixed Platforms.Build.0 = Debug|x86
		{F4459B8F-FA58-49AD-8E24-CFFDAD8BCFEB}.Debug|x86.ActiveCfg = Debug|x86
		{F4459B8F-FA58-49AD-8E24-CFFDAD8BCFEB}.Debug|x86.Build.0 = Debug|x86
		{F4459B8F-FA58-49AD-8E24-CFFDAD8BCFEB}.Release MVC2 NET35|Any CPU.ActiveCfg = Release|x86
		{F4459B8F-FA58-49AD-8E24-CFFDAD8BCFEB}.Release MVC2 NET35|Any CPU.Build.0 = Release|x86
		{F4459B8F-FA58-49AD-8E24-CFFDAD8BCFEB}.Release MVC2 NET35|Mixed Platforms.ActiveCfg = Release|x86
		{F4459B8F-FA58-49AD-8E24-CFFDAD8BCFEB}.Release MVC2 NET35|Mixed Platforms.Build.0 = Release|x86
		{F4459B8F-FA58-49AD-8E24-CFFDAD8BCFEB}.Release MVC2 NET35|x86.ActiveCfg = Release|x86
		{F4459B8F-FA58-49AD-8E24-CFFDAD8BCFEB}.Release MVC2 NET35|x86.Build.0 = Release|x86
		{F4459B8F-FA58-49AD-8E24-CFFDAD8BCFEB}.Release|Any CPU.ActiveCfg = Release|Any CPU
		{F4459B8F-FA58-49AD-8E24-CFFDAD8BCFEB}.Release|Any CPU.Build.0 = Release|Any CPU
		{F4459B8F-FA58-49AD-8E24-CFFDAD8BCFEB}.Release|Mixed Platforms.ActiveCfg = Release|x86
		{F4459B8F-FA58-49AD-8E24-CFFDAD8BCFEB}.Release|Mixed Platforms.Build.0 = Release|x86
		{F4459B8F-FA58-49AD-8E24-CFFDAD8BCFEB}.Release|x86.ActiveCfg = Release|x86
		{F4459B8F-FA58-49AD-8E24-CFFDAD8BCFEB}.Release|x86.Build.0 = Release|x86
		{0C4AF318-2BF0-4955-A203-7E3D7901FB94}.Debug MVC2 NET35|Any CPU.ActiveCfg = Debug|Any CPU
		{0C4AF318-2BF0-4955-A203-7E3D7901FB94}.Debug MVC2 NET35|Any CPU.Build.0 = Debug|Any CPU
		{0C4AF318-2BF0-4955-A203-7E3D7901FB94}.Debug MVC2 NET35|Mixed Platforms.ActiveCfg = Debug|Any CPU
		{0C4AF318-2BF0-4955-A203-7E3D7901FB94}.Debug MVC2 NET35|Mixed Platforms.Build.0 = Debug|Any CPU
		{0C4AF318-2BF0-4955-A203-7E3D7901FB94}.Debug MVC2 NET35|x86.ActiveCfg = Debug|Any CPU
		{0C4AF318-2BF0-4955-A203-7E3D7901FB94}.Debug|Any CPU.ActiveCfg = Debug|Any CPU
		{0C4AF318-2BF0-4955-A203-7E3D7901FB94}.Debug|Any CPU.Build.0 = Debug|Any CPU
		{0C4AF318-2BF0-4955-A203-7E3D7901FB94}.Debug|Mixed Platforms.ActiveCfg = Debug|Any CPU
		{0C4AF318-2BF0-4955-A203-7E3D7901FB94}.Debug|Mixed Platforms.Build.0 = Debug|Any CPU
		{0C4AF318-2BF0-4955-A203-7E3D7901FB94}.Debug|x86.ActiveCfg = Debug|Any CPU
		{0C4AF318-2BF0-4955-A203-7E3D7901FB94}.Release MVC2 NET35|Any CPU.ActiveCfg = Release|Any CPU
		{0C4AF318-2BF0-4955-A203-7E3D7901FB94}.Release MVC2 NET35|Any CPU.Build.0 = Release|Any CPU
		{0C4AF318-2BF0-4955-A203-7E3D7901FB94}.Release MVC2 NET35|Mixed Platforms.ActiveCfg = Release|Any CPU
		{0C4AF318-2BF0-4955-A203-7E3D7901FB94}.Release MVC2 NET35|Mixed Platforms.Build.0 = Release|Any CPU
		{0C4AF318-2BF0-4955-A203-7E3D7901FB94}.Release MVC2 NET35|x86.ActiveCfg = Release|Any CPU
		{0C4AF318-2BF0-4955-A203-7E3D7901FB94}.Release|Any CPU.ActiveCfg = Release|Any CPU
		{0C4AF318-2BF0-4955-A203-7E3D7901FB94}.Release|Any CPU.Build.0 = Release|Any CPU
		{0C4AF318-2BF0-4955-A203-7E3D7901FB94}.Release|Mixed Platforms.ActiveCfg = Release|Any CPU
		{0C4AF318-2BF0-4955-A203-7E3D7901FB94}.Release|Mixed Platforms.Build.0 = Release|Any CPU
		{0C4AF318-2BF0-4955-A203-7E3D7901FB94}.Release|x86.ActiveCfg = Release|Any CPU
		{EF2D4629-0507-4DA8-B275-AB171C359943}.Debug MVC2 NET35|Any CPU.ActiveCfg = Debug|x86
		{EF2D4629-0507-4DA8-B275-AB171C359943}.Debug MVC2 NET35|Any CPU.Build.0 = Debug|x86
		{EF2D4629-0507-4DA8-B275-AB171C359943}.Debug MVC2 NET35|Mixed Platforms.ActiveCfg = Debug|x86
		{EF2D4629-0507-4DA8-B275-AB171C359943}.Debug MVC2 NET35|Mixed Platforms.Build.0 = Debug|x86
		{EF2D4629-0507-4DA8-B275-AB171C359943}.Debug MVC2 NET35|x86.ActiveCfg = Debug|x86
		{EF2D4629-0507-4DA8-B275-AB171C359943}.Debug MVC2 NET35|x86.Build.0 = Debug|x86
		{EF2D4629-0507-4DA8-B275-AB171C359943}.Debug|Any CPU.ActiveCfg = Debug|x86
		{EF2D4629-0507-4DA8-B275-AB171C359943}.Debug|Any CPU.Build.0 = Debug|x86
		{EF2D4629-0507-4DA8-B275-AB171C359943}.Debug|Mixed Platforms.ActiveCfg = Debug|x86
		{EF2D4629-0507-4DA8-B275-AB171C359943}.Debug|Mixed Platforms.Build.0 = Debug|x86
		{EF2D4629-0507-4DA8-B275-AB171C359943}.Debug|x86.ActiveCfg = Debug|x86
		{EF2D4629-0507-4DA8-B275-AB171C359943}.Debug|x86.Build.0 = Debug|x86
		{EF2D4629-0507-4DA8-B275-AB171C359943}.Release MVC2 NET35|Any CPU.ActiveCfg = Release|x86
		{EF2D4629-0507-4DA8-B275-AB171C359943}.Release MVC2 NET35|Any CPU.Build.0 = Release|x86
		{EF2D4629-0507-4DA8-B275-AB171C359943}.Release MVC2 NET35|Mixed Platforms.ActiveCfg = Release|x86
		{EF2D4629-0507-4DA8-B275-AB171C359943}.Release MVC2 NET35|Mixed Platforms.Build.0 = Release|x86
		{EF2D4629-0507-4DA8-B275-AB171C359943}.Release MVC2 NET35|x86.ActiveCfg = Release|x86
		{EF2D4629-0507-4DA8-B275-AB171C359943}.Release MVC2 NET35|x86.Build.0 = Release|x86
		{EF2D4629-0507-4DA8-B275-AB171C359943}.Release|Any CPU.ActiveCfg = Release|Any CPU
		{EF2D4629-0507-4DA8-B275-AB171C359943}.Release|Any CPU.Build.0 = Release|Any CPU
		{EF2D4629-0507-4DA8-B275-AB171C359943}.Release|Mixed Platforms.ActiveCfg = Release|x86
		{EF2D4629-0507-4DA8-B275-AB171C359943}.Release|Mixed Platforms.Build.0 = Release|x86
		{EF2D4629-0507-4DA8-B275-AB171C359943}.Release|x86.ActiveCfg = Release|x86
		{EF2D4629-0507-4DA8-B275-AB171C359943}.Release|x86.Build.0 = Release|x86
		{2376F4DB-61DF-4440-BAB7-5740E06CD945}.Debug MVC2 NET35|Any CPU.ActiveCfg = Debug|Any CPU
		{2376F4DB-61DF-4440-BAB7-5740E06CD945}.Debug MVC2 NET35|Any CPU.Build.0 = Debug|Any CPU
		{2376F4DB-61DF-4440-BAB7-5740E06CD945}.Debug MVC2 NET35|Mixed Platforms.ActiveCfg = Debug|Any CPU
		{2376F4DB-61DF-4440-BAB7-5740E06CD945}.Debug MVC2 NET35|Mixed Platforms.Build.0 = Debug|Any CPU
		{2376F4DB-61DF-4440-BAB7-5740E06CD945}.Debug MVC2 NET35|x86.ActiveCfg = Debug|Any CPU
		{2376F4DB-61DF-4440-BAB7-5740E06CD945}.Debug MVC2 NET35|x86.Build.0 = Debug|Any CPU
		{2376F4DB-61DF-4440-BAB7-5740E06CD945}.Debug|Any CPU.ActiveCfg = Debug|Any CPU
		{2376F4DB-61DF-4440-BAB7-5740E06CD945}.Debug|Any CPU.Build.0 = Debug|Any CPU
		{2376F4DB-61DF-4440-BAB7-5740E06CD945}.Debug|Mixed Platforms.ActiveCfg = Debug|Any CPU
		{2376F4DB-61DF-4440-BAB7-5740E06CD945}.Debug|Mixed Platforms.Build.0 = Debug|Any CPU
		{2376F4DB-61DF-4440-BAB7-5740E06CD945}.Debug|x86.ActiveCfg = Debug|Any CPU
		{2376F4DB-61DF-4440-BAB7-5740E06CD945}.Debug|x86.Build.0 = Debug|Any CPU
		{2376F4DB-61DF-4440-BAB7-5740E06CD945}.Release MVC2 NET35|Any CPU.ActiveCfg = Release|Any CPU
		{2376F4DB-61DF-4440-BAB7-5740E06CD945}.Release MVC2 NET35|Any CPU.Build.0 = Release|Any CPU
		{2376F4DB-61DF-4440-BAB7-5740E06CD945}.Release MVC2 NET35|Mixed Platforms.ActiveCfg = Release|Any CPU
		{2376F4DB-61DF-4440-BAB7-5740E06CD945}.Release MVC2 NET35|Mixed Platforms.Build.0 = Release|Any CPU
		{2376F4DB-61DF-4440-BAB7-5740E06CD945}.Release MVC2 NET35|x86.ActiveCfg = Release|Any CPU
		{2376F4DB-61DF-4440-BAB7-5740E06CD945}.Release MVC2 NET35|x86.Build.0 = Release|Any CPU
		{2376F4DB-61DF-4440-BAB7-5740E06CD945}.Release|Any CPU.ActiveCfg = Release|Any CPU
		{2376F4DB-61DF-4440-BAB7-5740E06CD945}.Release|Any CPU.Build.0 = Release|Any CPU
		{2376F4DB-61DF-4440-BAB7-5740E06CD945}.Release|Mixed Platforms.ActiveCfg = Release|Any CPU
		{2376F4DB-61DF-4440-BAB7-5740E06CD945}.Release|Mixed Platforms.Build.0 = Release|Any CPU
		{2376F4DB-61DF-4440-BAB7-5740E06CD945}.Release|x86.ActiveCfg = Release|Any CPU
		{2376F4DB-61DF-4440-BAB7-5740E06CD945}.Release|x86.Build.0 = Release|Any CPU
		{16422A3A-E435-4D6B-B0E0-F47EC0CFC705}.Debug MVC2 NET35|Any CPU.ActiveCfg = Debug|Any CPU
		{16422A3A-E435-4D6B-B0E0-F47EC0CFC705}.Debug MVC2 NET35|Any CPU.Build.0 = Debug|Any CPU
		{16422A3A-E435-4D6B-B0E0-F47EC0CFC705}.Debug MVC2 NET35|Mixed Platforms.ActiveCfg = Debug|Any CPU
		{16422A3A-E435-4D6B-B0E0-F47EC0CFC705}.Debug MVC2 NET35|Mixed Platforms.Build.0 = Debug|Any CPU
		{16422A3A-E435-4D6B-B0E0-F47EC0CFC705}.Debug MVC2 NET35|x86.ActiveCfg = Debug|Any CPU
		{16422A3A-E435-4D6B-B0E0-F47EC0CFC705}.Debug MVC2 NET35|x86.Build.0 = Debug|Any CPU
		{16422A3A-E435-4D6B-B0E0-F47EC0CFC705}.Debug|Any CPU.ActiveCfg = Debug|Any CPU
		{16422A3A-E435-4D6B-B0E0-F47EC0CFC705}.Debug|Any CPU.Build.0 = Debug|Any CPU
		{16422A3A-E435-4D6B-B0E0-F47EC0CFC705}.Debug|Mixed Platforms.ActiveCfg = Debug|Any CPU
		{16422A3A-E435-4D6B-B0E0-F47EC0CFC705}.Debug|Mixed Platforms.Build.0 = Debug|Any CPU
		{16422A3A-E435-4D6B-B0E0-F47EC0CFC705}.Debug|x86.ActiveCfg = Debug|Any CPU
		{16422A3A-E435-4D6B-B0E0-F47EC0CFC705}.Debug|x86.Build.0 = Debug|Any CPU
		{16422A3A-E435-4D6B-B0E0-F47EC0CFC705}.Release MVC2 NET35|Any CPU.ActiveCfg = Release|Any CPU
		{16422A3A-E435-4D6B-B0E0-F47EC0CFC705}.Release MVC2 NET35|Any CPU.Build.0 = Release|Any CPU
		{16422A3A-E435-4D6B-B0E0-F47EC0CFC705}.Release MVC2 NET35|Mixed Platforms.ActiveCfg = Release|Any CPU
		{16422A3A-E435-4D6B-B0E0-F47EC0CFC705}.Release MVC2 NET35|Mixed Platforms.Build.0 = Release|Any CPU
		{16422A3A-E435-4D6B-B0E0-F47EC0CFC705}.Release MVC2 NET35|x86.ActiveCfg = Release|Any CPU
		{16422A3A-E435-4D6B-B0E0-F47EC0CFC705}.Release MVC2 NET35|x86.Build.0 = Release|Any CPU
		{16422A3A-E435-4D6B-B0E0-F47EC0CFC705}.Release|Any CPU.ActiveCfg = Release|Any CPU
		{16422A3A-E435-4D6B-B0E0-F47EC0CFC705}.Release|Any CPU.Build.0 = Release|Any CPU
		{16422A3A-E435-4D6B-B0E0-F47EC0CFC705}.Release|Mixed Platforms.ActiveCfg = Release|Any CPU
		{16422A3A-E435-4D6B-B0E0-F47EC0CFC705}.Release|Mixed Platforms.Build.0 = Release|Any CPU
		{16422A3A-E435-4D6B-B0E0-F47EC0CFC705}.Release|x86.ActiveCfg = Release|Any CPU
		{16422A3A-E435-4D6B-B0E0-F47EC0CFC705}.Release|x86.Build.0 = Release|Any CPU
		{8933767B-4925-469C-92BC-1C6C37ED7EA8}.Debug MVC2 NET35|Any CPU.ActiveCfg = Debug|Any CPU
		{8933767B-4925-469C-92BC-1C6C37ED7EA8}.Debug MVC2 NET35|Any CPU.Build.0 = Debug|Any CPU
		{8933767B-4925-469C-92BC-1C6C37ED7EA8}.Debug MVC2 NET35|Mixed Platforms.ActiveCfg = Debug|Any CPU
		{8933767B-4925-469C-92BC-1C6C37ED7EA8}.Debug MVC2 NET35|Mixed Platforms.Build.0 = Debug|Any CPU
		{8933767B-4925-469C-92BC-1C6C37ED7EA8}.Debug MVC2 NET35|x86.ActiveCfg = Debug|Any CPU
		{8933767B-4925-469C-92BC-1C6C37ED7EA8}.Debug MVC2 NET35|x86.Build.0 = Debug|Any CPU
		{8933767B-4925-469C-92BC-1C6C37ED7EA8}.Debug|Any CPU.ActiveCfg = Debug|Any CPU
		{8933767B-4925-469C-92BC-1C6C37ED7EA8}.Debug|Any CPU.Build.0 = Debug|Any CPU
		{8933767B-4925-469C-92BC-1C6C37ED7EA8}.Debug|Mixed Platforms.ActiveCfg = Debug|Any CPU
		{8933767B-4925-469C-92BC-1C6C37ED7EA8}.Debug|Mixed Platforms.Build.0 = Debug|Any CPU
		{8933767B-4925-469C-92BC-1C6C37ED7EA8}.Debug|x86.ActiveCfg = Debug|Any CPU
		{8933767B-4925-469C-92BC-1C6C37ED7EA8}.Debug|x86.Build.0 = Debug|Any CPU
		{8933767B-4925-469C-92BC-1C6C37ED7EA8}.Release MVC2 NET35|Any CPU.ActiveCfg = Release|Any CPU
		{8933767B-4925-469C-92BC-1C6C37ED7EA8}.Release MVC2 NET35|Any CPU.Build.0 = Release|Any CPU
		{8933767B-4925-469C-92BC-1C6C37ED7EA8}.Release MVC2 NET35|Mixed Platforms.ActiveCfg = Release|Any CPU
		{8933767B-4925-469C-92BC-1C6C37ED7EA8}.Release MVC2 NET35|Mixed Platforms.Build.0 = Release|Any CPU
		{8933767B-4925-469C-92BC-1C6C37ED7EA8}.Release MVC2 NET35|x86.ActiveCfg = Release|Any CPU
		{8933767B-4925-469C-92BC-1C6C37ED7EA8}.Release MVC2 NET35|x86.Build.0 = Release|Any CPU
		{8933767B-4925-469C-92BC-1C6C37ED7EA8}.Release|Any CPU.ActiveCfg = Release|Any CPU
		{8933767B-4925-469C-92BC-1C6C37ED7EA8}.Release|Any CPU.Build.0 = Release|Any CPU
		{8933767B-4925-469C-92BC-1C6C37ED7EA8}.Release|Mixed Platforms.ActiveCfg = Release|Any CPU
		{8933767B-4925-469C-92BC-1C6C37ED7EA8}.Release|Mixed Platforms.Build.0 = Release|Any CPU
		{8933767B-4925-469C-92BC-1C6C37ED7EA8}.Release|x86.ActiveCfg = Release|Any CPU
		{8933767B-4925-469C-92BC-1C6C37ED7EA8}.Release|x86.Build.0 = Release|Any CPU
		{BCA701FB-1883-4831-8E11-EC55E67E3D31}.Debug MVC2 NET35|Any CPU.ActiveCfg = Debug|Any CPU
		{BCA701FB-1883-4831-8E11-EC55E67E3D31}.Debug MVC2 NET35|Any CPU.Build.0 = Debug|Any CPU
		{BCA701FB-1883-4831-8E11-EC55E67E3D31}.Debug MVC2 NET35|Mixed Platforms.ActiveCfg = Debug|Any CPU
		{BCA701FB-1883-4831-8E11-EC55E67E3D31}.Debug MVC2 NET35|Mixed Platforms.Build.0 = Debug|Any CPU
		{BCA701FB-1883-4831-8E11-EC55E67E3D31}.Debug MVC2 NET35|x86.ActiveCfg = Debug|Any CPU
		{BCA701FB-1883-4831-8E11-EC55E67E3D31}.Debug MVC2 NET35|x86.Build.0 = Debug|Any CPU
		{BCA701FB-1883-4831-8E11-EC55E67E3D31}.Debug|Any CPU.ActiveCfg = Debug|Any CPU
		{BCA701FB-1883-4831-8E11-EC55E67E3D31}.Debug|Any CPU.Build.0 = Debug|Any CPU
		{BCA701FB-1883-4831-8E11-EC55E67E3D31}.Debug|Mixed Platforms.ActiveCfg = Debug|Any CPU
		{BCA701FB-1883-4831-8E11-EC55E67E3D31}.Debug|Mixed Platforms.Build.0 = Debug|Any CPU
		{BCA701FB-1883-4831-8E11-EC55E67E3D31}.Debug|x86.ActiveCfg = Debug|Any CPU
		{BCA701FB-1883-4831-8E11-EC55E67E3D31}.Debug|x86.Build.0 = Debug|Any CPU
		{BCA701FB-1883-4831-8E11-EC55E67E3D31}.Release MVC2 NET35|Any CPU.ActiveCfg = Release|Any CPU
		{BCA701FB-1883-4831-8E11-EC55E67E3D31}.Release MVC2 NET35|Any CPU.Build.0 = Release|Any CPU
		{BCA701FB-1883-4831-8E11-EC55E67E3D31}.Release MVC2 NET35|Mixed Platforms.ActiveCfg = Release|Any CPU
		{BCA701FB-1883-4831-8E11-EC55E67E3D31}.Release MVC2 NET35|Mixed Platforms.Build.0 = Release|Any CPU
		{BCA701FB-1883-4831-8E11-EC55E67E3D31}.Release MVC2 NET35|x86.ActiveCfg = Release|Any CPU
		{BCA701FB-1883-4831-8E11-EC55E67E3D31}.Release MVC2 NET35|x86.Build.0 = Release|Any CPU
		{BCA701FB-1883-4831-8E11-EC55E67E3D31}.Release|Any CPU.ActiveCfg = Release|Any CPU
		{BCA701FB-1883-4831-8E11-EC55E67E3D31}.Release|Any CPU.Build.0 = Release|Any CPU
		{BCA701FB-1883-4831-8E11-EC55E67E3D31}.Release|Mixed Platforms.ActiveCfg = Release|Any CPU
		{BCA701FB-1883-4831-8E11-EC55E67E3D31}.Release|Mixed Platforms.Build.0 = Release|Any CPU
		{BCA701FB-1883-4831-8E11-EC55E67E3D31}.Release|x86.ActiveCfg = Release|Any CPU
		{BCA701FB-1883-4831-8E11-EC55E67E3D31}.Release|x86.Build.0 = Release|Any CPU
	EndGlobalSection
	GlobalSection(SolutionProperties) = preSolution
		HideSolutionNode = FALSE
	EndGlobalSection
	GlobalSection(NestedProjects) = preSolution
		{139761C3-ED79-4639-A0AF-EFFD8CB47520} = {72576EEC-260F-4C03-956A-C34F82A9EBF6}
		{29F328EC-B4FF-4718-BCED-2F14DF3C03EE} = {66D59A66-0C4D-48E7-BA6D-0541ECD29F9A}
		{15DD66E8-2323-43C8-A5EF-7FC84B9C6047} = {66D59A66-0C4D-48E7-BA6D-0541ECD29F9A}
		{22953175-3556-4B88-8AAB-F6C326DCF4F7} = {66D59A66-0C4D-48E7-BA6D-0541ECD29F9A}
		{BD9A445E-8510-489D-8001-409B777C46CD} = {F77A9BEF-3EF5-4AA7-ACA6-403145FA2382}
		{F4D41148-04F7-4FAD-A6A5-E8206D9E1C54} = {F77A9BEF-3EF5-4AA7-ACA6-403145FA2382}
		{F4459B8F-FA58-49AD-8E24-CFFDAD8BCFEB} = {66D59A66-0C4D-48E7-BA6D-0541ECD29F9A}
		{0C4AF318-2BF0-4955-A203-7E3D7901FB94} = {66D59A66-0C4D-48E7-BA6D-0541ECD29F9A}
		{EF2D4629-0507-4DA8-B275-AB171C359943} = {66D59A66-0C4D-48E7-BA6D-0541ECD29F9A}
		{2376F4DB-61DF-4440-BAB7-5740E06CD945} = {4ACC2102-63AD-4FEC-B5FB-4A942704BC53}
		{16422A3A-E435-4D6B-B0E0-F47EC0CFC705} = {4ACC2102-63AD-4FEC-B5FB-4A942704BC53}
		{8933767B-4925-469C-92BC-1C6C37ED7EA8} = {4ACC2102-63AD-4FEC-B5FB-4A942704BC53}
		{BCA701FB-1883-4831-8E11-EC55E67E3D31} = {4ACC2102-63AD-4FEC-B5FB-4A942704BC53}
	EndGlobalSection
	GlobalSection(TeamFoundationVersionControl) = preSolution
		SccNumberOfProjects = 21
		SccEnterpriseProvider = {4CA58AB2-18FA-4F8D-95D4-32DDF27D184C}
		SccTeamFoundationServer = http://tfs.artq.com:8080/tfs/quantumartcollection
		SccLocalPath0 = .
		SccProjectUniqueName1 = utils\\Utils.csproj
		SccProjectName1 = utils
		SccLocalPath1 = utils
		SccProjectUniqueName2 = configuration\\Configuration.csproj
		SccProjectName2 = configuration
		SccLocalPath2 = configuration
		SccProjectUniqueName3 = dal\\DAL.csproj
		SccProjectName3 = dal
		SccLocalPath3 = dal
		SccProjectUniqueName4 = constants\\Constants.csproj
		SccProjectName4 = constants
		SccLocalPath4 = constants
		SccProjectUniqueName5 = bll\\BLL.csproj
		SccProjectName5 = bll
		SccLocalPath5 = bll
		SccProjectUniqueName6 = siteMvc\\WebMvc.csproj
		SccProjectName6 = siteMvc
		SccLocalPath6 = siteMvc
		SccProjectUniqueName7 = security\\Security.csproj
		SccProjectName7 = security
		SccLocalPath7 = security
		SccProjectUniqueName8 = winLogonMvc\\WinLogOnMvc.csproj
		SccProjectName8 = winLogonMvc
		SccLocalPath8 = winLogonMvc
		SccProjectUniqueName9 = validators\\Validators.csproj
		SccProjectName9 = validators
		SccLocalPath9 = validators
		SccProjectUniqueName10 = TestProject\\WebMvc.Test.csproj
		SccProjectName10 = TestProject
		SccLocalPath10 = TestProject
		SccProjectUniqueName11 = Resources\\Resources.csproj
		SccProjectName11 = Resources
		SccLocalPath11 = Resources
		SccProjectUniqueName12 = Quantumart.QP8.ArticleScheduler\\Quantumart.QP8.ArticleScheduler.csproj
		SccProjectTopLevelParentUniqueName12 = QP8.sln
		SccProjectName12 = Quantumart.QP8.ArticleScheduler
		SccLocalPath12 = Quantumart.QP8.ArticleScheduler
		SccProjectUniqueName13 = Quantumart.QP8.ArticleScheduler.WinService\\Quantumart.QP8.ArticleScheduler.WinService.csproj
		SccProjectTopLevelParentUniqueName13 = QP8.sln
		SccProjectName13 = Quantumart.QP8.ArticleScheduler.WinService
		SccLocalPath13 = Quantumart.QP8.ArticleScheduler.WinService
		SccProjectUniqueName14 = Quantumart.QP8.CutFixDbo\\Quantumart.QP8.CutFixDbo.csproj
		SccProjectTopLevelParentUniqueName14 = QP8.sln
		SccProjectName14 = Quantumart.QP8.CutFixDbo
		SccLocalPath14 = Quantumart.QP8.CutFixDbo
		SccProjectUniqueName15 = Quantumart.QP8.Deploy.RemoteBatch.Server\\Quantumart.QP8.Deploy.RemoteBatch.Server.csproj
		SccProjectTopLevelParentUniqueName15 = QP8.sln
		SccProjectName15 = Quantumart.QP8.Deploy.RemoteBatch.Server
		SccLocalPath15 = Quantumart.QP8.Deploy.RemoteBatch.Server
		SccProjectUniqueName16 = Quantumart.QP8.Deploy.RemoteBatch.Client\\Quantumart.QP8.Deploy.RemoteBatch.Client.csproj
		SccProjectTopLevelParentUniqueName16 = QP8.sln
		SccProjectName16 = Quantumart.QP8.Deploy.RemoteBatch.Client
		SccLocalPath16 = Quantumart.QP8.Deploy.RemoteBatch.Client
		SccProjectUniqueName17 = Logging\\Logging.csproj
		SccProjectTopLevelParentUniqueName17 = QP8.sln
		SccProjectName17 = Logging
		SccLocalPath17 = Logging
		SccProjectUniqueName18 = Logging.Loggers\\Logging.Loggers.csproj
		SccProjectTopLevelParentUniqueName18 = QP8.sln
		SccProjectName18 = Logging.Loggers
		SccLocalPath18 = Logging.Loggers
		SccProjectUniqueName19 = Logging.Templates\\Logging.Templates.csproj
		SccProjectTopLevelParentUniqueName19 = QP8.sln
		SccProjectName19 = Logging.Templates
		SccLocalPath19 = Logging.Templates
		SccProjectUniqueName20 = Logging.Web\\Logging.Web.csproj
		SccProjectTopLevelParentUniqueName20 = QP8.sln
		SccProjectName20 = Logging.Web
		SccLocalPath20 = Logging.Web
	EndGlobalSection
	GlobalSection(TestCaseManagementSettings) = postSolution
		CategoryFile = QP8.vsmdi
	EndGlobalSection
EndGlobal
