Microsoft Visual Studio Solution File, Format Version 12.00
# Visual Studio 14
VisualStudioVersion = 14.0.24720.0
MinimumVisualStudioVersion = 10.0.40219.1
Project("{2150E333-8FDC-42A3-9474-1A3956D46DE8}") = "Solution Items", "Solution Items", "{72576EEC-260F-4C03-956A-C34F82A9EBF6}"
	ProjectSection(SolutionItems) = preProject
		package\pack\7za.exe = package\pack\7za.exe
		package\pack\blddpl.cmd = package\pack\blddpl.cmd
		package\unpack\cpy.mscdev01.dev.cmd = package\unpack\cpy.mscdev01.dev.cmd
		package\unpack\cpy.spbdev01.dev.cmd = package\unpack\cpy.spbdev01.dev.cmd
		package\unpack\cpyrosnano.cmd = package\unpack\cpyrosnano.cmd
		package\pack\ctt.exe = package\pack\ctt.exe
		package\pack\ctt.exe.config = package\pack\ctt.exe.config
		package\unpack\deploy.cmd = package\unpack\deploy.cmd
		Local.testsettings = Local.testsettings
		package\pack\mkpkg.cmd = package\pack\mkpkg.cmd
		package\unpack\ncftpput.exe = package\unpack\ncftpput.exe
		QP8.vsmdi = QP8.vsmdi
		package\pack\TfsExport.exe = package\pack\TfsExport.exe
		package\unpack\updatedb.cmd = package\unpack\updatedb.cmd
	EndProjectSection
EndProject
Project("{2150E333-8FDC-42A3-9474-1A3956D46DE8}") = "binaries", "binaries", "{139761C3-ED79-4639-A0AF-EFFD8CB47520}"
	ProjectSection(SolutionItems) = preProject
		binaries\AutoMapper.dll = binaries\AutoMapper.dll
		binaries\Castle.Core.dll = binaries\Castle.Core.dll
		binaries\Castle.Core.xml = binaries\Castle.Core.xml
		binaries\Castle.DynamicProxy2.dll = binaries\Castle.DynamicProxy2.dll
		binaries\Castle.DynamicProxy2.xml = binaries\Castle.DynamicProxy2.xml
		binaries\EFExtensions.dll = binaries\EFExtensions.dll
		binaries\EFExtensions.pdb = binaries\EFExtensions.pdb
		binaries\EFExtensions.xml = binaries\EFExtensions.xml
		binaries\EmitMapper.dll = binaries\EmitMapper.dll
		binaries\EmitMapper.pdb = binaries\EmitMapper.pdb
		binaries\Irony.dll = binaries\Irony.dll
		binaries\Irony.pdb = binaries\Irony.pdb
		binaries\Microsoft.Practices.EnterpriseLibrary.Common.dll = binaries\Microsoft.Practices.EnterpriseLibrary.Common.dll
		binaries\Microsoft.Practices.EnterpriseLibrary.Common.pdb = binaries\Microsoft.Practices.EnterpriseLibrary.Common.pdb
		binaries\Microsoft.Practices.EnterpriseLibrary.Common.xml = binaries\Microsoft.Practices.EnterpriseLibrary.Common.xml
		binaries\Microsoft.Practices.EnterpriseLibrary.Data.dll = binaries\Microsoft.Practices.EnterpriseLibrary.Data.dll
		binaries\Microsoft.Practices.EnterpriseLibrary.Data.pdb = binaries\Microsoft.Practices.EnterpriseLibrary.Data.pdb
		binaries\Microsoft.Practices.EnterpriseLibrary.Data.xml = binaries\Microsoft.Practices.EnterpriseLibrary.Data.xml
		binaries\Microsoft.Practices.EnterpriseLibrary.ExceptionHandling.dll = binaries\Microsoft.Practices.EnterpriseLibrary.ExceptionHandling.dll
		binaries\Microsoft.Practices.EnterpriseLibrary.ExceptionHandling.Logging.dll = binaries\Microsoft.Practices.EnterpriseLibrary.ExceptionHandling.Logging.dll
		binaries\Microsoft.Practices.EnterpriseLibrary.ExceptionHandling.Logging.pdb = binaries\Microsoft.Practices.EnterpriseLibrary.ExceptionHandling.Logging.pdb
		binaries\Microsoft.Practices.EnterpriseLibrary.ExceptionHandling.pdb = binaries\Microsoft.Practices.EnterpriseLibrary.ExceptionHandling.pdb
		binaries\Microsoft.Practices.EnterpriseLibrary.ExceptionHandling.xml = binaries\Microsoft.Practices.EnterpriseLibrary.ExceptionHandling.xml
		binaries\Microsoft.Practices.EnterpriseLibrary.Logging.dll = binaries\Microsoft.Practices.EnterpriseLibrary.Logging.dll
		binaries\Microsoft.Practices.EnterpriseLibrary.Logging.pdb = binaries\Microsoft.Practices.EnterpriseLibrary.Logging.pdb
		binaries\Microsoft.Practices.EnterpriseLibrary.Logging.xml = binaries\Microsoft.Practices.EnterpriseLibrary.Logging.xml
		binaries\Microsoft.Practices.EnterpriseLibrary.Validation.dll = binaries\Microsoft.Practices.EnterpriseLibrary.Validation.dll
		binaries\Microsoft.Practices.EnterpriseLibrary.Validation.Integration.AspNet.dll = binaries\Microsoft.Practices.EnterpriseLibrary.Validation.Integration.AspNet.dll
		binaries\Microsoft.Practices.EnterpriseLibrary.Validation.Integration.AspNet.pdb = binaries\Microsoft.Practices.EnterpriseLibrary.Validation.Integration.AspNet.pdb
		binaries\Microsoft.Practices.EnterpriseLibrary.Validation.Integration.AspNet.xml = binaries\Microsoft.Practices.EnterpriseLibrary.Validation.Integration.AspNet.xml
		binaries\Microsoft.Practices.EnterpriseLibrary.Validation.pdb = binaries\Microsoft.Practices.EnterpriseLibrary.Validation.pdb
		binaries\Microsoft.Practices.EnterpriseLibrary.Validation.xml = binaries\Microsoft.Practices.EnterpriseLibrary.Validation.xml
		binaries\Microsoft.Practices.ServiceLocation.dll = binaries\Microsoft.Practices.ServiceLocation.dll
		binaries\Microsoft.Practices.Unity.Configuration.dll = binaries\Microsoft.Practices.Unity.Configuration.dll
		binaries\Microsoft.Practices.Unity.Configuration.pdb = binaries\Microsoft.Practices.Unity.Configuration.pdb
		binaries\Microsoft.Practices.Unity.dll = binaries\Microsoft.Practices.Unity.dll
		binaries\Microsoft.Practices.Unity.Interception.dll = binaries\Microsoft.Practices.Unity.Interception.dll
		binaries\Microsoft.Practices.Unity.Interception.pdb = binaries\Microsoft.Practices.Unity.Interception.pdb
		binaries\Moq.dll = binaries\Moq.dll
		binaries\Moq.pdb = binaries\Moq.pdb
		binaries\Moq.xml = binaries\Moq.xml
		binaries\QA.Configuration.dll = binaries\QA.Configuration.dll
		binaries\QA.Configuration.pdb = binaries\QA.Configuration.pdb
		binaries\QA.Configuration.xml = binaries\QA.Configuration.xml
		binaries\QA.Validation.Xaml.dll = binaries\QA.Validation.Xaml.dll
		binaries\QA.Validation.Xaml.Extensions.dll = binaries\QA.Validation.Xaml.Extensions.dll
		binaries\QA.Validation.Xaml.Extensions.XML = binaries\QA.Validation.Xaml.Extensions.XML
		binaries\QA.Validation.Xaml.XML = binaries\QA.Validation.Xaml.XML
		binaries\QA_Assembling.dll = binaries\QA_Assembling.dll
		binaries\QA_Assembling.pdb = binaries\QA_Assembling.pdb
		binaries\Quantumart.dll = binaries\Quantumart.dll
		binaries\Quantumart.pdb = binaries\Quantumart.pdb
		binaries\Telerik.Web.Design.dll = binaries\Telerik.Web.Design.dll
		binaries\Telerik.Web.Mvc.dll = binaries\Telerik.Web.Mvc.dll
		binaries\Telerik.Web.Mvc.pdb = binaries\Telerik.Web.Mvc.pdb
		binaries\Telerik.Web.Mvc.xml = binaries\Telerik.Web.Mvc.xml
		binaries\Telerik.Web.UI.XML = binaries\Telerik.Web.UI.XML
		binaries\Telerik.Windows.Controls.dll = binaries\Telerik.Windows.Controls.dll
		binaries\Telerik.Windows.Controls.Input.dll = binaries\Telerik.Windows.Controls.Input.dll
		binaries\Telerik.Windows.RadUploadHandler.dll = binaries\Telerik.Windows.RadUploadHandler.dll
	EndProjectSection
EndProject
Project("{2150E333-8FDC-42A3-9474-1A3956D46DE8}") = "Schedule Service", "Schedule Service", "{F77A9BEF-3EF5-4AA7-ACA6-403145FA2382}"
EndProject
Project("{2150E333-8FDC-42A3-9474-1A3956D46DE8}") = "package", "package", "{66D59A66-0C4D-48E7-BA6D-0541ECD29F9A}"
EndProject
Project("{2150E333-8FDC-42A3-9474-1A3956D46DE8}") = "pack", "pack", "{29F328EC-B4FF-4718-BCED-2F14DF3C03EE}"
	ProjectSection(SolutionItems) = preProject
		package\pack\7za.exe = package\pack\7za.exe
		package\pack\_nuget.exe = package\pack\_nuget.exe
		package\pack\blddpl.cmd = package\pack\blddpl.cmd
		package\pack\ctt.exe = package\pack\ctt.exe
		package\pack\ctt.exe.config = package\pack\ctt.exe.config
		package\pack\mkpkg.cmd = package\pack\mkpkg.cmd
		package\pack\TfsExport.exe = package\pack\TfsExport.exe
	EndProjectSection
EndProject
Project("{2150E333-8FDC-42A3-9474-1A3956D46DE8}") = "unpack", "unpack", "{15DD66E8-2323-43C8-A5EF-7FC84B9C6047}"
	ProjectSection(SolutionItems) = preProject
		package\unpack\cpy.mscdev01.dev.cmd = package\unpack\cpy.mscdev01.dev.cmd
		package\unpack\cpy.spbdev02.dev.cmd = package\unpack\cpy.spbdev02.dev.cmd
		package\unpack\cpyprod.cmd = package\unpack\cpyprod.cmd
		package\unpack\cpyrosnano.cmd = package\unpack\cpyrosnano.cmd
		package\unpack\deploy.cmd = package\unpack\deploy.cmd
		package\unpack\ncftpput.exe = package\unpack\ncftpput.exe
		package\unpack\updatedb.cmd = package\unpack\updatedb.cmd
	EndProjectSection
EndProject
Project("{2150E333-8FDC-42A3-9474-1A3956D46DE8}") = "deploy", "deploy", "{22953175-3556-4B88-8AAB-F6C326DCF4F7}"
	ProjectSection(SolutionItems) = preProject
		package\pack\7za.exe = package\pack\7za.exe
		package\pack\blddpl.cmd = package\pack\blddpl.cmd
		package\pack\ctt.exe = package\pack\ctt.exe
		package\pack\ctt.exe.config = package\pack\ctt.exe.config
		package\pack\mkpkg.cmd = package\pack\mkpkg.cmd
		package\pack\TfsExport.exe = package\pack\TfsExport.exe
	EndProjectSection
EndProject
Project("{FAE04EC0-301F-11D3-BF4B-00C04F79EFBC}") = "WebMvc", "siteMvc\WebMvc.csproj", "{8BE1BB60-1938-45E8-BAFB-1D008D62059C}"
EndProject
Project("{FAE04EC0-301F-11D3-BF4B-00C04F79EFBC}") = "Utils", "utils\Utils.csproj", "{448D5691-BDFC-4314-8036-EA615978273D}"
EndProject
Project("{FAE04EC0-301F-11D3-BF4B-00C04F79EFBC}") = "Configuration", "configuration\Configuration.csproj", "{EB18DF82-A593-40CA-AA31-EF430A9E7F24}"
EndProject
Project("{FAE04EC0-301F-11D3-BF4B-00C04F79EFBC}") = "DAL", "dal\DAL.csproj", "{3FF8834B-FB47-4855-B1E2-3B88C0DB1A94}"
EndProject
Project("{FAE04EC0-301F-11D3-BF4B-00C04F79EFBC}") = "Constants", "constants\Constants.csproj", "{634F0DA9-9351-40FC-B558-DA8BABC9B2E0}"
EndProject
Project("{FAE04EC0-301F-11D3-BF4B-00C04F79EFBC}") = "BLL", "bll\BLL.csproj", "{2FD6E504-0845-4C89-AE58-BDB467D8C487}"
EndProject
Project("{FAE04EC0-301F-11D3-BF4B-00C04F79EFBC}") = "Security", "security\Security.csproj", "{CC32A8B5-24B7-4EF1-B68E-DE755A136F70}"
EndProject
Project("{FAE04EC0-301F-11D3-BF4B-00C04F79EFBC}") = "WinLogOnMvc", "winLogonMvc\WinLogOnMvc.csproj", "{DE073901-E0A0-4B83-816A-C65B34955CFE}"
EndProject
Project("{FAE04EC0-301F-11D3-BF4B-00C04F79EFBC}") = "WebMvc.Test", "TestProject\WebMvc.Test.csproj", "{12E512D3-A0D4-4AC6-84FA-D434A6AF063A}"
EndProject
Project("{FAE04EC0-301F-11D3-BF4B-00C04F79EFBC}") = "Validators", "validators\Validators.csproj", "{289708F2-2275-4FAD-858F-1499AA467E28}"
EndProject
Project("{FAE04EC0-301F-11D3-BF4B-00C04F79EFBC}") = "Resources", "Resources\Resources.csproj", "{2A8B24B1-32AA-4A82-AB51-450F18FCBC76}"
EndProject
Project("{FAE04EC0-301F-11D3-BF4B-00C04F79EFBC}") = "Quantumart.QP8.ArticleScheduler", "Quantumart.QP8.ArticleScheduler\Quantumart.QP8.ArticleScheduler.csproj", "{BD9A445E-8510-489D-8001-409B777C46CD}"
EndProject
Project("{FAE04EC0-301F-11D3-BF4B-00C04F79EFBC}") = "Quantumart.QP8.ArticleScheduler.WinService", "Quantumart.QP8.ArticleScheduler.WinService\Quantumart.QP8.ArticleScheduler.WinService.csproj", "{F4D41148-04F7-4FAD-A6A5-E8206D9E1C54}"
EndProject
Project("{FAE04EC0-301F-11D3-BF4B-00C04F79EFBC}") = "Quantumart.QP8.CutFixDbo", "Quantumart.QP8.CutFixDbo\Quantumart.QP8.CutFixDbo.csproj", "{F4459B8F-FA58-49AD-8E24-CFFDAD8BCFEB}"
EndProject
Project("{FAE04EC0-301F-11D3-BF4B-00C04F79EFBC}") = "Quantumart.QP8.Deploy.RemoteBatch.Server", "Quantumart.QP8.Deploy.RemoteBatch.Server\Quantumart.QP8.Deploy.RemoteBatch.Server.csproj", "{0C4AF318-2BF0-4955-A203-7E3D7901FB94}"
EndProject
Project("{FAE04EC0-301F-11D3-BF4B-00C04F79EFBC}") = "Quantumart.QP8.Deploy.RemoteBatch.Client", "Quantumart.QP8.Deploy.RemoteBatch.Client\Quantumart.QP8.Deploy.RemoteBatch.Client.csproj", "{EF2D4629-0507-4DA8-B275-AB171C359943}"
EndProject
Project("{2150E333-8FDC-42A3-9474-1A3956D46DE8}") = "Logging", "Logging", "{4ACC2102-63AD-4FEC-B5FB-4A942704BC53}"
EndProject
Project("{FAE04EC0-301F-11D3-BF4B-00C04F79EFBC}") = "Logging", "Logging\Logging.csproj", "{2376F4DB-61DF-4440-BAB7-5740E06CD945}"
EndProject
Project("{FAE04EC0-301F-11D3-BF4B-00C04F79EFBC}") = "Logging.Loggers", "Logging.Loggers\Logging.Loggers.csproj", "{16422A3A-E435-4D6B-B0E0-F47EC0CFC705}"
EndProject
Project("{FAE04EC0-301F-11D3-BF4B-00C04F79EFBC}") = "Logging.Templates", "Logging.Templates\Logging.Templates.csproj", "{8933767B-4925-469C-92BC-1C6C37ED7EA8}"
EndProject
Project("{FAE04EC0-301F-11D3-BF4B-00C04F79EFBC}") = "Logging.Web", "Logging.Web\Logging.Web.csproj", "{BCA701FB-1883-4831-8E11-EC55E67E3D31}"
EndProject
Project("{2150E333-8FDC-42A3-9474-1A3956D46DE8}") = ".nuget", ".nuget", "{BE7089C7-6A8E-47E4-9D05-2142E4FA0C59}"
	ProjectSection(SolutionItems) = preProject
		nuget.config = nuget.config
	EndProjectSection
EndProject
Project("{FAE04EC0-301F-11D3-BF4B-00C04F79EFBC}") = "Quantumart", "Quantumart\Quantumart.csproj", "{4936635F-9151-49F8-9017-615B9C828491}"
EndProject
Project("{FAE04EC0-301F-11D3-BF4B-00C04F79EFBC}") = "Assembling", "Assembling\Assembling.csproj", "{ABA32EEB-7B9A-4BD8-973B-CD483F076237}"
EndProject
Project("{FAE04EC0-301F-11D3-BF4B-00C04F79EFBC}") = "Merger", "Merger\Merger.csproj", "{CC2A4EAB-777F-4B3C-8898-6FA1D00B2F7C}"
EndProject
Global
	GlobalSection(SolutionConfigurationPlatforms) = preSolution
		Debug MVC2 NET35|Any CPU = Debug MVC2 NET35|Any CPU
		Debug MVC2 NET35|Mixed Platforms = Debug MVC2 NET35|Mixed Platforms
		Debug MVC2 NET35|x86 = Debug MVC2 NET35|x86
		Debug|Any CPU = Debug|Any CPU
		Debug|Mixed Platforms = Debug|Mixed Platforms
		Debug|x86 = Debug|x86
		Live|Any CPU = Live|Any CPU
		Live|Mixed Platforms = Live|Mixed Platforms
		Live|x86 = Live|x86
		Release MVC2 NET35|Any CPU = Release MVC2 NET35|Any CPU
		Release MVC2 NET35|Mixed Platforms = Release MVC2 NET35|Mixed Platforms
		Release MVC2 NET35|x86 = Release MVC2 NET35|x86
		Release|Any CPU = Release|Any CPU
		Release|Mixed Platforms = Release|Mixed Platforms
		Release|x86 = Release|x86
		Stage|Any CPU = Stage|Any CPU
		Stage|Mixed Platforms = Stage|Mixed Platforms
		Stage|x86 = Stage|x86
	EndGlobalSection
	GlobalSection(ProjectConfigurationPlatforms) = postSolution
		{8BE1BB60-1938-45E8-BAFB-1D008D62059C}.Debug MVC2 NET35|Any CPU.ActiveCfg = Debug|Any CPU
		{8BE1BB60-1938-45E8-BAFB-1D008D62059C}.Debug MVC2 NET35|Any CPU.Build.0 = Debug|Any CPU
		{8BE1BB60-1938-45E8-BAFB-1D008D62059C}.Debug MVC2 NET35|Mixed Platforms.ActiveCfg = Debug|Any CPU
		{8BE1BB60-1938-45E8-BAFB-1D008D62059C}.Debug MVC2 NET35|Mixed Platforms.Build.0 = Debug|Any CPU
		{8BE1BB60-1938-45E8-BAFB-1D008D62059C}.Debug MVC2 NET35|x86.ActiveCfg = Debug|Any CPU
		{8BE1BB60-1938-45E8-BAFB-1D008D62059C}.Debug|Any CPU.ActiveCfg = Debug|Any CPU
		{8BE1BB60-1938-45E8-BAFB-1D008D62059C}.Debug|Any CPU.Build.0 = Debug|Any CPU
		{8BE1BB60-1938-45E8-BAFB-1D008D62059C}.Debug|Mixed Platforms.ActiveCfg = Debug|Any CPU
		{8BE1BB60-1938-45E8-BAFB-1D008D62059C}.Debug|Mixed Platforms.Build.0 = Debug|Any CPU
		{8BE1BB60-1938-45E8-BAFB-1D008D62059C}.Debug|x86.ActiveCfg = Debug|Any CPU
		{8BE1BB60-1938-45E8-BAFB-1D008D62059C}.Live|Any CPU.ActiveCfg = Release|Any CPU
		{8BE1BB60-1938-45E8-BAFB-1D008D62059C}.Live|Any CPU.Build.0 = Release|Any CPU
		{8BE1BB60-1938-45E8-BAFB-1D008D62059C}.Live|Mixed Platforms.ActiveCfg = Release|Any CPU
		{8BE1BB60-1938-45E8-BAFB-1D008D62059C}.Live|Mixed Platforms.Build.0 = Release|Any CPU
		{8BE1BB60-1938-45E8-BAFB-1D008D62059C}.Live|x86.ActiveCfg = Release|Any CPU
		{8BE1BB60-1938-45E8-BAFB-1D008D62059C}.Live|x86.Build.0 = Release|Any CPU
		{8BE1BB60-1938-45E8-BAFB-1D008D62059C}.Release MVC2 NET35|Any CPU.ActiveCfg = Release|Any CPU
		{8BE1BB60-1938-45E8-BAFB-1D008D62059C}.Release MVC2 NET35|Any CPU.Build.0 = Release|Any CPU
		{8BE1BB60-1938-45E8-BAFB-1D008D62059C}.Release MVC2 NET35|Mixed Platforms.ActiveCfg = Release|Any CPU
		{8BE1BB60-1938-45E8-BAFB-1D008D62059C}.Release MVC2 NET35|Mixed Platforms.Build.0 = Release|Any CPU
		{8BE1BB60-1938-45E8-BAFB-1D008D62059C}.Release MVC2 NET35|x86.ActiveCfg = Release|Any CPU
		{8BE1BB60-1938-45E8-BAFB-1D008D62059C}.Release|Any CPU.ActiveCfg = Release|Any CPU
		{8BE1BB60-1938-45E8-BAFB-1D008D62059C}.Release|Any CPU.Build.0 = Release|Any CPU
		{8BE1BB60-1938-45E8-BAFB-1D008D62059C}.Release|Mixed Platforms.ActiveCfg = Release|Any CPU
		{8BE1BB60-1938-45E8-BAFB-1D008D62059C}.Release|Mixed Platforms.Build.0 = Release|Any CPU
		{8BE1BB60-1938-45E8-BAFB-1D008D62059C}.Release|x86.ActiveCfg = Release|Any CPU
		{8BE1BB60-1938-45E8-BAFB-1D008D62059C}.Stage|Any CPU.ActiveCfg = Release|Any CPU
		{8BE1BB60-1938-45E8-BAFB-1D008D62059C}.Stage|Any CPU.Build.0 = Release|Any CPU
		{8BE1BB60-1938-45E8-BAFB-1D008D62059C}.Stage|Mixed Platforms.ActiveCfg = Release|Any CPU
		{8BE1BB60-1938-45E8-BAFB-1D008D62059C}.Stage|Mixed Platforms.Build.0 = Release|Any CPU
		{8BE1BB60-1938-45E8-BAFB-1D008D62059C}.Stage|x86.ActiveCfg = Release|Any CPU
		{8BE1BB60-1938-45E8-BAFB-1D008D62059C}.Stage|x86.Build.0 = Release|Any CPU
		{448D5691-BDFC-4314-8036-EA615978273D}.Debug MVC2 NET35|Any CPU.ActiveCfg = Debug|Any CPU
		{448D5691-BDFC-4314-8036-EA615978273D}.Debug MVC2 NET35|Any CPU.Build.0 = Debug|Any CPU
		{448D5691-BDFC-4314-8036-EA615978273D}.Debug MVC2 NET35|Mixed Platforms.ActiveCfg = Debug|Any CPU
		{448D5691-BDFC-4314-8036-EA615978273D}.Debug MVC2 NET35|Mixed Platforms.Build.0 = Debug|Any CPU
		{448D5691-BDFC-4314-8036-EA615978273D}.Debug MVC2 NET35|x86.ActiveCfg = Debug|Any CPU
		{448D5691-BDFC-4314-8036-EA615978273D}.Debug|Any CPU.ActiveCfg = Debug|Any CPU
		{448D5691-BDFC-4314-8036-EA615978273D}.Debug|Any CPU.Build.0 = Debug|Any CPU
		{448D5691-BDFC-4314-8036-EA615978273D}.Debug|Mixed Platforms.ActiveCfg = Debug|Any CPU
		{448D5691-BDFC-4314-8036-EA615978273D}.Debug|Mixed Platforms.Build.0 = Debug|Any CPU
		{448D5691-BDFC-4314-8036-EA615978273D}.Debug|x86.ActiveCfg = Debug|Any CPU
		{448D5691-BDFC-4314-8036-EA615978273D}.Live|Any CPU.ActiveCfg = Release|Any CPU
		{448D5691-BDFC-4314-8036-EA615978273D}.Live|Any CPU.Build.0 = Release|Any CPU
		{448D5691-BDFC-4314-8036-EA615978273D}.Live|Mixed Platforms.ActiveCfg = Release|Any CPU
		{448D5691-BDFC-4314-8036-EA615978273D}.Live|Mixed Platforms.Build.0 = Release|Any CPU
		{448D5691-BDFC-4314-8036-EA615978273D}.Live|x86.ActiveCfg = Release|Any CPU
		{448D5691-BDFC-4314-8036-EA615978273D}.Live|x86.Build.0 = Release|Any CPU
		{448D5691-BDFC-4314-8036-EA615978273D}.Release MVC2 NET35|Any CPU.ActiveCfg = Release|Any CPU
		{448D5691-BDFC-4314-8036-EA615978273D}.Release MVC2 NET35|Any CPU.Build.0 = Release|Any CPU
		{448D5691-BDFC-4314-8036-EA615978273D}.Release MVC2 NET35|Mixed Platforms.ActiveCfg = Release|Any CPU
		{448D5691-BDFC-4314-8036-EA615978273D}.Release MVC2 NET35|Mixed Platforms.Build.0 = Release|Any CPU
		{448D5691-BDFC-4314-8036-EA615978273D}.Release MVC2 NET35|x86.ActiveCfg = Release|Any CPU
		{448D5691-BDFC-4314-8036-EA615978273D}.Release|Any CPU.ActiveCfg = Release|Any CPU
		{448D5691-BDFC-4314-8036-EA615978273D}.Release|Any CPU.Build.0 = Release|Any CPU
		{448D5691-BDFC-4314-8036-EA615978273D}.Release|Mixed Platforms.ActiveCfg = Release|Any CPU
		{448D5691-BDFC-4314-8036-EA615978273D}.Release|Mixed Platforms.Build.0 = Release|Any CPU
		{448D5691-BDFC-4314-8036-EA615978273D}.Release|x86.ActiveCfg = Release|Any CPU
		{448D5691-BDFC-4314-8036-EA615978273D}.Stage|Any CPU.ActiveCfg = Release|Any CPU
		{448D5691-BDFC-4314-8036-EA615978273D}.Stage|Any CPU.Build.0 = Release|Any CPU
		{448D5691-BDFC-4314-8036-EA615978273D}.Stage|Mixed Platforms.ActiveCfg = Release|Any CPU
		{448D5691-BDFC-4314-8036-EA615978273D}.Stage|Mixed Platforms.Build.0 = Release|Any CPU
		{448D5691-BDFC-4314-8036-EA615978273D}.Stage|x86.ActiveCfg = Release|Any CPU
		{448D5691-BDFC-4314-8036-EA615978273D}.Stage|x86.Build.0 = Release|Any CPU
		{EB18DF82-A593-40CA-AA31-EF430A9E7F24}.Debug MVC2 NET35|Any CPU.ActiveCfg = Debug|Any CPU
		{EB18DF82-A593-40CA-AA31-EF430A9E7F24}.Debug MVC2 NET35|Any CPU.Build.0 = Debug|Any CPU
		{EB18DF82-A593-40CA-AA31-EF430A9E7F24}.Debug MVC2 NET35|Mixed Platforms.ActiveCfg = Debug|Any CPU
		{EB18DF82-A593-40CA-AA31-EF430A9E7F24}.Debug MVC2 NET35|Mixed Platforms.Build.0 = Debug|Any CPU
		{EB18DF82-A593-40CA-AA31-EF430A9E7F24}.Debug MVC2 NET35|x86.ActiveCfg = Debug|Any CPU
		{EB18DF82-A593-40CA-AA31-EF430A9E7F24}.Debug|Any CPU.ActiveCfg = Debug|Any CPU
		{EB18DF82-A593-40CA-AA31-EF430A9E7F24}.Debug|Any CPU.Build.0 = Debug|Any CPU
		{EB18DF82-A593-40CA-AA31-EF430A9E7F24}.Debug|Mixed Platforms.ActiveCfg = Debug|Any CPU
		{EB18DF82-A593-40CA-AA31-EF430A9E7F24}.Debug|Mixed Platforms.Build.0 = Debug|Any CPU
		{EB18DF82-A593-40CA-AA31-EF430A9E7F24}.Debug|x86.ActiveCfg = Debug|Any CPU
		{EB18DF82-A593-40CA-AA31-EF430A9E7F24}.Live|Any CPU.ActiveCfg = Release|Any CPU
		{EB18DF82-A593-40CA-AA31-EF430A9E7F24}.Live|Any CPU.Build.0 = Release|Any CPU
		{EB18DF82-A593-40CA-AA31-EF430A9E7F24}.Live|Mixed Platforms.ActiveCfg = Release|Any CPU
		{EB18DF82-A593-40CA-AA31-EF430A9E7F24}.Live|Mixed Platforms.Build.0 = Release|Any CPU
		{EB18DF82-A593-40CA-AA31-EF430A9E7F24}.Live|x86.ActiveCfg = Release|Any CPU
		{EB18DF82-A593-40CA-AA31-EF430A9E7F24}.Live|x86.Build.0 = Release|Any CPU
		{EB18DF82-A593-40CA-AA31-EF430A9E7F24}.Release MVC2 NET35|Any CPU.ActiveCfg = Release|Any CPU
		{EB18DF82-A593-40CA-AA31-EF430A9E7F24}.Release MVC2 NET35|Any CPU.Build.0 = Release|Any CPU
		{EB18DF82-A593-40CA-AA31-EF430A9E7F24}.Release MVC2 NET35|Mixed Platforms.ActiveCfg = Release|Any CPU
		{EB18DF82-A593-40CA-AA31-EF430A9E7F24}.Release MVC2 NET35|Mixed Platforms.Build.0 = Release|Any CPU
		{EB18DF82-A593-40CA-AA31-EF430A9E7F24}.Release MVC2 NET35|x86.ActiveCfg = Release|Any CPU
		{EB18DF82-A593-40CA-AA31-EF430A9E7F24}.Release|Any CPU.ActiveCfg = Release|Any CPU
		{EB18DF82-A593-40CA-AA31-EF430A9E7F24}.Release|Any CPU.Build.0 = Release|Any CPU
		{EB18DF82-A593-40CA-AA31-EF430A9E7F24}.Release|Mixed Platforms.ActiveCfg = Release|Any CPU
		{EB18DF82-A593-40CA-AA31-EF430A9E7F24}.Release|Mixed Platforms.Build.0 = Release|Any CPU
		{EB18DF82-A593-40CA-AA31-EF430A9E7F24}.Release|x86.ActiveCfg = Release|Any CPU
		{EB18DF82-A593-40CA-AA31-EF430A9E7F24}.Stage|Any CPU.ActiveCfg = Release|Any CPU
		{EB18DF82-A593-40CA-AA31-EF430A9E7F24}.Stage|Any CPU.Build.0 = Release|Any CPU
		{EB18DF82-A593-40CA-AA31-EF430A9E7F24}.Stage|Mixed Platforms.ActiveCfg = Release|Any CPU
		{EB18DF82-A593-40CA-AA31-EF430A9E7F24}.Stage|Mixed Platforms.Build.0 = Release|Any CPU
		{EB18DF82-A593-40CA-AA31-EF430A9E7F24}.Stage|x86.ActiveCfg = Release|Any CPU
		{EB18DF82-A593-40CA-AA31-EF430A9E7F24}.Stage|x86.Build.0 = Release|Any CPU
		{3FF8834B-FB47-4855-B1E2-3B88C0DB1A94}.Debug MVC2 NET35|Any CPU.ActiveCfg = Debug|Any CPU
		{3FF8834B-FB47-4855-B1E2-3B88C0DB1A94}.Debug MVC2 NET35|Any CPU.Build.0 = Debug|Any CPU
		{3FF8834B-FB47-4855-B1E2-3B88C0DB1A94}.Debug MVC2 NET35|Mixed Platforms.ActiveCfg = Debug|Any CPU
		{3FF8834B-FB47-4855-B1E2-3B88C0DB1A94}.Debug MVC2 NET35|Mixed Platforms.Build.0 = Debug|Any CPU
		{3FF8834B-FB47-4855-B1E2-3B88C0DB1A94}.Debug MVC2 NET35|x86.ActiveCfg = Debug|Any CPU
		{3FF8834B-FB47-4855-B1E2-3B88C0DB1A94}.Debug|Any CPU.ActiveCfg = Debug|Any CPU
		{3FF8834B-FB47-4855-B1E2-3B88C0DB1A94}.Debug|Any CPU.Build.0 = Debug|Any CPU
		{3FF8834B-FB47-4855-B1E2-3B88C0DB1A94}.Debug|Mixed Platforms.ActiveCfg = Debug|Any CPU
		{3FF8834B-FB47-4855-B1E2-3B88C0DB1A94}.Debug|Mixed Platforms.Build.0 = Debug|Any CPU
		{3FF8834B-FB47-4855-B1E2-3B88C0DB1A94}.Debug|x86.ActiveCfg = Debug|Any CPU
		{3FF8834B-FB47-4855-B1E2-3B88C0DB1A94}.Live|Any CPU.ActiveCfg = Release|Any CPU
		{3FF8834B-FB47-4855-B1E2-3B88C0DB1A94}.Live|Any CPU.Build.0 = Release|Any CPU
		{3FF8834B-FB47-4855-B1E2-3B88C0DB1A94}.Live|Mixed Platforms.ActiveCfg = Release|Any CPU
		{3FF8834B-FB47-4855-B1E2-3B88C0DB1A94}.Live|Mixed Platforms.Build.0 = Release|Any CPU
		{3FF8834B-FB47-4855-B1E2-3B88C0DB1A94}.Live|x86.ActiveCfg = Release|Any CPU
		{3FF8834B-FB47-4855-B1E2-3B88C0DB1A94}.Live|x86.Build.0 = Release|Any CPU
		{3FF8834B-FB47-4855-B1E2-3B88C0DB1A94}.Release MVC2 NET35|Any CPU.ActiveCfg = Release|Any CPU
		{3FF8834B-FB47-4855-B1E2-3B88C0DB1A94}.Release MVC2 NET35|Any CPU.Build.0 = Release|Any CPU
		{3FF8834B-FB47-4855-B1E2-3B88C0DB1A94}.Release MVC2 NET35|Mixed Platforms.ActiveCfg = Release|Any CPU
		{3FF8834B-FB47-4855-B1E2-3B88C0DB1A94}.Release MVC2 NET35|Mixed Platforms.Build.0 = Release|Any CPU
		{3FF8834B-FB47-4855-B1E2-3B88C0DB1A94}.Release MVC2 NET35|x86.ActiveCfg = Release|Any CPU
		{3FF8834B-FB47-4855-B1E2-3B88C0DB1A94}.Release|Any CPU.ActiveCfg = Release|Any CPU
		{3FF8834B-FB47-4855-B1E2-3B88C0DB1A94}.Release|Any CPU.Build.0 = Release|Any CPU
		{3FF8834B-FB47-4855-B1E2-3B88C0DB1A94}.Release|Mixed Platforms.ActiveCfg = Release|Any CPU
		{3FF8834B-FB47-4855-B1E2-3B88C0DB1A94}.Release|Mixed Platforms.Build.0 = Release|Any CPU
		{3FF8834B-FB47-4855-B1E2-3B88C0DB1A94}.Release|x86.ActiveCfg = Release|Any CPU
		{3FF8834B-FB47-4855-B1E2-3B88C0DB1A94}.Stage|Any CPU.ActiveCfg = Release|Any CPU
		{3FF8834B-FB47-4855-B1E2-3B88C0DB1A94}.Stage|Any CPU.Build.0 = Release|Any CPU
		{3FF8834B-FB47-4855-B1E2-3B88C0DB1A94}.Stage|Mixed Platforms.ActiveCfg = Release|Any CPU
		{3FF8834B-FB47-4855-B1E2-3B88C0DB1A94}.Stage|Mixed Platforms.Build.0 = Release|Any CPU
		{3FF8834B-FB47-4855-B1E2-3B88C0DB1A94}.Stage|x86.ActiveCfg = Release|Any CPU
		{3FF8834B-FB47-4855-B1E2-3B88C0DB1A94}.Stage|x86.Build.0 = Release|Any CPU
		{634F0DA9-9351-40FC-B558-DA8BABC9B2E0}.Debug MVC2 NET35|Any CPU.ActiveCfg = Debug|Any CPU
		{634F0DA9-9351-40FC-B558-DA8BABC9B2E0}.Debug MVC2 NET35|Any CPU.Build.0 = Debug|Any CPU
		{634F0DA9-9351-40FC-B558-DA8BABC9B2E0}.Debug MVC2 NET35|Mixed Platforms.ActiveCfg = Debug|Any CPU
		{634F0DA9-9351-40FC-B558-DA8BABC9B2E0}.Debug MVC2 NET35|Mixed Platforms.Build.0 = Debug|Any CPU
		{634F0DA9-9351-40FC-B558-DA8BABC9B2E0}.Debug MVC2 NET35|x86.ActiveCfg = Debug|Any CPU
		{634F0DA9-9351-40FC-B558-DA8BABC9B2E0}.Debug|Any CPU.ActiveCfg = Debug|Any CPU
		{634F0DA9-9351-40FC-B558-DA8BABC9B2E0}.Debug|Any CPU.Build.0 = Debug|Any CPU
		{634F0DA9-9351-40FC-B558-DA8BABC9B2E0}.Debug|Mixed Platforms.ActiveCfg = Debug|Any CPU
		{634F0DA9-9351-40FC-B558-DA8BABC9B2E0}.Debug|Mixed Platforms.Build.0 = Debug|Any CPU
		{634F0DA9-9351-40FC-B558-DA8BABC9B2E0}.Debug|x86.ActiveCfg = Debug|Any CPU
		{634F0DA9-9351-40FC-B558-DA8BABC9B2E0}.Live|Any CPU.ActiveCfg = Release|Any CPU
		{634F0DA9-9351-40FC-B558-DA8BABC9B2E0}.Live|Any CPU.Build.0 = Release|Any CPU
		{634F0DA9-9351-40FC-B558-DA8BABC9B2E0}.Live|Mixed Platforms.ActiveCfg = Release|Any CPU
		{634F0DA9-9351-40FC-B558-DA8BABC9B2E0}.Live|Mixed Platforms.Build.0 = Release|Any CPU
		{634F0DA9-9351-40FC-B558-DA8BABC9B2E0}.Live|x86.ActiveCfg = Release|Any CPU
		{634F0DA9-9351-40FC-B558-DA8BABC9B2E0}.Live|x86.Build.0 = Release|Any CPU
		{634F0DA9-9351-40FC-B558-DA8BABC9B2E0}.Release MVC2 NET35|Any CPU.ActiveCfg = Release|Any CPU
		{634F0DA9-9351-40FC-B558-DA8BABC9B2E0}.Release MVC2 NET35|Any CPU.Build.0 = Release|Any CPU
		{634F0DA9-9351-40FC-B558-DA8BABC9B2E0}.Release MVC2 NET35|Mixed Platforms.ActiveCfg = Release|Any CPU
		{634F0DA9-9351-40FC-B558-DA8BABC9B2E0}.Release MVC2 NET35|Mixed Platforms.Build.0 = Release|Any CPU
		{634F0DA9-9351-40FC-B558-DA8BABC9B2E0}.Release MVC2 NET35|x86.ActiveCfg = Release|Any CPU
		{634F0DA9-9351-40FC-B558-DA8BABC9B2E0}.Release|Any CPU.ActiveCfg = Release|Any CPU
		{634F0DA9-9351-40FC-B558-DA8BABC9B2E0}.Release|Any CPU.Build.0 = Release|Any CPU
		{634F0DA9-9351-40FC-B558-DA8BABC9B2E0}.Release|Mixed Platforms.ActiveCfg = Release|Any CPU
		{634F0DA9-9351-40FC-B558-DA8BABC9B2E0}.Release|Mixed Platforms.Build.0 = Release|Any CPU
		{634F0DA9-9351-40FC-B558-DA8BABC9B2E0}.Release|x86.ActiveCfg = Release|Any CPU
		{634F0DA9-9351-40FC-B558-DA8BABC9B2E0}.Stage|Any CPU.ActiveCfg = Release|Any CPU
		{634F0DA9-9351-40FC-B558-DA8BABC9B2E0}.Stage|Any CPU.Build.0 = Release|Any CPU
		{634F0DA9-9351-40FC-B558-DA8BABC9B2E0}.Stage|Mixed Platforms.ActiveCfg = Release|Any CPU
		{634F0DA9-9351-40FC-B558-DA8BABC9B2E0}.Stage|Mixed Platforms.Build.0 = Release|Any CPU
		{634F0DA9-9351-40FC-B558-DA8BABC9B2E0}.Stage|x86.ActiveCfg = Release|Any CPU
		{634F0DA9-9351-40FC-B558-DA8BABC9B2E0}.Stage|x86.Build.0 = Release|Any CPU
		{2FD6E504-0845-4C89-AE58-BDB467D8C487}.Debug MVC2 NET35|Any CPU.ActiveCfg = Debug|Any CPU
		{2FD6E504-0845-4C89-AE58-BDB467D8C487}.Debug MVC2 NET35|Any CPU.Build.0 = Debug|Any CPU
		{2FD6E504-0845-4C89-AE58-BDB467D8C487}.Debug MVC2 NET35|Mixed Platforms.ActiveCfg = Debug|Any CPU
		{2FD6E504-0845-4C89-AE58-BDB467D8C487}.Debug MVC2 NET35|Mixed Platforms.Build.0 = Debug|Any CPU
		{2FD6E504-0845-4C89-AE58-BDB467D8C487}.Debug MVC2 NET35|x86.ActiveCfg = Debug|Any CPU
		{2FD6E504-0845-4C89-AE58-BDB467D8C487}.Debug|Any CPU.ActiveCfg = Debug|Any CPU
		{2FD6E504-0845-4C89-AE58-BDB467D8C487}.Debug|Any CPU.Build.0 = Debug|Any CPU
		{2FD6E504-0845-4C89-AE58-BDB467D8C487}.Debug|Mixed Platforms.ActiveCfg = Debug|Any CPU
		{2FD6E504-0845-4C89-AE58-BDB467D8C487}.Debug|Mixed Platforms.Build.0 = Debug|Any CPU
		{2FD6E504-0845-4C89-AE58-BDB467D8C487}.Debug|x86.ActiveCfg = Debug|Any CPU
		{2FD6E504-0845-4C89-AE58-BDB467D8C487}.Live|Any CPU.ActiveCfg = Release|Any CPU
		{2FD6E504-0845-4C89-AE58-BDB467D8C487}.Live|Any CPU.Build.0 = Release|Any CPU
		{2FD6E504-0845-4C89-AE58-BDB467D8C487}.Live|Mixed Platforms.ActiveCfg = Release|Any CPU
		{2FD6E504-0845-4C89-AE58-BDB467D8C487}.Live|Mixed Platforms.Build.0 = Release|Any CPU
		{2FD6E504-0845-4C89-AE58-BDB467D8C487}.Live|x86.ActiveCfg = Release|Any CPU
		{2FD6E504-0845-4C89-AE58-BDB467D8C487}.Live|x86.Build.0 = Release|Any CPU
		{2FD6E504-0845-4C89-AE58-BDB467D8C487}.Release MVC2 NET35|Any CPU.ActiveCfg = Release|Any CPU
		{2FD6E504-0845-4C89-AE58-BDB467D8C487}.Release MVC2 NET35|Any CPU.Build.0 = Release|Any CPU
		{2FD6E504-0845-4C89-AE58-BDB467D8C487}.Release MVC2 NET35|Mixed Platforms.ActiveCfg = Release|Any CPU
		{2FD6E504-0845-4C89-AE58-BDB467D8C487}.Release MVC2 NET35|Mixed Platforms.Build.0 = Release|Any CPU
		{2FD6E504-0845-4C89-AE58-BDB467D8C487}.Release MVC2 NET35|x86.ActiveCfg = Release|Any CPU
		{2FD6E504-0845-4C89-AE58-BDB467D8C487}.Release|Any CPU.ActiveCfg = Release|Any CPU
		{2FD6E504-0845-4C89-AE58-BDB467D8C487}.Release|Any CPU.Build.0 = Release|Any CPU
		{2FD6E504-0845-4C89-AE58-BDB467D8C487}.Release|Mixed Platforms.ActiveCfg = Release|Any CPU
		{2FD6E504-0845-4C89-AE58-BDB467D8C487}.Release|Mixed Platforms.Build.0 = Release|Any CPU
		{2FD6E504-0845-4C89-AE58-BDB467D8C487}.Release|x86.ActiveCfg = Release|Any CPU
		{2FD6E504-0845-4C89-AE58-BDB467D8C487}.Stage|Any CPU.ActiveCfg = Release|Any CPU
		{2FD6E504-0845-4C89-AE58-BDB467D8C487}.Stage|Any CPU.Build.0 = Release|Any CPU
		{2FD6E504-0845-4C89-AE58-BDB467D8C487}.Stage|Mixed Platforms.ActiveCfg = Release|Any CPU
		{2FD6E504-0845-4C89-AE58-BDB467D8C487}.Stage|Mixed Platforms.Build.0 = Release|Any CPU
		{2FD6E504-0845-4C89-AE58-BDB467D8C487}.Stage|x86.ActiveCfg = Release|Any CPU
		{2FD6E504-0845-4C89-AE58-BDB467D8C487}.Stage|x86.Build.0 = Release|Any CPU
		{CC32A8B5-24B7-4EF1-B68E-DE755A136F70}.Debug MVC2 NET35|Any CPU.ActiveCfg = Debug|Any CPU
		{CC32A8B5-24B7-4EF1-B68E-DE755A136F70}.Debug MVC2 NET35|Any CPU.Build.0 = Debug|Any CPU
		{CC32A8B5-24B7-4EF1-B68E-DE755A136F70}.Debug MVC2 NET35|Mixed Platforms.ActiveCfg = Debug|Any CPU
		{CC32A8B5-24B7-4EF1-B68E-DE755A136F70}.Debug MVC2 NET35|Mixed Platforms.Build.0 = Debug|Any CPU
		{CC32A8B5-24B7-4EF1-B68E-DE755A136F70}.Debug MVC2 NET35|x86.ActiveCfg = Debug|Any CPU
		{CC32A8B5-24B7-4EF1-B68E-DE755A136F70}.Debug|Any CPU.ActiveCfg = Debug|Any CPU
		{CC32A8B5-24B7-4EF1-B68E-DE755A136F70}.Debug|Any CPU.Build.0 = Debug|Any CPU
		{CC32A8B5-24B7-4EF1-B68E-DE755A136F70}.Debug|Mixed Platforms.ActiveCfg = Debug|Any CPU
		{CC32A8B5-24B7-4EF1-B68E-DE755A136F70}.Debug|Mixed Platforms.Build.0 = Debug|Any CPU
		{CC32A8B5-24B7-4EF1-B68E-DE755A136F70}.Debug|x86.ActiveCfg = Debug|Any CPU
		{CC32A8B5-24B7-4EF1-B68E-DE755A136F70}.Live|Any CPU.ActiveCfg = Release|Any CPU
		{CC32A8B5-24B7-4EF1-B68E-DE755A136F70}.Live|Any CPU.Build.0 = Release|Any CPU
		{CC32A8B5-24B7-4EF1-B68E-DE755A136F70}.Live|Mixed Platforms.ActiveCfg = Release|Any CPU
		{CC32A8B5-24B7-4EF1-B68E-DE755A136F70}.Live|Mixed Platforms.Build.0 = Release|Any CPU
		{CC32A8B5-24B7-4EF1-B68E-DE755A136F70}.Live|x86.ActiveCfg = Release|Any CPU
		{CC32A8B5-24B7-4EF1-B68E-DE755A136F70}.Live|x86.Build.0 = Release|Any CPU
		{CC32A8B5-24B7-4EF1-B68E-DE755A136F70}.Release MVC2 NET35|Any CPU.ActiveCfg = Release|Any CPU
		{CC32A8B5-24B7-4EF1-B68E-DE755A136F70}.Release MVC2 NET35|Any CPU.Build.0 = Release|Any CPU
		{CC32A8B5-24B7-4EF1-B68E-DE755A136F70}.Release MVC2 NET35|Mixed Platforms.ActiveCfg = Release|Any CPU
		{CC32A8B5-24B7-4EF1-B68E-DE755A136F70}.Release MVC2 NET35|Mixed Platforms.Build.0 = Release|Any CPU
		{CC32A8B5-24B7-4EF1-B68E-DE755A136F70}.Release MVC2 NET35|x86.ActiveCfg = Release|Any CPU
		{CC32A8B5-24B7-4EF1-B68E-DE755A136F70}.Release|Any CPU.ActiveCfg = Release|Any CPU
		{CC32A8B5-24B7-4EF1-B68E-DE755A136F70}.Release|Any CPU.Build.0 = Release|Any CPU
		{CC32A8B5-24B7-4EF1-B68E-DE755A136F70}.Release|Mixed Platforms.ActiveCfg = Release|Any CPU
		{CC32A8B5-24B7-4EF1-B68E-DE755A136F70}.Release|Mixed Platforms.Build.0 = Release|Any CPU
		{CC32A8B5-24B7-4EF1-B68E-DE755A136F70}.Release|x86.ActiveCfg = Release|Any CPU
		{CC32A8B5-24B7-4EF1-B68E-DE755A136F70}.Stage|Any CPU.ActiveCfg = Release|Any CPU
		{CC32A8B5-24B7-4EF1-B68E-DE755A136F70}.Stage|Any CPU.Build.0 = Release|Any CPU
		{CC32A8B5-24B7-4EF1-B68E-DE755A136F70}.Stage|Mixed Platforms.ActiveCfg = Release|Any CPU
		{CC32A8B5-24B7-4EF1-B68E-DE755A136F70}.Stage|Mixed Platforms.Build.0 = Release|Any CPU
		{CC32A8B5-24B7-4EF1-B68E-DE755A136F70}.Stage|x86.ActiveCfg = Release|Any CPU
		{CC32A8B5-24B7-4EF1-B68E-DE755A136F70}.Stage|x86.Build.0 = Release|Any CPU
		{DE073901-E0A0-4B83-816A-C65B34955CFE}.Debug MVC2 NET35|Any CPU.ActiveCfg = Debug|Any CPU
		{DE073901-E0A0-4B83-816A-C65B34955CFE}.Debug MVC2 NET35|Any CPU.Build.0 = Debug|Any CPU
		{DE073901-E0A0-4B83-816A-C65B34955CFE}.Debug MVC2 NET35|Mixed Platforms.ActiveCfg = Debug|Any CPU
		{DE073901-E0A0-4B83-816A-C65B34955CFE}.Debug MVC2 NET35|Mixed Platforms.Build.0 = Debug|Any CPU
		{DE073901-E0A0-4B83-816A-C65B34955CFE}.Debug MVC2 NET35|x86.ActiveCfg = Debug|Any CPU
		{DE073901-E0A0-4B83-816A-C65B34955CFE}.Debug|Any CPU.ActiveCfg = Debug|Any CPU
		{DE073901-E0A0-4B83-816A-C65B34955CFE}.Debug|Any CPU.Build.0 = Debug|Any CPU
		{DE073901-E0A0-4B83-816A-C65B34955CFE}.Debug|Mixed Platforms.ActiveCfg = Debug|Any CPU
		{DE073901-E0A0-4B83-816A-C65B34955CFE}.Debug|Mixed Platforms.Build.0 = Debug|Any CPU
		{DE073901-E0A0-4B83-816A-C65B34955CFE}.Debug|x86.ActiveCfg = Debug|Any CPU
		{DE073901-E0A0-4B83-816A-C65B34955CFE}.Live|Any CPU.ActiveCfg = Release|Any CPU
		{DE073901-E0A0-4B83-816A-C65B34955CFE}.Live|Any CPU.Build.0 = Release|Any CPU
		{DE073901-E0A0-4B83-816A-C65B34955CFE}.Live|Mixed Platforms.ActiveCfg = Release|Any CPU
		{DE073901-E0A0-4B83-816A-C65B34955CFE}.Live|Mixed Platforms.Build.0 = Release|Any CPU
		{DE073901-E0A0-4B83-816A-C65B34955CFE}.Live|x86.ActiveCfg = Release|Any CPU
		{DE073901-E0A0-4B83-816A-C65B34955CFE}.Live|x86.Build.0 = Release|Any CPU
		{DE073901-E0A0-4B83-816A-C65B34955CFE}.Release MVC2 NET35|Any CPU.ActiveCfg = Release|Any CPU
		{DE073901-E0A0-4B83-816A-C65B34955CFE}.Release MVC2 NET35|Any CPU.Build.0 = Release|Any CPU
		{DE073901-E0A0-4B83-816A-C65B34955CFE}.Release MVC2 NET35|Mixed Platforms.ActiveCfg = Release|Any CPU
		{DE073901-E0A0-4B83-816A-C65B34955CFE}.Release MVC2 NET35|Mixed Platforms.Build.0 = Release|Any CPU
		{DE073901-E0A0-4B83-816A-C65B34955CFE}.Release MVC2 NET35|x86.ActiveCfg = Release|Any CPU
		{DE073901-E0A0-4B83-816A-C65B34955CFE}.Release|Any CPU.ActiveCfg = Release|Any CPU
		{DE073901-E0A0-4B83-816A-C65B34955CFE}.Release|Any CPU.Build.0 = Release|Any CPU
		{DE073901-E0A0-4B83-816A-C65B34955CFE}.Release|Mixed Platforms.ActiveCfg = Release|Any CPU
		{DE073901-E0A0-4B83-816A-C65B34955CFE}.Release|Mixed Platforms.Build.0 = Release|Any CPU
		{DE073901-E0A0-4B83-816A-C65B34955CFE}.Release|x86.ActiveCfg = Release|Any CPU
		{DE073901-E0A0-4B83-816A-C65B34955CFE}.Stage|Any CPU.ActiveCfg = Release|Any CPU
		{DE073901-E0A0-4B83-816A-C65B34955CFE}.Stage|Any CPU.Build.0 = Release|Any CPU
		{DE073901-E0A0-4B83-816A-C65B34955CFE}.Stage|Mixed Platforms.ActiveCfg = Release|Any CPU
		{DE073901-E0A0-4B83-816A-C65B34955CFE}.Stage|Mixed Platforms.Build.0 = Release|Any CPU
		{DE073901-E0A0-4B83-816A-C65B34955CFE}.Stage|x86.ActiveCfg = Release|Any CPU
		{DE073901-E0A0-4B83-816A-C65B34955CFE}.Stage|x86.Build.0 = Release|Any CPU
		{12E512D3-A0D4-4AC6-84FA-D434A6AF063A}.Debug MVC2 NET35|Any CPU.ActiveCfg = Debug|Any CPU
		{12E512D3-A0D4-4AC6-84FA-D434A6AF063A}.Debug MVC2 NET35|Any CPU.Build.0 = Debug|Any CPU
		{12E512D3-A0D4-4AC6-84FA-D434A6AF063A}.Debug MVC2 NET35|Mixed Platforms.ActiveCfg = Debug|Any CPU
		{12E512D3-A0D4-4AC6-84FA-D434A6AF063A}.Debug MVC2 NET35|Mixed Platforms.Build.0 = Debug|Any CPU
		{12E512D3-A0D4-4AC6-84FA-D434A6AF063A}.Debug MVC2 NET35|x86.ActiveCfg = Debug|Any CPU
		{12E512D3-A0D4-4AC6-84FA-D434A6AF063A}.Debug|Any CPU.ActiveCfg = Debug|Any CPU
		{12E512D3-A0D4-4AC6-84FA-D434A6AF063A}.Debug|Any CPU.Build.0 = Debug|Any CPU
		{12E512D3-A0D4-4AC6-84FA-D434A6AF063A}.Debug|Mixed Platforms.ActiveCfg = Debug|Any CPU
		{12E512D3-A0D4-4AC6-84FA-D434A6AF063A}.Debug|Mixed Platforms.Build.0 = Debug|Any CPU
		{12E512D3-A0D4-4AC6-84FA-D434A6AF063A}.Debug|x86.ActiveCfg = Debug|Any CPU
		{12E512D3-A0D4-4AC6-84FA-D434A6AF063A}.Live|Any CPU.ActiveCfg = Release|Any CPU
		{12E512D3-A0D4-4AC6-84FA-D434A6AF063A}.Live|Any CPU.Build.0 = Release|Any CPU
		{12E512D3-A0D4-4AC6-84FA-D434A6AF063A}.Live|Mixed Platforms.ActiveCfg = Release|Any CPU
		{12E512D3-A0D4-4AC6-84FA-D434A6AF063A}.Live|Mixed Platforms.Build.0 = Release|Any CPU
		{12E512D3-A0D4-4AC6-84FA-D434A6AF063A}.Live|x86.ActiveCfg = Release|Any CPU
		{12E512D3-A0D4-4AC6-84FA-D434A6AF063A}.Live|x86.Build.0 = Release|Any CPU
		{12E512D3-A0D4-4AC6-84FA-D434A6AF063A}.Release MVC2 NET35|Any CPU.ActiveCfg = Release|Any CPU
		{12E512D3-A0D4-4AC6-84FA-D434A6AF063A}.Release MVC2 NET35|Any CPU.Build.0 = Release|Any CPU
		{12E512D3-A0D4-4AC6-84FA-D434A6AF063A}.Release MVC2 NET35|Mixed Platforms.ActiveCfg = Release|Any CPU
		{12E512D3-A0D4-4AC6-84FA-D434A6AF063A}.Release MVC2 NET35|Mixed Platforms.Build.0 = Release|Any CPU
		{12E512D3-A0D4-4AC6-84FA-D434A6AF063A}.Release MVC2 NET35|x86.ActiveCfg = Release|Any CPU
		{12E512D3-A0D4-4AC6-84FA-D434A6AF063A}.Release|Any CPU.ActiveCfg = Release|Any CPU
		{12E512D3-A0D4-4AC6-84FA-D434A6AF063A}.Release|Any CPU.Build.0 = Release|Any CPU
		{12E512D3-A0D4-4AC6-84FA-D434A6AF063A}.Release|Mixed Platforms.ActiveCfg = Release|Any CPU
		{12E512D3-A0D4-4AC6-84FA-D434A6AF063A}.Release|Mixed Platforms.Build.0 = Release|Any CPU
		{12E512D3-A0D4-4AC6-84FA-D434A6AF063A}.Release|x86.ActiveCfg = Release|Any CPU
		{12E512D3-A0D4-4AC6-84FA-D434A6AF063A}.Stage|Any CPU.ActiveCfg = Release|Any CPU
		{12E512D3-A0D4-4AC6-84FA-D434A6AF063A}.Stage|Any CPU.Build.0 = Release|Any CPU
		{12E512D3-A0D4-4AC6-84FA-D434A6AF063A}.Stage|Mixed Platforms.ActiveCfg = Release|Any CPU
		{12E512D3-A0D4-4AC6-84FA-D434A6AF063A}.Stage|Mixed Platforms.Build.0 = Release|Any CPU
		{12E512D3-A0D4-4AC6-84FA-D434A6AF063A}.Stage|x86.ActiveCfg = Release|Any CPU
		{12E512D3-A0D4-4AC6-84FA-D434A6AF063A}.Stage|x86.Build.0 = Release|Any CPU
		{289708F2-2275-4FAD-858F-1499AA467E28}.Debug MVC2 NET35|Any CPU.ActiveCfg = Debug|Any CPU
		{289708F2-2275-4FAD-858F-1499AA467E28}.Debug MVC2 NET35|Any CPU.Build.0 = Debug|Any CPU
		{289708F2-2275-4FAD-858F-1499AA467E28}.Debug MVC2 NET35|Mixed Platforms.ActiveCfg = Debug|Any CPU
		{289708F2-2275-4FAD-858F-1499AA467E28}.Debug MVC2 NET35|Mixed Platforms.Build.0 = Debug|Any CPU
		{289708F2-2275-4FAD-858F-1499AA467E28}.Debug MVC2 NET35|x86.ActiveCfg = Debug|Any CPU
		{289708F2-2275-4FAD-858F-1499AA467E28}.Debug|Any CPU.ActiveCfg = Debug|Any CPU
		{289708F2-2275-4FAD-858F-1499AA467E28}.Debug|Any CPU.Build.0 = Debug|Any CPU
		{289708F2-2275-4FAD-858F-1499AA467E28}.Debug|Mixed Platforms.ActiveCfg = Debug|Any CPU
		{289708F2-2275-4FAD-858F-1499AA467E28}.Debug|Mixed Platforms.Build.0 = Debug|Any CPU
		{289708F2-2275-4FAD-858F-1499AA467E28}.Debug|x86.ActiveCfg = Debug|Any CPU
		{289708F2-2275-4FAD-858F-1499AA467E28}.Live|Any CPU.ActiveCfg = Release|Any CPU
		{289708F2-2275-4FAD-858F-1499AA467E28}.Live|Any CPU.Build.0 = Release|Any CPU
		{289708F2-2275-4FAD-858F-1499AA467E28}.Live|Mixed Platforms.ActiveCfg = Release|Any CPU
		{289708F2-2275-4FAD-858F-1499AA467E28}.Live|Mixed Platforms.Build.0 = Release|Any CPU
		{289708F2-2275-4FAD-858F-1499AA467E28}.Live|x86.ActiveCfg = Release|Any CPU
		{289708F2-2275-4FAD-858F-1499AA467E28}.Live|x86.Build.0 = Release|Any CPU
		{289708F2-2275-4FAD-858F-1499AA467E28}.Release MVC2 NET35|Any CPU.ActiveCfg = Release|Any CPU
		{289708F2-2275-4FAD-858F-1499AA467E28}.Release MVC2 NET35|Any CPU.Build.0 = Release|Any CPU
		{289708F2-2275-4FAD-858F-1499AA467E28}.Release MVC2 NET35|Mixed Platforms.ActiveCfg = Release|Any CPU
		{289708F2-2275-4FAD-858F-1499AA467E28}.Release MVC2 NET35|Mixed Platforms.Build.0 = Release|Any CPU
		{289708F2-2275-4FAD-858F-1499AA467E28}.Release MVC2 NET35|x86.ActiveCfg = Release|Any CPU
		{289708F2-2275-4FAD-858F-1499AA467E28}.Release|Any CPU.ActiveCfg = Release|Any CPU
		{289708F2-2275-4FAD-858F-1499AA467E28}.Release|Any CPU.Build.0 = Release|Any CPU
		{289708F2-2275-4FAD-858F-1499AA467E28}.Release|Mixed Platforms.ActiveCfg = Release|Any CPU
		{289708F2-2275-4FAD-858F-1499AA467E28}.Release|Mixed Platforms.Build.0 = Release|Any CPU
		{289708F2-2275-4FAD-858F-1499AA467E28}.Release|x86.ActiveCfg = Release|Any CPU
		{289708F2-2275-4FAD-858F-1499AA467E28}.Stage|Any CPU.ActiveCfg = Release|Any CPU
		{289708F2-2275-4FAD-858F-1499AA467E28}.Stage|Any CPU.Build.0 = Release|Any CPU
		{289708F2-2275-4FAD-858F-1499AA467E28}.Stage|Mixed Platforms.ActiveCfg = Release|Any CPU
		{289708F2-2275-4FAD-858F-1499AA467E28}.Stage|Mixed Platforms.Build.0 = Release|Any CPU
		{289708F2-2275-4FAD-858F-1499AA467E28}.Stage|x86.ActiveCfg = Release|Any CPU
		{289708F2-2275-4FAD-858F-1499AA467E28}.Stage|x86.Build.0 = Release|Any CPU
		{2A8B24B1-32AA-4A82-AB51-450F18FCBC76}.Debug MVC2 NET35|Any CPU.ActiveCfg = Debug|Any CPU
		{2A8B24B1-32AA-4A82-AB51-450F18FCBC76}.Debug MVC2 NET35|Any CPU.Build.0 = Debug|Any CPU
		{2A8B24B1-32AA-4A82-AB51-450F18FCBC76}.Debug MVC2 NET35|Mixed Platforms.ActiveCfg = Debug|Any CPU
		{2A8B24B1-32AA-4A82-AB51-450F18FCBC76}.Debug MVC2 NET35|Mixed Platforms.Build.0 = Debug|Any CPU
		{2A8B24B1-32AA-4A82-AB51-450F18FCBC76}.Debug MVC2 NET35|x86.ActiveCfg = Debug|Any CPU
		{2A8B24B1-32AA-4A82-AB51-450F18FCBC76}.Debug|Any CPU.ActiveCfg = Debug|Any CPU
		{2A8B24B1-32AA-4A82-AB51-450F18FCBC76}.Debug|Any CPU.Build.0 = Debug|Any CPU
		{2A8B24B1-32AA-4A82-AB51-450F18FCBC76}.Debug|Mixed Platforms.ActiveCfg = Debug|Any CPU
		{2A8B24B1-32AA-4A82-AB51-450F18FCBC76}.Debug|Mixed Platforms.Build.0 = Debug|Any CPU
		{2A8B24B1-32AA-4A82-AB51-450F18FCBC76}.Debug|x86.ActiveCfg = Debug|Any CPU
		{2A8B24B1-32AA-4A82-AB51-450F18FCBC76}.Live|Any CPU.ActiveCfg = Release|Any CPU
		{2A8B24B1-32AA-4A82-AB51-450F18FCBC76}.Live|Any CPU.Build.0 = Release|Any CPU
		{2A8B24B1-32AA-4A82-AB51-450F18FCBC76}.Live|Mixed Platforms.ActiveCfg = Release|Any CPU
		{2A8B24B1-32AA-4A82-AB51-450F18FCBC76}.Live|Mixed Platforms.Build.0 = Release|Any CPU
		{2A8B24B1-32AA-4A82-AB51-450F18FCBC76}.Live|x86.ActiveCfg = Release|Any CPU
		{2A8B24B1-32AA-4A82-AB51-450F18FCBC76}.Live|x86.Build.0 = Release|Any CPU
		{2A8B24B1-32AA-4A82-AB51-450F18FCBC76}.Release MVC2 NET35|Any CPU.ActiveCfg = Release|Any CPU
		{2A8B24B1-32AA-4A82-AB51-450F18FCBC76}.Release MVC2 NET35|Any CPU.Build.0 = Release|Any CPU
		{2A8B24B1-32AA-4A82-AB51-450F18FCBC76}.Release MVC2 NET35|Mixed Platforms.ActiveCfg = Release|Any CPU
		{2A8B24B1-32AA-4A82-AB51-450F18FCBC76}.Release MVC2 NET35|Mixed Platforms.Build.0 = Release|Any CPU
		{2A8B24B1-32AA-4A82-AB51-450F18FCBC76}.Release MVC2 NET35|x86.ActiveCfg = Release|Any CPU
		{2A8B24B1-32AA-4A82-AB51-450F18FCBC76}.Release|Any CPU.ActiveCfg = Release|Any CPU
		{2A8B24B1-32AA-4A82-AB51-450F18FCBC76}.Release|Any CPU.Build.0 = Release|Any CPU
		{2A8B24B1-32AA-4A82-AB51-450F18FCBC76}.Release|Mixed Platforms.ActiveCfg = Release|Any CPU
		{2A8B24B1-32AA-4A82-AB51-450F18FCBC76}.Release|Mixed Platforms.Build.0 = Release|Any CPU
		{2A8B24B1-32AA-4A82-AB51-450F18FCBC76}.Release|x86.ActiveCfg = Release|Any CPU
		{2A8B24B1-32AA-4A82-AB51-450F18FCBC76}.Stage|Any CPU.ActiveCfg = Release|Any CPU
		{2A8B24B1-32AA-4A82-AB51-450F18FCBC76}.Stage|Any CPU.Build.0 = Release|Any CPU
		{2A8B24B1-32AA-4A82-AB51-450F18FCBC76}.Stage|Mixed Platforms.ActiveCfg = Release|Any CPU
		{2A8B24B1-32AA-4A82-AB51-450F18FCBC76}.Stage|Mixed Platforms.Build.0 = Release|Any CPU
		{2A8B24B1-32AA-4A82-AB51-450F18FCBC76}.Stage|x86.ActiveCfg = Release|Any CPU
		{2A8B24B1-32AA-4A82-AB51-450F18FCBC76}.Stage|x86.Build.0 = Release|Any CPU
		{BD9A445E-8510-489D-8001-409B777C46CD}.Debug MVC2 NET35|Any CPU.ActiveCfg = Debug|Any CPU
		{BD9A445E-8510-489D-8001-409B777C46CD}.Debug MVC2 NET35|Any CPU.Build.0 = Debug|Any CPU
		{BD9A445E-8510-489D-8001-409B777C46CD}.Debug MVC2 NET35|Mixed Platforms.ActiveCfg = Debug|Any CPU
		{BD9A445E-8510-489D-8001-409B777C46CD}.Debug MVC2 NET35|Mixed Platforms.Build.0 = Debug|Any CPU
		{BD9A445E-8510-489D-8001-409B777C46CD}.Debug MVC2 NET35|x86.ActiveCfg = Debug|Any CPU
		{BD9A445E-8510-489D-8001-409B777C46CD}.Debug|Any CPU.ActiveCfg = Debug|Any CPU
		{BD9A445E-8510-489D-8001-409B777C46CD}.Debug|Any CPU.Build.0 = Debug|Any CPU
		{BD9A445E-8510-489D-8001-409B777C46CD}.Debug|Mixed Platforms.ActiveCfg = Debug|Any CPU
		{BD9A445E-8510-489D-8001-409B777C46CD}.Debug|Mixed Platforms.Build.0 = Debug|Any CPU
		{BD9A445E-8510-489D-8001-409B777C46CD}.Debug|x86.ActiveCfg = Debug|Any CPU
		{BD9A445E-8510-489D-8001-409B777C46CD}.Live|Any CPU.ActiveCfg = Release|Any CPU
		{BD9A445E-8510-489D-8001-409B777C46CD}.Live|Any CPU.Build.0 = Release|Any CPU
		{BD9A445E-8510-489D-8001-409B777C46CD}.Live|Mixed Platforms.ActiveCfg = Release|Any CPU
		{BD9A445E-8510-489D-8001-409B777C46CD}.Live|Mixed Platforms.Build.0 = Release|Any CPU
		{BD9A445E-8510-489D-8001-409B777C46CD}.Live|x86.ActiveCfg = Release|Any CPU
		{BD9A445E-8510-489D-8001-409B777C46CD}.Live|x86.Build.0 = Release|Any CPU
		{BD9A445E-8510-489D-8001-409B777C46CD}.Release MVC2 NET35|Any CPU.ActiveCfg = Release|Any CPU
		{BD9A445E-8510-489D-8001-409B777C46CD}.Release MVC2 NET35|Any CPU.Build.0 = Release|Any CPU
		{BD9A445E-8510-489D-8001-409B777C46CD}.Release MVC2 NET35|Mixed Platforms.ActiveCfg = Release|Any CPU
		{BD9A445E-8510-489D-8001-409B777C46CD}.Release MVC2 NET35|Mixed Platforms.Build.0 = Release|Any CPU
		{BD9A445E-8510-489D-8001-409B777C46CD}.Release MVC2 NET35|x86.ActiveCfg = Release|Any CPU
		{BD9A445E-8510-489D-8001-409B777C46CD}.Release|Any CPU.ActiveCfg = Release|Any CPU
		{BD9A445E-8510-489D-8001-409B777C46CD}.Release|Any CPU.Build.0 = Release|Any CPU
		{BD9A445E-8510-489D-8001-409B777C46CD}.Release|Mixed Platforms.ActiveCfg = Release|Any CPU
		{BD9A445E-8510-489D-8001-409B777C46CD}.Release|Mixed Platforms.Build.0 = Release|Any CPU
		{BD9A445E-8510-489D-8001-409B777C46CD}.Release|x86.ActiveCfg = Release|Any CPU
		{BD9A445E-8510-489D-8001-409B777C46CD}.Stage|Any CPU.ActiveCfg = Release|Any CPU
		{BD9A445E-8510-489D-8001-409B777C46CD}.Stage|Any CPU.Build.0 = Release|Any CPU
		{BD9A445E-8510-489D-8001-409B777C46CD}.Stage|Mixed Platforms.ActiveCfg = Release|Any CPU
		{BD9A445E-8510-489D-8001-409B777C46CD}.Stage|Mixed Platforms.Build.0 = Release|Any CPU
		{BD9A445E-8510-489D-8001-409B777C46CD}.Stage|x86.ActiveCfg = Release|Any CPU
		{BD9A445E-8510-489D-8001-409B777C46CD}.Stage|x86.Build.0 = Release|Any CPU
		{F4D41148-04F7-4FAD-A6A5-E8206D9E1C54}.Debug MVC2 NET35|Any CPU.ActiveCfg = Debug|Any CPU
		{F4D41148-04F7-4FAD-A6A5-E8206D9E1C54}.Debug MVC2 NET35|Any CPU.Build.0 = Debug|Any CPU
		{F4D41148-04F7-4FAD-A6A5-E8206D9E1C54}.Debug MVC2 NET35|Mixed Platforms.ActiveCfg = Debug|Any CPU
		{F4D41148-04F7-4FAD-A6A5-E8206D9E1C54}.Debug MVC2 NET35|Mixed Platforms.Build.0 = Debug|Any CPU
		{F4D41148-04F7-4FAD-A6A5-E8206D9E1C54}.Debug MVC2 NET35|x86.ActiveCfg = Debug|Any CPU
		{F4D41148-04F7-4FAD-A6A5-E8206D9E1C54}.Debug|Any CPU.ActiveCfg = Debug|Any CPU
		{F4D41148-04F7-4FAD-A6A5-E8206D9E1C54}.Debug|Any CPU.Build.0 = Debug|Any CPU
		{F4D41148-04F7-4FAD-A6A5-E8206D9E1C54}.Debug|Mixed Platforms.ActiveCfg = Debug|Any CPU
		{F4D41148-04F7-4FAD-A6A5-E8206D9E1C54}.Debug|Mixed Platforms.Build.0 = Debug|Any CPU
		{F4D41148-04F7-4FAD-A6A5-E8206D9E1C54}.Debug|x86.ActiveCfg = Debug|Any CPU
		{F4D41148-04F7-4FAD-A6A5-E8206D9E1C54}.Live|Any CPU.ActiveCfg = Release|Any CPU
		{F4D41148-04F7-4FAD-A6A5-E8206D9E1C54}.Live|Any CPU.Build.0 = Release|Any CPU
		{F4D41148-04F7-4FAD-A6A5-E8206D9E1C54}.Live|Mixed Platforms.ActiveCfg = Release|Any CPU
		{F4D41148-04F7-4FAD-A6A5-E8206D9E1C54}.Live|Mixed Platforms.Build.0 = Release|Any CPU
		{F4D41148-04F7-4FAD-A6A5-E8206D9E1C54}.Live|x86.ActiveCfg = Release|Any CPU
		{F4D41148-04F7-4FAD-A6A5-E8206D9E1C54}.Live|x86.Build.0 = Release|Any CPU
		{F4D41148-04F7-4FAD-A6A5-E8206D9E1C54}.Release MVC2 NET35|Any CPU.ActiveCfg = Release|Any CPU
		{F4D41148-04F7-4FAD-A6A5-E8206D9E1C54}.Release MVC2 NET35|Any CPU.Build.0 = Release|Any CPU
		{F4D41148-04F7-4FAD-A6A5-E8206D9E1C54}.Release MVC2 NET35|Mixed Platforms.ActiveCfg = Release|Any CPU
		{F4D41148-04F7-4FAD-A6A5-E8206D9E1C54}.Release MVC2 NET35|Mixed Platforms.Build.0 = Release|Any CPU
		{F4D41148-04F7-4FAD-A6A5-E8206D9E1C54}.Release MVC2 NET35|x86.ActiveCfg = Release|Any CPU
		{F4D41148-04F7-4FAD-A6A5-E8206D9E1C54}.Release|Any CPU.ActiveCfg = Release|Any CPU
		{F4D41148-04F7-4FAD-A6A5-E8206D9E1C54}.Release|Any CPU.Build.0 = Release|Any CPU
		{F4D41148-04F7-4FAD-A6A5-E8206D9E1C54}.Release|Mixed Platforms.ActiveCfg = Release|Any CPU
		{F4D41148-04F7-4FAD-A6A5-E8206D9E1C54}.Release|Mixed Platforms.Build.0 = Release|Any CPU
		{F4D41148-04F7-4FAD-A6A5-E8206D9E1C54}.Release|x86.ActiveCfg = Release|Any CPU
		{F4D41148-04F7-4FAD-A6A5-E8206D9E1C54}.Stage|Any CPU.ActiveCfg = Release|Any CPU
		{F4D41148-04F7-4FAD-A6A5-E8206D9E1C54}.Stage|Any CPU.Build.0 = Release|Any CPU
		{F4D41148-04F7-4FAD-A6A5-E8206D9E1C54}.Stage|Mixed Platforms.ActiveCfg = Release|Any CPU
		{F4D41148-04F7-4FAD-A6A5-E8206D9E1C54}.Stage|Mixed Platforms.Build.0 = Release|Any CPU
		{F4D41148-04F7-4FAD-A6A5-E8206D9E1C54}.Stage|x86.ActiveCfg = Release|Any CPU
		{F4D41148-04F7-4FAD-A6A5-E8206D9E1C54}.Stage|x86.Build.0 = Release|Any CPU
		{F4459B8F-FA58-49AD-8E24-CFFDAD8BCFEB}.Debug MVC2 NET35|Any CPU.ActiveCfg = Debug|x86
		{F4459B8F-FA58-49AD-8E24-CFFDAD8BCFEB}.Debug MVC2 NET35|Any CPU.Build.0 = Debug|x86
		{F4459B8F-FA58-49AD-8E24-CFFDAD8BCFEB}.Debug MVC2 NET35|Mixed Platforms.ActiveCfg = Debug|x86
		{F4459B8F-FA58-49AD-8E24-CFFDAD8BCFEB}.Debug MVC2 NET35|Mixed Platforms.Build.0 = Debug|x86
		{F4459B8F-FA58-49AD-8E24-CFFDAD8BCFEB}.Debug MVC2 NET35|x86.ActiveCfg = Debug|x86
		{F4459B8F-FA58-49AD-8E24-CFFDAD8BCFEB}.Debug MVC2 NET35|x86.Build.0 = Debug|x86
		{F4459B8F-FA58-49AD-8E24-CFFDAD8BCFEB}.Debug|Any CPU.ActiveCfg = Debug|x86
		{F4459B8F-FA58-49AD-8E24-CFFDAD8BCFEB}.Debug|Any CPU.Build.0 = Debug|x86
		{F4459B8F-FA58-49AD-8E24-CFFDAD8BCFEB}.Debug|Mixed Platforms.ActiveCfg = Debug|x86
		{F4459B8F-FA58-49AD-8E24-CFFDAD8BCFEB}.Debug|Mixed Platforms.Build.0 = Debug|x86
		{F4459B8F-FA58-49AD-8E24-CFFDAD8BCFEB}.Debug|x86.ActiveCfg = Debug|x86
		{F4459B8F-FA58-49AD-8E24-CFFDAD8BCFEB}.Debug|x86.Build.0 = Debug|x86
		{F4459B8F-FA58-49AD-8E24-CFFDAD8BCFEB}.Live|Any CPU.ActiveCfg = Debug|Any CPU
		{F4459B8F-FA58-49AD-8E24-CFFDAD8BCFEB}.Live|Any CPU.Build.0 = Debug|Any CPU
		{F4459B8F-FA58-49AD-8E24-CFFDAD8BCFEB}.Live|Mixed Platforms.ActiveCfg = Release|x86
		{F4459B8F-FA58-49AD-8E24-CFFDAD8BCFEB}.Live|Mixed Platforms.Build.0 = Release|x86
		{F4459B8F-FA58-49AD-8E24-CFFDAD8BCFEB}.Live|x86.ActiveCfg = Release|x86
		{F4459B8F-FA58-49AD-8E24-CFFDAD8BCFEB}.Live|x86.Build.0 = Release|x86
		{F4459B8F-FA58-49AD-8E24-CFFDAD8BCFEB}.Release MVC2 NET35|Any CPU.ActiveCfg = Release|x86
		{F4459B8F-FA58-49AD-8E24-CFFDAD8BCFEB}.Release MVC2 NET35|Any CPU.Build.0 = Release|x86
		{F4459B8F-FA58-49AD-8E24-CFFDAD8BCFEB}.Release MVC2 NET35|Mixed Platforms.ActiveCfg = Release|x86
		{F4459B8F-FA58-49AD-8E24-CFFDAD8BCFEB}.Release MVC2 NET35|Mixed Platforms.Build.0 = Release|x86
		{F4459B8F-FA58-49AD-8E24-CFFDAD8BCFEB}.Release MVC2 NET35|x86.ActiveCfg = Release|x86
		{F4459B8F-FA58-49AD-8E24-CFFDAD8BCFEB}.Release MVC2 NET35|x86.Build.0 = Release|x86
		{F4459B8F-FA58-49AD-8E24-CFFDAD8BCFEB}.Release|Any CPU.ActiveCfg = Release|Any CPU
		{F4459B8F-FA58-49AD-8E24-CFFDAD8BCFEB}.Release|Any CPU.Build.0 = Release|Any CPU
		{F4459B8F-FA58-49AD-8E24-CFFDAD8BCFEB}.Release|Mixed Platforms.ActiveCfg = Release|x86
		{F4459B8F-FA58-49AD-8E24-CFFDAD8BCFEB}.Release|Mixed Platforms.Build.0 = Release|x86
		{F4459B8F-FA58-49AD-8E24-CFFDAD8BCFEB}.Release|x86.ActiveCfg = Release|x86
		{F4459B8F-FA58-49AD-8E24-CFFDAD8BCFEB}.Release|x86.Build.0 = Release|x86
		{F4459B8F-FA58-49AD-8E24-CFFDAD8BCFEB}.Stage|Any CPU.ActiveCfg = Debug|Any CPU
		{F4459B8F-FA58-49AD-8E24-CFFDAD8BCFEB}.Stage|Any CPU.Build.0 = Debug|Any CPU
		{F4459B8F-FA58-49AD-8E24-CFFDAD8BCFEB}.Stage|Mixed Platforms.ActiveCfg = Release|x86
		{F4459B8F-FA58-49AD-8E24-CFFDAD8BCFEB}.Stage|Mixed Platforms.Build.0 = Release|x86
		{F4459B8F-FA58-49AD-8E24-CFFDAD8BCFEB}.Stage|x86.ActiveCfg = Release|x86
		{F4459B8F-FA58-49AD-8E24-CFFDAD8BCFEB}.Stage|x86.Build.0 = Release|x86
		{0C4AF318-2BF0-4955-A203-7E3D7901FB94}.Debug MVC2 NET35|Any CPU.ActiveCfg = Debug|Any CPU
		{0C4AF318-2BF0-4955-A203-7E3D7901FB94}.Debug MVC2 NET35|Any CPU.Build.0 = Debug|Any CPU
		{0C4AF318-2BF0-4955-A203-7E3D7901FB94}.Debug MVC2 NET35|Mixed Platforms.ActiveCfg = Debug|Any CPU
		{0C4AF318-2BF0-4955-A203-7E3D7901FB94}.Debug MVC2 NET35|Mixed Platforms.Build.0 = Debug|Any CPU
		{0C4AF318-2BF0-4955-A203-7E3D7901FB94}.Debug MVC2 NET35|x86.ActiveCfg = Debug|Any CPU
		{0C4AF318-2BF0-4955-A203-7E3D7901FB94}.Debug|Any CPU.ActiveCfg = Debug|Any CPU
		{0C4AF318-2BF0-4955-A203-7E3D7901FB94}.Debug|Any CPU.Build.0 = Debug|Any CPU
		{0C4AF318-2BF0-4955-A203-7E3D7901FB94}.Debug|Mixed Platforms.ActiveCfg = Debug|Any CPU
		{0C4AF318-2BF0-4955-A203-7E3D7901FB94}.Debug|Mixed Platforms.Build.0 = Debug|Any CPU
		{0C4AF318-2BF0-4955-A203-7E3D7901FB94}.Debug|x86.ActiveCfg = Debug|Any CPU
		{0C4AF318-2BF0-4955-A203-7E3D7901FB94}.Live|Any CPU.ActiveCfg = Release|Any CPU
		{0C4AF318-2BF0-4955-A203-7E3D7901FB94}.Live|Any CPU.Build.0 = Release|Any CPU
		{0C4AF318-2BF0-4955-A203-7E3D7901FB94}.Live|Mixed Platforms.ActiveCfg = Release|Any CPU
		{0C4AF318-2BF0-4955-A203-7E3D7901FB94}.Live|Mixed Platforms.Build.0 = Release|Any CPU
		{0C4AF318-2BF0-4955-A203-7E3D7901FB94}.Live|x86.ActiveCfg = Release|Any CPU
		{0C4AF318-2BF0-4955-A203-7E3D7901FB94}.Live|x86.Build.0 = Release|Any CPU
		{0C4AF318-2BF0-4955-A203-7E3D7901FB94}.Release MVC2 NET35|Any CPU.ActiveCfg = Release|Any CPU
		{0C4AF318-2BF0-4955-A203-7E3D7901FB94}.Release MVC2 NET35|Any CPU.Build.0 = Release|Any CPU
		{0C4AF318-2BF0-4955-A203-7E3D7901FB94}.Release MVC2 NET35|Mixed Platforms.ActiveCfg = Release|Any CPU
		{0C4AF318-2BF0-4955-A203-7E3D7901FB94}.Release MVC2 NET35|Mixed Platforms.Build.0 = Release|Any CPU
		{0C4AF318-2BF0-4955-A203-7E3D7901FB94}.Release MVC2 NET35|x86.ActiveCfg = Release|Any CPU
		{0C4AF318-2BF0-4955-A203-7E3D7901FB94}.Release|Any CPU.ActiveCfg = Release|Any CPU
		{0C4AF318-2BF0-4955-A203-7E3D7901FB94}.Release|Any CPU.Build.0 = Release|Any CPU
		{0C4AF318-2BF0-4955-A203-7E3D7901FB94}.Release|Mixed Platforms.ActiveCfg = Release|Any CPU
		{0C4AF318-2BF0-4955-A203-7E3D7901FB94}.Release|Mixed Platforms.Build.0 = Release|Any CPU
		{0C4AF318-2BF0-4955-A203-7E3D7901FB94}.Release|x86.ActiveCfg = Release|Any CPU
		{0C4AF318-2BF0-4955-A203-7E3D7901FB94}.Stage|Any CPU.ActiveCfg = Release|Any CPU
		{0C4AF318-2BF0-4955-A203-7E3D7901FB94}.Stage|Any CPU.Build.0 = Release|Any CPU
		{0C4AF318-2BF0-4955-A203-7E3D7901FB94}.Stage|Mixed Platforms.ActiveCfg = Release|Any CPU
		{0C4AF318-2BF0-4955-A203-7E3D7901FB94}.Stage|Mixed Platforms.Build.0 = Release|Any CPU
		{0C4AF318-2BF0-4955-A203-7E3D7901FB94}.Stage|x86.ActiveCfg = Release|Any CPU
		{0C4AF318-2BF0-4955-A203-7E3D7901FB94}.Stage|x86.Build.0 = Release|Any CPU
		{EF2D4629-0507-4DA8-B275-AB171C359943}.Debug MVC2 NET35|Any CPU.ActiveCfg = Debug|x86
		{EF2D4629-0507-4DA8-B275-AB171C359943}.Debug MVC2 NET35|Any CPU.Build.0 = Debug|x86
		{EF2D4629-0507-4DA8-B275-AB171C359943}.Debug MVC2 NET35|Mixed Platforms.ActiveCfg = Debug|x86
		{EF2D4629-0507-4DA8-B275-AB171C359943}.Debug MVC2 NET35|Mixed Platforms.Build.0 = Debug|x86
		{EF2D4629-0507-4DA8-B275-AB171C359943}.Debug MVC2 NET35|x86.ActiveCfg = Debug|x86
		{EF2D4629-0507-4DA8-B275-AB171C359943}.Debug MVC2 NET35|x86.Build.0 = Debug|x86
		{EF2D4629-0507-4DA8-B275-AB171C359943}.Debug|Any CPU.ActiveCfg = Debug|x86
		{EF2D4629-0507-4DA8-B275-AB171C359943}.Debug|Any CPU.Build.0 = Debug|x86
		{EF2D4629-0507-4DA8-B275-AB171C359943}.Debug|Mixed Platforms.ActiveCfg = Debug|x86
		{EF2D4629-0507-4DA8-B275-AB171C359943}.Debug|Mixed Platforms.Build.0 = Debug|x86
		{EF2D4629-0507-4DA8-B275-AB171C359943}.Debug|x86.ActiveCfg = Debug|x86
		{EF2D4629-0507-4DA8-B275-AB171C359943}.Debug|x86.Build.0 = Debug|x86
		{EF2D4629-0507-4DA8-B275-AB171C359943}.Live|Any CPU.ActiveCfg = Debug|Any CPU
		{EF2D4629-0507-4DA8-B275-AB171C359943}.Live|Any CPU.Build.0 = Debug|Any CPU
		{EF2D4629-0507-4DA8-B275-AB171C359943}.Live|Mixed Platforms.ActiveCfg = Release|x86
		{EF2D4629-0507-4DA8-B275-AB171C359943}.Live|Mixed Platforms.Build.0 = Release|x86
		{EF2D4629-0507-4DA8-B275-AB171C359943}.Live|x86.ActiveCfg = Release|x86
		{EF2D4629-0507-4DA8-B275-AB171C359943}.Live|x86.Build.0 = Release|x86
		{EF2D4629-0507-4DA8-B275-AB171C359943}.Release MVC2 NET35|Any CPU.ActiveCfg = Release|x86
		{EF2D4629-0507-4DA8-B275-AB171C359943}.Release MVC2 NET35|Any CPU.Build.0 = Release|x86
		{EF2D4629-0507-4DA8-B275-AB171C359943}.Release MVC2 NET35|Mixed Platforms.ActiveCfg = Release|x86
		{EF2D4629-0507-4DA8-B275-AB171C359943}.Release MVC2 NET35|Mixed Platforms.Build.0 = Release|x86
		{EF2D4629-0507-4DA8-B275-AB171C359943}.Release MVC2 NET35|x86.ActiveCfg = Release|x86
		{EF2D4629-0507-4DA8-B275-AB171C359943}.Release MVC2 NET35|x86.Build.0 = Release|x86
		{EF2D4629-0507-4DA8-B275-AB171C359943}.Release|Any CPU.ActiveCfg = Release|Any CPU
		{EF2D4629-0507-4DA8-B275-AB171C359943}.Release|Any CPU.Build.0 = Release|Any CPU
		{EF2D4629-0507-4DA8-B275-AB171C359943}.Release|Mixed Platforms.ActiveCfg = Release|x86
		{EF2D4629-0507-4DA8-B275-AB171C359943}.Release|Mixed Platforms.Build.0 = Release|x86
		{EF2D4629-0507-4DA8-B275-AB171C359943}.Release|x86.ActiveCfg = Release|x86
		{EF2D4629-0507-4DA8-B275-AB171C359943}.Release|x86.Build.0 = Release|x86
		{EF2D4629-0507-4DA8-B275-AB171C359943}.Stage|Any CPU.ActiveCfg = Debug|Any CPU
		{EF2D4629-0507-4DA8-B275-AB171C359943}.Stage|Any CPU.Build.0 = Debug|Any CPU
		{EF2D4629-0507-4DA8-B275-AB171C359943}.Stage|Mixed Platforms.ActiveCfg = Release|x86
		{EF2D4629-0507-4DA8-B275-AB171C359943}.Stage|Mixed Platforms.Build.0 = Release|x86
		{EF2D4629-0507-4DA8-B275-AB171C359943}.Stage|x86.ActiveCfg = Release|x86
		{EF2D4629-0507-4DA8-B275-AB171C359943}.Stage|x86.Build.0 = Release|x86
		{2376F4DB-61DF-4440-BAB7-5740E06CD945}.Debug MVC2 NET35|Any CPU.ActiveCfg = Debug|Any CPU
		{2376F4DB-61DF-4440-BAB7-5740E06CD945}.Debug MVC2 NET35|Any CPU.Build.0 = Debug|Any CPU
		{2376F4DB-61DF-4440-BAB7-5740E06CD945}.Debug MVC2 NET35|Mixed Platforms.ActiveCfg = Debug|Any CPU
		{2376F4DB-61DF-4440-BAB7-5740E06CD945}.Debug MVC2 NET35|Mixed Platforms.Build.0 = Debug|Any CPU
		{2376F4DB-61DF-4440-BAB7-5740E06CD945}.Debug MVC2 NET35|x86.ActiveCfg = Debug|Any CPU
		{2376F4DB-61DF-4440-BAB7-5740E06CD945}.Debug MVC2 NET35|x86.Build.0 = Debug|Any CPU
		{2376F4DB-61DF-4440-BAB7-5740E06CD945}.Debug|Any CPU.ActiveCfg = Debug|Any CPU
		{2376F4DB-61DF-4440-BAB7-5740E06CD945}.Debug|Any CPU.Build.0 = Debug|Any CPU
		{2376F4DB-61DF-4440-BAB7-5740E06CD945}.Debug|Mixed Platforms.ActiveCfg = Debug|Any CPU
		{2376F4DB-61DF-4440-BAB7-5740E06CD945}.Debug|Mixed Platforms.Build.0 = Debug|Any CPU
		{2376F4DB-61DF-4440-BAB7-5740E06CD945}.Debug|x86.ActiveCfg = Debug|Any CPU
		{2376F4DB-61DF-4440-BAB7-5740E06CD945}.Debug|x86.Build.0 = Debug|Any CPU
		{2376F4DB-61DF-4440-BAB7-5740E06CD945}.Live|Any CPU.ActiveCfg = Release|Any CPU
		{2376F4DB-61DF-4440-BAB7-5740E06CD945}.Live|Any CPU.Build.0 = Release|Any CPU
		{2376F4DB-61DF-4440-BAB7-5740E06CD945}.Live|Mixed Platforms.ActiveCfg = Release|Any CPU
		{2376F4DB-61DF-4440-BAB7-5740E06CD945}.Live|Mixed Platforms.Build.0 = Release|Any CPU
		{2376F4DB-61DF-4440-BAB7-5740E06CD945}.Live|x86.ActiveCfg = Release|Any CPU
		{2376F4DB-61DF-4440-BAB7-5740E06CD945}.Live|x86.Build.0 = Release|Any CPU
		{2376F4DB-61DF-4440-BAB7-5740E06CD945}.Release MVC2 NET35|Any CPU.ActiveCfg = Release|Any CPU
		{2376F4DB-61DF-4440-BAB7-5740E06CD945}.Release MVC2 NET35|Any CPU.Build.0 = Release|Any CPU
		{2376F4DB-61DF-4440-BAB7-5740E06CD945}.Release MVC2 NET35|Mixed Platforms.ActiveCfg = Release|Any CPU
		{2376F4DB-61DF-4440-BAB7-5740E06CD945}.Release MVC2 NET35|Mixed Platforms.Build.0 = Release|Any CPU
		{2376F4DB-61DF-4440-BAB7-5740E06CD945}.Release MVC2 NET35|x86.ActiveCfg = Release|Any CPU
		{2376F4DB-61DF-4440-BAB7-5740E06CD945}.Release MVC2 NET35|x86.Build.0 = Release|Any CPU
		{2376F4DB-61DF-4440-BAB7-5740E06CD945}.Release|Any CPU.ActiveCfg = Release|Any CPU
		{2376F4DB-61DF-4440-BAB7-5740E06CD945}.Release|Any CPU.Build.0 = Release|Any CPU
		{2376F4DB-61DF-4440-BAB7-5740E06CD945}.Release|Mixed Platforms.ActiveCfg = Release|Any CPU
		{2376F4DB-61DF-4440-BAB7-5740E06CD945}.Release|Mixed Platforms.Build.0 = Release|Any CPU
		{2376F4DB-61DF-4440-BAB7-5740E06CD945}.Release|x86.ActiveCfg = Release|Any CPU
		{2376F4DB-61DF-4440-BAB7-5740E06CD945}.Release|x86.Build.0 = Release|Any CPU
		{2376F4DB-61DF-4440-BAB7-5740E06CD945}.Stage|Any CPU.ActiveCfg = Release|Any CPU
		{2376F4DB-61DF-4440-BAB7-5740E06CD945}.Stage|Any CPU.Build.0 = Release|Any CPU
		{2376F4DB-61DF-4440-BAB7-5740E06CD945}.Stage|Mixed Platforms.ActiveCfg = Release|Any CPU
		{2376F4DB-61DF-4440-BAB7-5740E06CD945}.Stage|Mixed Platforms.Build.0 = Release|Any CPU
		{2376F4DB-61DF-4440-BAB7-5740E06CD945}.Stage|x86.ActiveCfg = Release|Any CPU
		{2376F4DB-61DF-4440-BAB7-5740E06CD945}.Stage|x86.Build.0 = Release|Any CPU
		{16422A3A-E435-4D6B-B0E0-F47EC0CFC705}.Debug MVC2 NET35|Any CPU.ActiveCfg = Debug|Any CPU
		{16422A3A-E435-4D6B-B0E0-F47EC0CFC705}.Debug MVC2 NET35|Any CPU.Build.0 = Debug|Any CPU
		{16422A3A-E435-4D6B-B0E0-F47EC0CFC705}.Debug MVC2 NET35|Mixed Platforms.ActiveCfg = Debug|Any CPU
		{16422A3A-E435-4D6B-B0E0-F47EC0CFC705}.Debug MVC2 NET35|Mixed Platforms.Build.0 = Debug|Any CPU
		{16422A3A-E435-4D6B-B0E0-F47EC0CFC705}.Debug MVC2 NET35|x86.ActiveCfg = Debug|Any CPU
		{16422A3A-E435-4D6B-B0E0-F47EC0CFC705}.Debug MVC2 NET35|x86.Build.0 = Debug|Any CPU
		{16422A3A-E435-4D6B-B0E0-F47EC0CFC705}.Debug|Any CPU.ActiveCfg = Debug|Any CPU
		{16422A3A-E435-4D6B-B0E0-F47EC0CFC705}.Debug|Any CPU.Build.0 = Debug|Any CPU
		{16422A3A-E435-4D6B-B0E0-F47EC0CFC705}.Debug|Mixed Platforms.ActiveCfg = Debug|Any CPU
		{16422A3A-E435-4D6B-B0E0-F47EC0CFC705}.Debug|Mixed Platforms.Build.0 = Debug|Any CPU
		{16422A3A-E435-4D6B-B0E0-F47EC0CFC705}.Debug|x86.ActiveCfg = Debug|Any CPU
		{16422A3A-E435-4D6B-B0E0-F47EC0CFC705}.Debug|x86.Build.0 = Debug|Any CPU
		{16422A3A-E435-4D6B-B0E0-F47EC0CFC705}.Live|Any CPU.ActiveCfg = Release|Any CPU
		{16422A3A-E435-4D6B-B0E0-F47EC0CFC705}.Live|Any CPU.Build.0 = Release|Any CPU
		{16422A3A-E435-4D6B-B0E0-F47EC0CFC705}.Live|Mixed Platforms.ActiveCfg = Release|Any CPU
		{16422A3A-E435-4D6B-B0E0-F47EC0CFC705}.Live|Mixed Platforms.Build.0 = Release|Any CPU
		{16422A3A-E435-4D6B-B0E0-F47EC0CFC705}.Live|x86.ActiveCfg = Release|Any CPU
		{16422A3A-E435-4D6B-B0E0-F47EC0CFC705}.Live|x86.Build.0 = Release|Any CPU
		{16422A3A-E435-4D6B-B0E0-F47EC0CFC705}.Release MVC2 NET35|Any CPU.ActiveCfg = Release|Any CPU
		{16422A3A-E435-4D6B-B0E0-F47EC0CFC705}.Release MVC2 NET35|Any CPU.Build.0 = Release|Any CPU
		{16422A3A-E435-4D6B-B0E0-F47EC0CFC705}.Release MVC2 NET35|Mixed Platforms.ActiveCfg = Release|Any CPU
		{16422A3A-E435-4D6B-B0E0-F47EC0CFC705}.Release MVC2 NET35|Mixed Platforms.Build.0 = Release|Any CPU
		{16422A3A-E435-4D6B-B0E0-F47EC0CFC705}.Release MVC2 NET35|x86.ActiveCfg = Release|Any CPU
		{16422A3A-E435-4D6B-B0E0-F47EC0CFC705}.Release MVC2 NET35|x86.Build.0 = Release|Any CPU
		{16422A3A-E435-4D6B-B0E0-F47EC0CFC705}.Release|Any CPU.ActiveCfg = Release|Any CPU
		{16422A3A-E435-4D6B-B0E0-F47EC0CFC705}.Release|Any CPU.Build.0 = Release|Any CPU
		{16422A3A-E435-4D6B-B0E0-F47EC0CFC705}.Release|Mixed Platforms.ActiveCfg = Release|Any CPU
		{16422A3A-E435-4D6B-B0E0-F47EC0CFC705}.Release|Mixed Platforms.Build.0 = Release|Any CPU
		{16422A3A-E435-4D6B-B0E0-F47EC0CFC705}.Release|x86.ActiveCfg = Release|Any CPU
		{16422A3A-E435-4D6B-B0E0-F47EC0CFC705}.Release|x86.Build.0 = Release|Any CPU
		{16422A3A-E435-4D6B-B0E0-F47EC0CFC705}.Stage|Any CPU.ActiveCfg = Release|Any CPU
		{16422A3A-E435-4D6B-B0E0-F47EC0CFC705}.Stage|Any CPU.Build.0 = Release|Any CPU
		{16422A3A-E435-4D6B-B0E0-F47EC0CFC705}.Stage|Mixed Platforms.ActiveCfg = Release|Any CPU
		{16422A3A-E435-4D6B-B0E0-F47EC0CFC705}.Stage|Mixed Platforms.Build.0 = Release|Any CPU
		{16422A3A-E435-4D6B-B0E0-F47EC0CFC705}.Stage|x86.ActiveCfg = Release|Any CPU
		{16422A3A-E435-4D6B-B0E0-F47EC0CFC705}.Stage|x86.Build.0 = Release|Any CPU
		{8933767B-4925-469C-92BC-1C6C37ED7EA8}.Debug MVC2 NET35|Any CPU.ActiveCfg = Debug|Any CPU
		{8933767B-4925-469C-92BC-1C6C37ED7EA8}.Debug MVC2 NET35|Any CPU.Build.0 = Debug|Any CPU
		{8933767B-4925-469C-92BC-1C6C37ED7EA8}.Debug MVC2 NET35|Mixed Platforms.ActiveCfg = Debug|Any CPU
		{8933767B-4925-469C-92BC-1C6C37ED7EA8}.Debug MVC2 NET35|Mixed Platforms.Build.0 = Debug|Any CPU
		{8933767B-4925-469C-92BC-1C6C37ED7EA8}.Debug MVC2 NET35|x86.ActiveCfg = Debug|Any CPU
		{8933767B-4925-469C-92BC-1C6C37ED7EA8}.Debug MVC2 NET35|x86.Build.0 = Debug|Any CPU
		{8933767B-4925-469C-92BC-1C6C37ED7EA8}.Debug|Any CPU.ActiveCfg = Debug|Any CPU
		{8933767B-4925-469C-92BC-1C6C37ED7EA8}.Debug|Any CPU.Build.0 = Debug|Any CPU
		{8933767B-4925-469C-92BC-1C6C37ED7EA8}.Debug|Mixed Platforms.ActiveCfg = Debug|Any CPU
		{8933767B-4925-469C-92BC-1C6C37ED7EA8}.Debug|Mixed Platforms.Build.0 = Debug|Any CPU
		{8933767B-4925-469C-92BC-1C6C37ED7EA8}.Debug|x86.ActiveCfg = Debug|Any CPU
		{8933767B-4925-469C-92BC-1C6C37ED7EA8}.Debug|x86.Build.0 = Debug|Any CPU
		{8933767B-4925-469C-92BC-1C6C37ED7EA8}.Live|Any CPU.ActiveCfg = Release|Any CPU
		{8933767B-4925-469C-92BC-1C6C37ED7EA8}.Live|Any CPU.Build.0 = Release|Any CPU
		{8933767B-4925-469C-92BC-1C6C37ED7EA8}.Live|Mixed Platforms.ActiveCfg = Release|Any CPU
		{8933767B-4925-469C-92BC-1C6C37ED7EA8}.Live|Mixed Platforms.Build.0 = Release|Any CPU
		{8933767B-4925-469C-92BC-1C6C37ED7EA8}.Live|x86.ActiveCfg = Release|Any CPU
		{8933767B-4925-469C-92BC-1C6C37ED7EA8}.Live|x86.Build.0 = Release|Any CPU
		{8933767B-4925-469C-92BC-1C6C37ED7EA8}.Release MVC2 NET35|Any CPU.ActiveCfg = Release|Any CPU
		{8933767B-4925-469C-92BC-1C6C37ED7EA8}.Release MVC2 NET35|Any CPU.Build.0 = Release|Any CPU
		{8933767B-4925-469C-92BC-1C6C37ED7EA8}.Release MVC2 NET35|Mixed Platforms.ActiveCfg = Release|Any CPU
		{8933767B-4925-469C-92BC-1C6C37ED7EA8}.Release MVC2 NET35|Mixed Platforms.Build.0 = Release|Any CPU
		{8933767B-4925-469C-92BC-1C6C37ED7EA8}.Release MVC2 NET35|x86.ActiveCfg = Release|Any CPU
		{8933767B-4925-469C-92BC-1C6C37ED7EA8}.Release MVC2 NET35|x86.Build.0 = Release|Any CPU
		{8933767B-4925-469C-92BC-1C6C37ED7EA8}.Release|Any CPU.ActiveCfg = Release|Any CPU
		{8933767B-4925-469C-92BC-1C6C37ED7EA8}.Release|Any CPU.Build.0 = Release|Any CPU
		{8933767B-4925-469C-92BC-1C6C37ED7EA8}.Release|Mixed Platforms.ActiveCfg = Release|Any CPU
		{8933767B-4925-469C-92BC-1C6C37ED7EA8}.Release|Mixed Platforms.Build.0 = Release|Any CPU
		{8933767B-4925-469C-92BC-1C6C37ED7EA8}.Release|x86.ActiveCfg = Release|Any CPU
		{8933767B-4925-469C-92BC-1C6C37ED7EA8}.Release|x86.Build.0 = Release|Any CPU
		{8933767B-4925-469C-92BC-1C6C37ED7EA8}.Stage|Any CPU.ActiveCfg = Release|Any CPU
		{8933767B-4925-469C-92BC-1C6C37ED7EA8}.Stage|Any CPU.Build.0 = Release|Any CPU
		{8933767B-4925-469C-92BC-1C6C37ED7EA8}.Stage|Mixed Platforms.ActiveCfg = Release|Any CPU
		{8933767B-4925-469C-92BC-1C6C37ED7EA8}.Stage|Mixed Platforms.Build.0 = Release|Any CPU
		{8933767B-4925-469C-92BC-1C6C37ED7EA8}.Stage|x86.ActiveCfg = Release|Any CPU
		{8933767B-4925-469C-92BC-1C6C37ED7EA8}.Stage|x86.Build.0 = Release|Any CPU
		{BCA701FB-1883-4831-8E11-EC55E67E3D31}.Debug MVC2 NET35|Any CPU.ActiveCfg = Debug|Any CPU
		{BCA701FB-1883-4831-8E11-EC55E67E3D31}.Debug MVC2 NET35|Any CPU.Build.0 = Debug|Any CPU
		{BCA701FB-1883-4831-8E11-EC55E67E3D31}.Debug MVC2 NET35|Mixed Platforms.ActiveCfg = Debug|Any CPU
		{BCA701FB-1883-4831-8E11-EC55E67E3D31}.Debug MVC2 NET35|Mixed Platforms.Build.0 = Debug|Any CPU
		{BCA701FB-1883-4831-8E11-EC55E67E3D31}.Debug MVC2 NET35|x86.ActiveCfg = Debug|Any CPU
		{BCA701FB-1883-4831-8E11-EC55E67E3D31}.Debug MVC2 NET35|x86.Build.0 = Debug|Any CPU
		{BCA701FB-1883-4831-8E11-EC55E67E3D31}.Debug|Any CPU.ActiveCfg = Debug|Any CPU
		{BCA701FB-1883-4831-8E11-EC55E67E3D31}.Debug|Any CPU.Build.0 = Debug|Any CPU
		{BCA701FB-1883-4831-8E11-EC55E67E3D31}.Debug|Mixed Platforms.ActiveCfg = Debug|Any CPU
		{BCA701FB-1883-4831-8E11-EC55E67E3D31}.Debug|Mixed Platforms.Build.0 = Debug|Any CPU
		{BCA701FB-1883-4831-8E11-EC55E67E3D31}.Debug|x86.ActiveCfg = Debug|Any CPU
		{BCA701FB-1883-4831-8E11-EC55E67E3D31}.Debug|x86.Build.0 = Debug|Any CPU
		{BCA701FB-1883-4831-8E11-EC55E67E3D31}.Live|Any CPU.ActiveCfg = Release|Any CPU
		{BCA701FB-1883-4831-8E11-EC55E67E3D31}.Live|Any CPU.Build.0 = Release|Any CPU
		{BCA701FB-1883-4831-8E11-EC55E67E3D31}.Live|Mixed Platforms.ActiveCfg = Release|Any CPU
		{BCA701FB-1883-4831-8E11-EC55E67E3D31}.Live|Mixed Platforms.Build.0 = Release|Any CPU
		{BCA701FB-1883-4831-8E11-EC55E67E3D31}.Live|x86.ActiveCfg = Release|Any CPU
		{BCA701FB-1883-4831-8E11-EC55E67E3D31}.Live|x86.Build.0 = Release|Any CPU
		{BCA701FB-1883-4831-8E11-EC55E67E3D31}.Release MVC2 NET35|Any CPU.ActiveCfg = Release|Any CPU
		{BCA701FB-1883-4831-8E11-EC55E67E3D31}.Release MVC2 NET35|Any CPU.Build.0 = Release|Any CPU
		{BCA701FB-1883-4831-8E11-EC55E67E3D31}.Release MVC2 NET35|Mixed Platforms.ActiveCfg = Release|Any CPU
		{BCA701FB-1883-4831-8E11-EC55E67E3D31}.Release MVC2 NET35|Mixed Platforms.Build.0 = Release|Any CPU
		{BCA701FB-1883-4831-8E11-EC55E67E3D31}.Release MVC2 NET35|x86.ActiveCfg = Release|Any CPU
		{BCA701FB-1883-4831-8E11-EC55E67E3D31}.Release MVC2 NET35|x86.Build.0 = Release|Any CPU
		{BCA701FB-1883-4831-8E11-EC55E67E3D31}.Release|Any CPU.ActiveCfg = Release|Any CPU
		{BCA701FB-1883-4831-8E11-EC55E67E3D31}.Release|Any CPU.Build.0 = Release|Any CPU
		{BCA701FB-1883-4831-8E11-EC55E67E3D31}.Release|Mixed Platforms.ActiveCfg = Release|Any CPU
		{BCA701FB-1883-4831-8E11-EC55E67E3D31}.Release|Mixed Platforms.Build.0 = Release|Any CPU
		{BCA701FB-1883-4831-8E11-EC55E67E3D31}.Release|x86.ActiveCfg = Release|Any CPU
		{BCA701FB-1883-4831-8E11-EC55E67E3D31}.Release|x86.Build.0 = Release|Any CPU
		{BCA701FB-1883-4831-8E11-EC55E67E3D31}.Stage|Any CPU.ActiveCfg = Release|Any CPU
		{BCA701FB-1883-4831-8E11-EC55E67E3D31}.Stage|Any CPU.Build.0 = Release|Any CPU
		{BCA701FB-1883-4831-8E11-EC55E67E3D31}.Stage|Mixed Platforms.ActiveCfg = Release|Any CPU
		{BCA701FB-1883-4831-8E11-EC55E67E3D31}.Stage|Mixed Platforms.Build.0 = Release|Any CPU
		{BCA701FB-1883-4831-8E11-EC55E67E3D31}.Stage|x86.ActiveCfg = Release|Any CPU
		{BCA701FB-1883-4831-8E11-EC55E67E3D31}.Stage|x86.Build.0 = Release|Any CPU
		{4936635F-9151-49F8-9017-615B9C828491}.Debug MVC2 NET35|Any CPU.ActiveCfg = Debug|Any CPU
		{4936635F-9151-49F8-9017-615B9C828491}.Debug MVC2 NET35|Any CPU.Build.0 = Debug|Any CPU
		{4936635F-9151-49F8-9017-615B9C828491}.Debug MVC2 NET35|Mixed Platforms.ActiveCfg = Debug|Any CPU
		{4936635F-9151-49F8-9017-615B9C828491}.Debug MVC2 NET35|Mixed Platforms.Build.0 = Debug|Any CPU
		{4936635F-9151-49F8-9017-615B9C828491}.Debug MVC2 NET35|x86.ActiveCfg = Debug|Any CPU
		{4936635F-9151-49F8-9017-615B9C828491}.Debug MVC2 NET35|x86.Build.0 = Debug|Any CPU
		{4936635F-9151-49F8-9017-615B9C828491}.Debug|Any CPU.ActiveCfg = Debug|Any CPU
		{4936635F-9151-49F8-9017-615B9C828491}.Debug|Any CPU.Build.0 = Debug|Any CPU
		{4936635F-9151-49F8-9017-615B9C828491}.Debug|Mixed Platforms.ActiveCfg = Debug|Any CPU
		{4936635F-9151-49F8-9017-615B9C828491}.Debug|Mixed Platforms.Build.0 = Debug|Any CPU
		{4936635F-9151-49F8-9017-615B9C828491}.Debug|x86.ActiveCfg = Debug|Any CPU
		{4936635F-9151-49F8-9017-615B9C828491}.Debug|x86.Build.0 = Debug|Any CPU
		{4936635F-9151-49F8-9017-615B9C828491}.Live|Any CPU.ActiveCfg = Live|Any CPU
		{4936635F-9151-49F8-9017-615B9C828491}.Live|Any CPU.Build.0 = Live|Any CPU
		{4936635F-9151-49F8-9017-615B9C828491}.Live|Mixed Platforms.ActiveCfg = Live|Any CPU
		{4936635F-9151-49F8-9017-615B9C828491}.Live|Mixed Platforms.Build.0 = Live|Any CPU
		{4936635F-9151-49F8-9017-615B9C828491}.Live|x86.ActiveCfg = Live|Any CPU
		{4936635F-9151-49F8-9017-615B9C828491}.Live|x86.Build.0 = Live|Any CPU
		{4936635F-9151-49F8-9017-615B9C828491}.Release MVC2 NET35|Any CPU.ActiveCfg = Release|Any CPU
		{4936635F-9151-49F8-9017-615B9C828491}.Release MVC2 NET35|Any CPU.Build.0 = Release|Any CPU
		{4936635F-9151-49F8-9017-615B9C828491}.Release MVC2 NET35|Mixed Platforms.ActiveCfg = Release|Any CPU
		{4936635F-9151-49F8-9017-615B9C828491}.Release MVC2 NET35|Mixed Platforms.Build.0 = Release|Any CPU
		{4936635F-9151-49F8-9017-615B9C828491}.Release MVC2 NET35|x86.ActiveCfg = Release|Any CPU
		{4936635F-9151-49F8-9017-615B9C828491}.Release MVC2 NET35|x86.Build.0 = Release|Any CPU
		{4936635F-9151-49F8-9017-615B9C828491}.Release|Any CPU.ActiveCfg = Release|Any CPU
		{4936635F-9151-49F8-9017-615B9C828491}.Release|Any CPU.Build.0 = Release|Any CPU
		{4936635F-9151-49F8-9017-615B9C828491}.Release|Mixed Platforms.ActiveCfg = Release|Any CPU
		{4936635F-9151-49F8-9017-615B9C828491}.Release|Mixed Platforms.Build.0 = Release|Any CPU
		{4936635F-9151-49F8-9017-615B9C828491}.Release|x86.ActiveCfg = Release|Any CPU
		{4936635F-9151-49F8-9017-615B9C828491}.Release|x86.Build.0 = Release|Any CPU
		{4936635F-9151-49F8-9017-615B9C828491}.Stage|Any CPU.ActiveCfg = Stage|Any CPU
		{4936635F-9151-49F8-9017-615B9C828491}.Stage|Any CPU.Build.0 = Stage|Any CPU
		{4936635F-9151-49F8-9017-615B9C828491}.Stage|Mixed Platforms.ActiveCfg = Stage|Any CPU
		{4936635F-9151-49F8-9017-615B9C828491}.Stage|Mixed Platforms.Build.0 = Stage|Any CPU
		{4936635F-9151-49F8-9017-615B9C828491}.Stage|x86.ActiveCfg = Stage|Any CPU
		{4936635F-9151-49F8-9017-615B9C828491}.Stage|x86.Build.0 = Stage|Any CPU
		{ABA32EEB-7B9A-4BD8-973B-CD483F076237}.Debug MVC2 NET35|Any CPU.ActiveCfg = Debug|Any CPU
		{ABA32EEB-7B9A-4BD8-973B-CD483F076237}.Debug MVC2 NET35|Any CPU.Build.0 = Debug|Any CPU
		{ABA32EEB-7B9A-4BD8-973B-CD483F076237}.Debug MVC2 NET35|Mixed Platforms.ActiveCfg = Debug|Any CPU
		{ABA32EEB-7B9A-4BD8-973B-CD483F076237}.Debug MVC2 NET35|Mixed Platforms.Build.0 = Debug|Any CPU
		{ABA32EEB-7B9A-4BD8-973B-CD483F076237}.Debug MVC2 NET35|x86.ActiveCfg = Debug|Any CPU
		{ABA32EEB-7B9A-4BD8-973B-CD483F076237}.Debug MVC2 NET35|x86.Build.0 = Debug|Any CPU
		{ABA32EEB-7B9A-4BD8-973B-CD483F076237}.Debug|Any CPU.ActiveCfg = Debug|Any CPU
		{ABA32EEB-7B9A-4BD8-973B-CD483F076237}.Debug|Any CPU.Build.0 = Debug|Any CPU
		{ABA32EEB-7B9A-4BD8-973B-CD483F076237}.Debug|Mixed Platforms.ActiveCfg = Debug|Any CPU
		{ABA32EEB-7B9A-4BD8-973B-CD483F076237}.Debug|Mixed Platforms.Build.0 = Debug|Any CPU
		{ABA32EEB-7B9A-4BD8-973B-CD483F076237}.Debug|x86.ActiveCfg = Debug|Any CPU
		{ABA32EEB-7B9A-4BD8-973B-CD483F076237}.Debug|x86.Build.0 = Debug|Any CPU
		{ABA32EEB-7B9A-4BD8-973B-CD483F076237}.Live|Any CPU.ActiveCfg = Live|Any CPU
		{ABA32EEB-7B9A-4BD8-973B-CD483F076237}.Live|Any CPU.Build.0 = Live|Any CPU
		{ABA32EEB-7B9A-4BD8-973B-CD483F076237}.Live|Mixed Platforms.ActiveCfg = Live|Any CPU
		{ABA32EEB-7B9A-4BD8-973B-CD483F076237}.Live|Mixed Platforms.Build.0 = Live|Any CPU
		{ABA32EEB-7B9A-4BD8-973B-CD483F076237}.Live|x86.ActiveCfg = Live|Any CPU
		{ABA32EEB-7B9A-4BD8-973B-CD483F076237}.Live|x86.Build.0 = Live|Any CPU
		{ABA32EEB-7B9A-4BD8-973B-CD483F076237}.Release MVC2 NET35|Any CPU.ActiveCfg = Release|Any CPU
		{ABA32EEB-7B9A-4BD8-973B-CD483F076237}.Release MVC2 NET35|Any CPU.Build.0 = Release|Any CPU
		{ABA32EEB-7B9A-4BD8-973B-CD483F076237}.Release MVC2 NET35|Mixed Platforms.ActiveCfg = Release|Any CPU
		{ABA32EEB-7B9A-4BD8-973B-CD483F076237}.Release MVC2 NET35|Mixed Platforms.Build.0 = Release|Any CPU
		{ABA32EEB-7B9A-4BD8-973B-CD483F076237}.Release MVC2 NET35|x86.ActiveCfg = Release|Any CPU
		{ABA32EEB-7B9A-4BD8-973B-CD483F076237}.Release MVC2 NET35|x86.Build.0 = Release|Any CPU
		{ABA32EEB-7B9A-4BD8-973B-CD483F076237}.Release|Any CPU.ActiveCfg = Release|Any CPU
		{ABA32EEB-7B9A-4BD8-973B-CD483F076237}.Release|Any CPU.Build.0 = Release|Any CPU
		{ABA32EEB-7B9A-4BD8-973B-CD483F076237}.Release|Mixed Platforms.ActiveCfg = Release|Any CPU
		{ABA32EEB-7B9A-4BD8-973B-CD483F076237}.Release|Mixed Platforms.Build.0 = Release|Any CPU
		{ABA32EEB-7B9A-4BD8-973B-CD483F076237}.Release|x86.ActiveCfg = Release|Any CPU
		{ABA32EEB-7B9A-4BD8-973B-CD483F076237}.Release|x86.Build.0 = Release|Any CPU
		{ABA32EEB-7B9A-4BD8-973B-CD483F076237}.Stage|Any CPU.ActiveCfg = Stage|Any CPU
		{ABA32EEB-7B9A-4BD8-973B-CD483F076237}.Stage|Any CPU.Build.0 = Stage|Any CPU
		{ABA32EEB-7B9A-4BD8-973B-CD483F076237}.Stage|Mixed Platforms.ActiveCfg = Stage|Any CPU
		{ABA32EEB-7B9A-4BD8-973B-CD483F076237}.Stage|Mixed Platforms.Build.0 = Stage|Any CPU
		{ABA32EEB-7B9A-4BD8-973B-CD483F076237}.Stage|x86.ActiveCfg = Stage|Any CPU
		{ABA32EEB-7B9A-4BD8-973B-CD483F076237}.Stage|x86.Build.0 = Stage|Any CPU
		{CC2A4EAB-777F-4B3C-8898-6FA1D00B2F7C}.Debug MVC2 NET35|Any CPU.ActiveCfg = Debug|Any CPU
		{CC2A4EAB-777F-4B3C-8898-6FA1D00B2F7C}.Debug MVC2 NET35|Any CPU.Build.0 = Debug|Any CPU
		{CC2A4EAB-777F-4B3C-8898-6FA1D00B2F7C}.Debug MVC2 NET35|Mixed Platforms.ActiveCfg = Debug|Any CPU
		{CC2A4EAB-777F-4B3C-8898-6FA1D00B2F7C}.Debug MVC2 NET35|Mixed Platforms.Build.0 = Debug|Any CPU
		{CC2A4EAB-777F-4B3C-8898-6FA1D00B2F7C}.Debug MVC2 NET35|x86.ActiveCfg = Debug|Any CPU
		{CC2A4EAB-777F-4B3C-8898-6FA1D00B2F7C}.Debug MVC2 NET35|x86.Build.0 = Debug|Any CPU
		{CC2A4EAB-777F-4B3C-8898-6FA1D00B2F7C}.Debug|Any CPU.ActiveCfg = Debug|Any CPU
		{CC2A4EAB-777F-4B3C-8898-6FA1D00B2F7C}.Debug|Any CPU.Build.0 = Debug|Any CPU
		{CC2A4EAB-777F-4B3C-8898-6FA1D00B2F7C}.Debug|Mixed Platforms.ActiveCfg = Debug|Any CPU
		{CC2A4EAB-777F-4B3C-8898-6FA1D00B2F7C}.Debug|Mixed Platforms.Build.0 = Debug|Any CPU
		{CC2A4EAB-777F-4B3C-8898-6FA1D00B2F7C}.Debug|x86.ActiveCfg = Debug|Any CPU
		{CC2A4EAB-777F-4B3C-8898-6FA1D00B2F7C}.Debug|x86.Build.0 = Debug|Any CPU
		{CC2A4EAB-777F-4B3C-8898-6FA1D00B2F7C}.Live|Any CPU.ActiveCfg = Release|Any CPU
		{CC2A4EAB-777F-4B3C-8898-6FA1D00B2F7C}.Live|Any CPU.Build.0 = Release|Any CPU
		{CC2A4EAB-777F-4B3C-8898-6FA1D00B2F7C}.Live|Mixed Platforms.ActiveCfg = Release|Any CPU
		{CC2A4EAB-777F-4B3C-8898-6FA1D00B2F7C}.Live|Mixed Platforms.Build.0 = Release|Any CPU
		{CC2A4EAB-777F-4B3C-8898-6FA1D00B2F7C}.Live|x86.ActiveCfg = Release|Any CPU
		{CC2A4EAB-777F-4B3C-8898-6FA1D00B2F7C}.Live|x86.Build.0 = Release|Any CPU
		{CC2A4EAB-777F-4B3C-8898-6FA1D00B2F7C}.Release MVC2 NET35|Any CPU.ActiveCfg = Release|Any CPU
		{CC2A4EAB-777F-4B3C-8898-6FA1D00B2F7C}.Release MVC2 NET35|Any CPU.Build.0 = Release|Any CPU
		{CC2A4EAB-777F-4B3C-8898-6FA1D00B2F7C}.Release MVC2 NET35|Mixed Platforms.ActiveCfg = Release|Any CPU
		{CC2A4EAB-777F-4B3C-8898-6FA1D00B2F7C}.Release MVC2 NET35|Mixed Platforms.Build.0 = Release|Any CPU
		{CC2A4EAB-777F-4B3C-8898-6FA1D00B2F7C}.Release MVC2 NET35|x86.ActiveCfg = Release|Any CPU
		{CC2A4EAB-777F-4B3C-8898-6FA1D00B2F7C}.Release MVC2 NET35|x86.Build.0 = Release|Any CPU
		{CC2A4EAB-777F-4B3C-8898-6FA1D00B2F7C}.Release|Any CPU.ActiveCfg = Release|Any CPU
		{CC2A4EAB-777F-4B3C-8898-6FA1D00B2F7C}.Release|Any CPU.Build.0 = Release|Any CPU
		{CC2A4EAB-777F-4B3C-8898-6FA1D00B2F7C}.Release|Mixed Platforms.ActiveCfg = Release|Any CPU
		{CC2A4EAB-777F-4B3C-8898-6FA1D00B2F7C}.Release|Mixed Platforms.Build.0 = Release|Any CPU
		{CC2A4EAB-777F-4B3C-8898-6FA1D00B2F7C}.Release|x86.ActiveCfg = Release|Any CPU
		{CC2A4EAB-777F-4B3C-8898-6FA1D00B2F7C}.Release|x86.Build.0 = Release|Any CPU
		{CC2A4EAB-777F-4B3C-8898-6FA1D00B2F7C}.Stage|Any CPU.ActiveCfg = Release|Any CPU
		{CC2A4EAB-777F-4B3C-8898-6FA1D00B2F7C}.Stage|Any CPU.Build.0 = Release|Any CPU
		{CC2A4EAB-777F-4B3C-8898-6FA1D00B2F7C}.Stage|Mixed Platforms.ActiveCfg = Release|Any CPU
		{CC2A4EAB-777F-4B3C-8898-6FA1D00B2F7C}.Stage|Mixed Platforms.Build.0 = Release|Any CPU
		{CC2A4EAB-777F-4B3C-8898-6FA1D00B2F7C}.Stage|x86.ActiveCfg = Release|Any CPU
		{CC2A4EAB-777F-4B3C-8898-6FA1D00B2F7C}.Stage|x86.Build.0 = Release|Any CPU
	EndGlobalSection
	GlobalSection(SolutionProperties) = preSolution
		HideSolutionNode = FALSE
	EndGlobalSection
	GlobalSection(NestedProjects) = preSolution
		{139761C3-ED79-4639-A0AF-EFFD8CB47520} = {72576EEC-260F-4C03-956A-C34F82A9EBF6}
		{29F328EC-B4FF-4718-BCED-2F14DF3C03EE} = {66D59A66-0C4D-48E7-BA6D-0541ECD29F9A}
		{15DD66E8-2323-43C8-A5EF-7FC84B9C6047} = {66D59A66-0C4D-48E7-BA6D-0541ECD29F9A}
		{22953175-3556-4B88-8AAB-F6C326DCF4F7} = {66D59A66-0C4D-48E7-BA6D-0541ECD29F9A}
		{BD9A445E-8510-489D-8001-409B777C46CD} = {F77A9BEF-3EF5-4AA7-ACA6-403145FA2382}
		{F4D41148-04F7-4FAD-A6A5-E8206D9E1C54} = {F77A9BEF-3EF5-4AA7-ACA6-403145FA2382}
		{F4459B8F-FA58-49AD-8E24-CFFDAD8BCFEB} = {66D59A66-0C4D-48E7-BA6D-0541ECD29F9A}
		{0C4AF318-2BF0-4955-A203-7E3D7901FB94} = {66D59A66-0C4D-48E7-BA6D-0541ECD29F9A}
		{EF2D4629-0507-4DA8-B275-AB171C359943} = {66D59A66-0C4D-48E7-BA6D-0541ECD29F9A}
		{2376F4DB-61DF-4440-BAB7-5740E06CD945} = {4ACC2102-63AD-4FEC-B5FB-4A942704BC53}
		{16422A3A-E435-4D6B-B0E0-F47EC0CFC705} = {4ACC2102-63AD-4FEC-B5FB-4A942704BC53}
		{8933767B-4925-469C-92BC-1C6C37ED7EA8} = {4ACC2102-63AD-4FEC-B5FB-4A942704BC53}
		{BCA701FB-1883-4831-8E11-EC55E67E3D31} = {4ACC2102-63AD-4FEC-B5FB-4A942704BC53}
	EndGlobalSection
	GlobalSection(TestCaseManagementSettings) = postSolution
		CategoryFile = QP8.vsmdi
	EndGlobalSection
EndGlobal
